// !$*UTF8*$!
{
	archiveVersion = 1;
	classes = {
	};
	objectVersion = 54;
	objects = {

/* Begin PBXBuildFile section */
		049B75822EAA282D00A571F7 /* StoreKit.framework in Frameworks */ = {isa = PBXBuildFile; fileRef = 049B75812EAA282D00A571F7 /* StoreKit.framework */; };
		10417CEDA7214624921CC0B2 /* MainInterface.storyboard in Resources */ = {isa = PBXBuildFile; fileRef = E5084D86670C470FBBCED605 /* MainInterface.storyboard */; };
		13B07FBF1A68108700A75B9A /* Images.xcassets in Resources */ = {isa = PBXBuildFile; fileRef = 13B07FB51A68108700A75B9A /* Images.xcassets */; };
		1BEF60D2DDE8434D9A14377D /* PrivacyInfo.xcprivacy in Resources */ = {isa = PBXBuildFile; fileRef = BD7C88D506854AEFBE3A8BCA /* PrivacyInfo.xcprivacy */; };
		22CB03B6153D47728A22DC78 /* Inter-BlackItalic.otf in Resources */ = {isa = PBXBuildFile; fileRef = 3B1AB3813D594C7BAF48B901 /* Inter-BlackItalic.otf */; };
		30CEA7951BDC48119CE49682 /* Inter-SemiBoldItalic.otf in Resources */ = {isa = PBXBuildFile; fileRef = DCCA74DAB8B6481E87E331DA /* Inter-SemiBoldItalic.otf */; };
		325988DA2EB04BEEA3565985 /* Inter-LightItalic.otf in Resources */ = {isa = PBXBuildFile; fileRef = 489916DE2C764D7DAC5A55C3 /* Inter-LightItalic.otf */; };
		3D74FFC348B04ECDB6315B24 /* Inter-Thin.otf in Resources */ = {isa = PBXBuildFile; fileRef = 95DF6C1BD56B4EAEAC32E9E6 /* Inter-Thin.otf */; };
		3E461D99554A48A4959DE609 /* SplashScreen.storyboard in Resources */ = {isa = PBXBuildFile; fileRef = AA286B85B6C04FC6940260E9 /* SplashScreen.storyboard */; };
		4A42EF73D20444D38BB60554 /* PrivacyInfo.xcprivacy in Resources */ = {isa = PBXBuildFile; fileRef = 747112F706784BBD8885DB7A /* PrivacyInfo.xcprivacy */; };
		4A75D67C37D94C9FBCE13374 /* Inter-ExtraBoldItalic.otf in Resources */ = {isa = PBXBuildFile; fileRef = 7DCCBCC537CE445C9EF06021 /* Inter-ExtraBoldItalic.otf */; };
		5006710017AD460FA970A7DE /* Inter-ThinItalic.otf in Resources */ = {isa = PBXBuildFile; fileRef = 1E7A9A0D49394D61BCAED316 /* Inter-ThinItalic.otf */; };
		6009C461790A8BE421E08766 /* libPods-Justnote.a in Frameworks */ = {isa = PBXBuildFile; fileRef = 0F804932BB81907CCE002D18 /* libPods-Justnote.a */; };
		885E246D451B4FF787E31CAD /* Inter-Regular.otf in Resources */ = {isa = PBXBuildFile; fileRef = 168D6AFD8D9547E1B11C0467 /* Inter-Regular.otf */; };
		9D11994A9A8A4DF5A4AD8B21 /* Inter-Italic.otf in Resources */ = {isa = PBXBuildFile; fileRef = CCC854EB90F4412E82C00B1E /* Inter-Italic.otf */; };
		9E3FB891C745495E83A4DA26 /* ShareExtensionPreprocessor.js in Resources */ = {isa = PBXBuildFile; fileRef = DB33E59AB716412DAFA99817 /* ShareExtensionPreprocessor.js */; };
		A3D0CD0447C34B95AAE44A00 /* Inter-Black.otf in Resources */ = {isa = PBXBuildFile; fileRef = 75BF4C292D624C5BA14C8B5D /* Inter-Black.otf */; };
		A51A30C9715C415AAE50976F /* Inter-MediumItalic.otf in Resources */ = {isa = PBXBuildFile; fileRef = 5E75C083F3F8488E9E8A28EF /* Inter-MediumItalic.otf */; };
		A5618CF136C74671ABBE6E10 /* Inter-ExtraLightItalic.otf in Resources */ = {isa = PBXBuildFile; fileRef = A635F879DEED4B6E9290C39D /* Inter-ExtraLightItalic.otf */; };
		AC793F24828540B4A9CDA9E7 /* Inter-ExtraBold.otf in Resources */ = {isa = PBXBuildFile; fileRef = 2A8684E7B1C5418CBB33539D /* Inter-ExtraBold.otf */; };
		B4515BAD75004CA9AB2D2DB8 /* Inter-Bold.otf in Resources */ = {isa = PBXBuildFile; fileRef = AB6433EECA9A4F3DA7FF63E8 /* Inter-Bold.otf */; };
		B67B4906D00847B09A01C331 /* Inter-BoldItalic.otf in Resources */ = {isa = PBXBuildFile; fileRef = 65AC7201F924403595556F59 /* Inter-BoldItalic.otf */; };
		BB2F792D24A3F905000567C9 /* Expo.plist in Resources */ = {isa = PBXBuildFile; fileRef = BB2F792C24A3F905000567C9 /* Expo.plist */; };
		C82F621561444256A0A32821 /* Inter-ExtraLight.otf in Resources */ = {isa = PBXBuildFile; fileRef = F17547BA2E274761A1303C0C /* Inter-ExtraLight.otf */; };
		C9A3F72B31144AB8AE10B5F6 /* Inter-Medium.otf in Resources */ = {isa = PBXBuildFile; fileRef = 5DD764B8194A4B79A110CDDC /* Inter-Medium.otf */; };
		D24D6FC25D89FF051760E7A3 /* ExpoModulesProvider.swift in Sources */ = {isa = PBXBuildFile; fileRef = 9561801597A4E8C154084DF1 /* ExpoModulesProvider.swift */; };
		D71C8237318A4773B4B25D21 /* Inter-SemiBold.otf in Resources */ = {isa = PBXBuildFile; fileRef = 213AE378F3C34C43B365542F /* Inter-SemiBold.otf */; };
		D77A516DAEA24A9D8494497B /* SavetoJustnote.appex in Copy Files */ = {isa = PBXBuildFile; fileRef = C58C04579E474FA683CEB4EC /* SavetoJustnote.appex */; };
		E1B82E3890FF4C898676D7B8 /* ShareViewController.swift in Sources */ = {isa = PBXBuildFile; fileRef = F2DAB7A38B244B77801EDEA8 /* ShareViewController.swift */; };
		F11748422D0307B40044C1D9 /* AppDelegate.swift in Sources */ = {isa = PBXBuildFile; fileRef = F11748412D0307B40044C1D9 /* AppDelegate.swift */; };
		FF3D280650744820AD17091D /* Inter-Light.otf in Resources */ = {isa = PBXBuildFile; fileRef = A95F67F4468241F3B669FBB8 /* Inter-Light.otf */; };
/* End PBXBuildFile section */

/* Begin PBXContainerItemProxy section */
		049B75832EAA283C00A571F7 /* PBXContainerItemProxy */ = {
			isa = PBXContainerItemProxy;
			containerPortal = 83CBB9F71A601CBA00E9B192 /* Project object */;
			proxyType = 1;
			remoteGlobalIDString = 708249F2512440CB832B02CC;
			remoteInfo = SavetoJustnote;
		};
/* End PBXContainerItemProxy section */

/* Begin PBXCopyFilesBuildPhase section */
		5AEB43336B7B4F47A54ADC95 /* Copy Files */ = {
			isa = PBXCopyFilesBuildPhase;
			buildActionMask = 2147483647;
			dstPath = "";
			dstSubfolderSpec = 13;
			files = (
				D77A516DAEA24A9D8494497B /* SavetoJustnote.appex in Copy Files */,
			);
			name = "Copy Files";
			runOnlyForDeploymentPostprocessing = 0;
		};
/* End PBXCopyFilesBuildPhase section */

/* Begin PBXFileReference section */
		049B75812EAA282D00A571F7 /* StoreKit.framework */ = {isa = PBXFileReference; lastKnownFileType = wrapper.framework; name = StoreKit.framework; path = System/Library/Frameworks/StoreKit.framework; sourceTree = SDKROOT; };
		0F804932BB81907CCE002D18 /* libPods-Justnote.a */ = {isa = PBXFileReference; explicitFileType = archive.ar; includeInIndex = 0; path = "libPods-Justnote.a"; sourceTree = BUILT_PRODUCTS_DIR; };
		13B07F961A680F5B00A75B9A /* Justnote.app */ = {isa = PBXFileReference; explicitFileType = wrapper.application; includeInIndex = 0; path = Justnote.app; sourceTree = BUILT_PRODUCTS_DIR; };
		13B07FB51A68108700A75B9A /* Images.xcassets */ = {isa = PBXFileReference; lastKnownFileType = folder.assetcatalog; name = Images.xcassets; path = Justnote/Images.xcassets; sourceTree = "<group>"; };
		13B07FB61A68108700A75B9A /* Info.plist */ = {isa = PBXFileReference; fileEncoding = 4; lastKnownFileType = text.plist.xml; name = Info.plist; path = Justnote/Info.plist; sourceTree = "<group>"; };
		168D6AFD8D9547E1B11C0467 /* Inter-Regular.otf */ = {isa = PBXFileReference; explicitFileType = undefined; fileEncoding = 9; includeInIndex = 0; lastKnownFileType = unknown; name = "Inter-Regular.otf"; path = "../src/fonts/Inter/Inter-Regular.otf"; sourceTree = "<group>"; };
		1E7A9A0D49394D61BCAED316 /* Inter-ThinItalic.otf */ = {isa = PBXFileReference; explicitFileType = undefined; fileEncoding = 9; includeInIndex = 0; lastKnownFileType = unknown; name = "Inter-ThinItalic.otf"; path = "../src/fonts/Inter/Inter-ThinItalic.otf"; sourceTree = "<group>"; };
		213AE378F3C34C43B365542F /* Inter-SemiBold.otf */ = {isa = PBXFileReference; explicitFileType = undefined; fileEncoding = 9; includeInIndex = 0; lastKnownFileType = unknown; name = "Inter-SemiBold.otf"; path = "../src/fonts/Inter/Inter-SemiBold.otf"; sourceTree = "<group>"; };
		2A8684E7B1C5418CBB33539D /* Inter-ExtraBold.otf */ = {isa = PBXFileReference; explicitFileType = undefined; fileEncoding = 9; includeInIndex = 0; lastKnownFileType = unknown; name = "Inter-ExtraBold.otf"; path = "../src/fonts/Inter/Inter-ExtraBold.otf"; sourceTree = "<group>"; };
		3B1AB3813D594C7BAF48B901 /* Inter-BlackItalic.otf */ = {isa = PBXFileReference; explicitFileType = undefined; fileEncoding = 9; includeInIndex = 0; lastKnownFileType = unknown; name = "Inter-BlackItalic.otf"; path = "../src/fonts/Inter/Inter-BlackItalic.otf"; sourceTree = "<group>"; };
		489916DE2C764D7DAC5A55C3 /* Inter-LightItalic.otf */ = {isa = PBXFileReference; explicitFileType = undefined; fileEncoding = 9; includeInIndex = 0; lastKnownFileType = unknown; name = "Inter-LightItalic.otf"; path = "../src/fonts/Inter/Inter-LightItalic.otf"; sourceTree = "<group>"; };
		5DD764B8194A4B79A110CDDC /* Inter-Medium.otf */ = {isa = PBXFileReference; explicitFileType = undefined; fileEncoding = 9; includeInIndex = 0; lastKnownFileType = unknown; name = "Inter-Medium.otf"; path = "../src/fonts/Inter/Inter-Medium.otf"; sourceTree = "<group>"; };
		5E75C083F3F8488E9E8A28EF /* Inter-MediumItalic.otf */ = {isa = PBXFileReference; explicitFileType = undefined; fileEncoding = 9; includeInIndex = 0; lastKnownFileType = unknown; name = "Inter-MediumItalic.otf"; path = "../src/fonts/Inter/Inter-MediumItalic.otf"; sourceTree = "<group>"; };
		65AC7201F924403595556F59 /* Inter-BoldItalic.otf */ = {isa = PBXFileReference; explicitFileType = undefined; fileEncoding = 9; includeInIndex = 0; lastKnownFileType = unknown; name = "Inter-BoldItalic.otf"; path = "../src/fonts/Inter/Inter-BoldItalic.otf"; sourceTree = "<group>"; };
		747112F706784BBD8885DB7A /* PrivacyInfo.xcprivacy */ = {isa = PBXFileReference; explicitFileType = undefined; fileEncoding = 9; includeInIndex = 0; lastKnownFileType = unknown; name = PrivacyInfo.xcprivacy; path = Justnote/PrivacyInfo.xcprivacy; sourceTree = "<group>"; };
		75BF4C292D624C5BA14C8B5D /* Inter-Black.otf */ = {isa = PBXFileReference; explicitFileType = undefined; fileEncoding = 9; includeInIndex = 0; lastKnownFileType = unknown; name = "Inter-Black.otf"; path = "../src/fonts/Inter/Inter-Black.otf"; sourceTree = "<group>"; };
		7DCCBCC537CE445C9EF06021 /* Inter-ExtraBoldItalic.otf */ = {isa = PBXFileReference; explicitFileType = undefined; fileEncoding = 9; includeInIndex = 0; lastKnownFileType = unknown; name = "Inter-ExtraBoldItalic.otf"; path = "../src/fonts/Inter/Inter-ExtraBoldItalic.otf"; sourceTree = "<group>"; };
		9561801597A4E8C154084DF1 /* ExpoModulesProvider.swift */ = {isa = PBXFileReference; includeInIndex = 1; lastKnownFileType = sourcecode.swift; name = ExpoModulesProvider.swift; path = "Pods/Target Support Files/Pods-Justnote/ExpoModulesProvider.swift"; sourceTree = "<group>"; };
		95DF6C1BD56B4EAEAC32E9E6 /* Inter-Thin.otf */ = {isa = PBXFileReference; explicitFileType = undefined; fileEncoding = 9; includeInIndex = 0; lastKnownFileType = unknown; name = "Inter-Thin.otf"; path = "../src/fonts/Inter/Inter-Thin.otf"; sourceTree = "<group>"; };
		A635F879DEED4B6E9290C39D /* Inter-ExtraLightItalic.otf */ = {isa = PBXFileReference; explicitFileType = undefined; fileEncoding = 9; includeInIndex = 0; lastKnownFileType = unknown; name = "Inter-ExtraLightItalic.otf"; path = "../src/fonts/Inter/Inter-ExtraLightItalic.otf"; sourceTree = "<group>"; };
		A95F67F4468241F3B669FBB8 /* Inter-Light.otf */ = {isa = PBXFileReference; explicitFileType = undefined; fileEncoding = 9; includeInIndex = 0; lastKnownFileType = unknown; name = "Inter-Light.otf"; path = "../src/fonts/Inter/Inter-Light.otf"; sourceTree = "<group>"; };
		AA286B85B6C04FC6940260E9 /* SplashScreen.storyboard */ = {isa = PBXFileReference; fileEncoding = 4; lastKnownFileType = file.storyboard; name = SplashScreen.storyboard; path = Justnote/SplashScreen.storyboard; sourceTree = "<group>"; };
		AB6433EECA9A4F3DA7FF63E8 /* Inter-Bold.otf */ = {isa = PBXFileReference; explicitFileType = undefined; fileEncoding = 9; includeInIndex = 0; lastKnownFileType = unknown; name = "Inter-Bold.otf"; path = "../src/fonts/Inter/Inter-Bold.otf"; sourceTree = "<group>"; };
		BB2F792C24A3F905000567C9 /* Expo.plist */ = {isa = PBXFileReference; fileEncoding = 4; lastKnownFileType = text.plist.xml; path = Expo.plist; sourceTree = "<group>"; };
		BD7C88D506854AEFBE3A8BCA /* PrivacyInfo.xcprivacy */ = {isa = PBXFileReference; explicitFileType = undefined; fileEncoding = 9; includeInIndex = 0; lastKnownFileType = text.xml; name = PrivacyInfo.xcprivacy; path = SavetoJustnote/PrivacyInfo.xcprivacy; sourceTree = "<group>"; };
		C24DFE600467033220448B9E /* Pods-Justnote.debug.xcconfig */ = {isa = PBXFileReference; includeInIndex = 1; lastKnownFileType = text.xcconfig; name = "Pods-Justnote.debug.xcconfig"; path = "Target Support Files/Pods-Justnote/Pods-Justnote.debug.xcconfig"; sourceTree = "<group>"; };
		C58C04579E474FA683CEB4EC /* SavetoJustnote.appex */ = {isa = PBXFileReference; explicitFileType = "wrapper.app-extension"; fileEncoding = 9; includeInIndex = 0; path = SavetoJustnote.appex; sourceTree = BUILT_PRODUCTS_DIR; };
		CCC854EB90F4412E82C00B1E /* Inter-Italic.otf */ = {isa = PBXFileReference; explicitFileType = undefined; fileEncoding = 9; includeInIndex = 0; lastKnownFileType = unknown; name = "Inter-Italic.otf"; path = "../src/fonts/Inter/Inter-Italic.otf"; sourceTree = "<group>"; };
		D3EFCA7ED28D94DEAE999FCF /* Pods-Justnote.release.xcconfig */ = {isa = PBXFileReference; includeInIndex = 1; lastKnownFileType = text.xcconfig; name = "Pods-Justnote.release.xcconfig"; path = "Target Support Files/Pods-Justnote/Pods-Justnote.release.xcconfig"; sourceTree = "<group>"; };
		DB33E59AB716412DAFA99817 /* ShareExtensionPreprocessor.js */ = {isa = PBXFileReference; explicitFileType = undefined; fileEncoding = 9; includeInIndex = 0; lastKnownFileType = sourcecode.javascript; name = ShareExtensionPreprocessor.js; path = SavetoJustnote/ShareExtensionPreprocessor.js; sourceTree = "<group>"; };
		DCCA74DAB8B6481E87E331DA /* Inter-SemiBoldItalic.otf */ = {isa = PBXFileReference; explicitFileType = undefined; fileEncoding = 9; includeInIndex = 0; lastKnownFileType = unknown; name = "Inter-SemiBoldItalic.otf"; path = "../src/fonts/Inter/Inter-SemiBoldItalic.otf"; sourceTree = "<group>"; };
		E5084D86670C470FBBCED605 /* MainInterface.storyboard */ = {isa = PBXFileReference; explicitFileType = undefined; fileEncoding = 9; includeInIndex = 0; lastKnownFileType = file.storyboard; name = MainInterface.storyboard; path = SavetoJustnote/MainInterface.storyboard; sourceTree = "<group>"; };
		ED297162215061F000B7C4FE /* JavaScriptCore.framework */ = {isa = PBXFileReference; lastKnownFileType = wrapper.framework; name = JavaScriptCore.framework; path = System/Library/Frameworks/JavaScriptCore.framework; sourceTree = SDKROOT; };
		F11748412D0307B40044C1D9 /* AppDelegate.swift */ = {isa = PBXFileReference; lastKnownFileType = sourcecode.swift; name = AppDelegate.swift; path = Justnote/AppDelegate.swift; sourceTree = "<group>"; };
		F11748442D0722820044C1D9 /* Justnote-Bridging-Header.h */ = {isa = PBXFileReference; lastKnownFileType = sourcecode.c.h; name = "Justnote-Bridging-Header.h"; path = "Justnote/Justnote-Bridging-Header.h"; sourceTree = "<group>"; };
		F17547BA2E274761A1303C0C /* Inter-ExtraLight.otf */ = {isa = PBXFileReference; explicitFileType = undefined; fileEncoding = 9; includeInIndex = 0; lastKnownFileType = unknown; name = "Inter-ExtraLight.otf"; path = "../src/fonts/Inter/Inter-ExtraLight.otf"; sourceTree = "<group>"; };
		F2DAB7A38B244B77801EDEA8 /* ShareViewController.swift */ = {isa = PBXFileReference; explicitFileType = undefined; fileEncoding = 4; includeInIndex = 0; lastKnownFileType = sourcecode.swift; name = ShareViewController.swift; path = SavetoJustnote/ShareViewController.swift; sourceTree = "<group>"; };
/* End PBXFileReference section */

/* Begin PBXFrameworksBuildPhase section */
		13B07F8C1A680F5B00A75B9A /* Frameworks */ = {
			isa = PBXFrameworksBuildPhase;
			buildActionMask = 2147483647;
			files = (
				6009C461790A8BE421E08766 /* libPods-Justnote.a in Frameworks */,
				049B75822EAA282D00A571F7 /* StoreKit.framework in Frameworks */,
			);
			runOnlyForDeploymentPostprocessing = 0;
		};
/* End PBXFrameworksBuildPhase section */

/* Begin PBXGroup section */
		049B75802EAA266E00A571F7 /* Recovered References */ = {
			isa = PBXGroup;
			children = (
				F2DAB7A38B244B77801EDEA8 /* ShareViewController.swift */,
				DB33E59AB716412DAFA99817 /* ShareExtensionPreprocessor.js */,
				E5084D86670C470FBBCED605 /* MainInterface.storyboard */,
				BD7C88D506854AEFBE3A8BCA /* PrivacyInfo.xcprivacy */,
			);
			name = "Recovered References";
			sourceTree = "<group>";
		};
		13B07FAE1A68108700A75B9A /* Justnote */ = {
			isa = PBXGroup;
			children = (
				F11748412D0307B40044C1D9 /* AppDelegate.swift */,
				F11748442D0722820044C1D9 /* Justnote-Bridging-Header.h */,
				BB2F792B24A3F905000567C9 /* Supporting */,
				13B07FB51A68108700A75B9A /* Images.xcassets */,
				13B07FB61A68108700A75B9A /* Info.plist */,
				AA286B85B6C04FC6940260E9 /* SplashScreen.storyboard */,
				747112F706784BBD8885DB7A /* PrivacyInfo.xcprivacy */,
			);
			name = Justnote;
			sourceTree = "<group>";
		};
		199528EE7CBCB3BCA5C467CC /* Justnote */ = {
			isa = PBXGroup;
			children = (
				9561801597A4E8C154084DF1 /* ExpoModulesProvider.swift */,
			);
			name = Justnote;
			sourceTree = "<group>";
		};
		2CA45B21F885CEB460D01232 /* Pods */ = {
			isa = PBXGroup;
			children = (
				C24DFE600467033220448B9E /* Pods-Justnote.debug.xcconfig */,
				D3EFCA7ED28D94DEAE999FCF /* Pods-Justnote.release.xcconfig */,
			);
			path = Pods;
			sourceTree = "<group>";
		};
		2D16E6871FA4F8E400B85C8A /* Frameworks */ = {
			isa = PBXGroup;
			children = (
				049B75812EAA282D00A571F7 /* StoreKit.framework */,
				ED297162215061F000B7C4FE /* JavaScriptCore.framework */,
				0F804932BB81907CCE002D18 /* libPods-Justnote.a */,
			);
			name = Frameworks;
			sourceTree = "<group>";
		};
		6BB4BE82C4C541CF8B4E60FB /* Resources */ = {
			isa = PBXGroup;
			children = (
				3B1AB3813D594C7BAF48B901 /* Inter-BlackItalic.otf */,
				75BF4C292D624C5BA14C8B5D /* Inter-Black.otf */,
				65AC7201F924403595556F59 /* Inter-BoldItalic.otf */,
				AB6433EECA9A4F3DA7FF63E8 /* Inter-Bold.otf */,
				7DCCBCC537CE445C9EF06021 /* Inter-ExtraBoldItalic.otf */,
				2A8684E7B1C5418CBB33539D /* Inter-ExtraBold.otf */,
				A635F879DEED4B6E9290C39D /* Inter-ExtraLightItalic.otf */,
				F17547BA2E274761A1303C0C /* Inter-ExtraLight.otf */,
				CCC854EB90F4412E82C00B1E /* Inter-Italic.otf */,
				489916DE2C764D7DAC5A55C3 /* Inter-LightItalic.otf */,
				A95F67F4468241F3B669FBB8 /* Inter-Light.otf */,
				5E75C083F3F8488E9E8A28EF /* Inter-MediumItalic.otf */,
				5DD764B8194A4B79A110CDDC /* Inter-Medium.otf */,
				168D6AFD8D9547E1B11C0467 /* Inter-Regular.otf */,
				DCCA74DAB8B6481E87E331DA /* Inter-SemiBoldItalic.otf */,
				213AE378F3C34C43B365542F /* Inter-SemiBold.otf */,
				1E7A9A0D49394D61BCAED316 /* Inter-ThinItalic.otf */,
				95DF6C1BD56B4EAEAC32E9E6 /* Inter-Thin.otf */,
			);
			name = Resources;
			sourceTree = "<group>";
		};
		832341AE1AAA6A7D00B99B32 /* Libraries */ = {
			isa = PBXGroup;
			children = (
			);
			name = Libraries;
			sourceTree = "<group>";
		};
		83CBB9F61A601CBA00E9B192 = {
			isa = PBXGroup;
			children = (
				13B07FAE1A68108700A75B9A /* Justnote */,
				832341AE1AAA6A7D00B99B32 /* Libraries */,
				83CBBA001A601CBA00E9B192 /* Products */,
				2D16E6871FA4F8E400B85C8A /* Frameworks */,
				6BB4BE82C4C541CF8B4E60FB /* Resources */,
				2CA45B21F885CEB460D01232 /* Pods */,
				9A5A5FEB11F64738A04C64FF /* ExpoModulesProviders */,
				049B75802EAA266E00A571F7 /* Recovered References */,
			);
			indentWidth = 2;
			sourceTree = "<group>";
			tabWidth = 2;
			usesTabs = 0;
		};
		83CBBA001A601CBA00E9B192 /* Products */ = {
			isa = PBXGroup;
			children = (
				13B07F961A680F5B00A75B9A /* Justnote.app */,
				C58C04579E474FA683CEB4EC /* SavetoJustnote.appex */,
			);
			name = Products;
			sourceTree = "<group>";
		};
		9A5A5FEB11F64738A04C64FF /* ExpoModulesProviders */ = {
			isa = PBXGroup;
			children = (
				199528EE7CBCB3BCA5C467CC /* Justnote */,
			);
			name = ExpoModulesProviders;
			sourceTree = "<group>";
		};
		BB2F792B24A3F905000567C9 /* Supporting */ = {
			isa = PBXGroup;
			children = (
				BB2F792C24A3F905000567C9 /* Expo.plist */,
			);
			name = Supporting;
			path = Justnote/Supporting;
			sourceTree = "<group>";
		};
/* End PBXGroup section */

/* Begin PBXNativeTarget section */
		13B07F861A680F5B00A75B9A /* Justnote */ = {
			isa = PBXNativeTarget;
			buildConfigurationList = 13B07F931A680F5B00A75B9A /* Build configuration list for PBXNativeTarget "Justnote" */;
			buildPhases = (
				08A4A3CD28434E44B6B9DE2E /* [CP] Check Pods Manifest.lock */,
				EC3F8251CCB9449F61F53570 /* [Expo] Configure project */,
				13B07F871A680F5B00A75B9A /* Sources */,
				13B07F8C1A680F5B00A75B9A /* Frameworks */,
				13B07F8E1A680F5B00A75B9A /* Resources */,
				00DD1BFF1BD5951E006B06BC /* Bundle React Native code and images */,
				800E24972A6A228C8D4807E9 /* [CP] Copy Pods Resources */,
				5AEB43336B7B4F47A54ADC95 /* Copy Files */,
				D9B22E7F458207C6C21752B6 /* [CP] Embed Pods Frameworks */,
			);
			buildRules = (
			);
			dependencies = (
				049B75842EAA283C00A571F7 /* PBXTargetDependency */,
			);
			name = Justnote;
			productName = Justnote;
			productReference = 13B07F961A680F5B00A75B9A /* Justnote.app */;
			productType = "com.apple.product-type.application";
		};
		708249F2512440CB832B02CC /* SavetoJustnote */ = {
			isa = PBXNativeTarget;
			buildConfigurationList = 4D3173D1C5234CAF803E07B9 /* Build configuration list for PBXNativeTarget "SavetoJustnote" */;
			buildPhases = (
				39A03FF1C69246ADBED679B0 /* Sources */,
				3A40289E926E460BBB49521F /* Resources */,
			);
			buildRules = (
			);
			dependencies = (
			);
			name = SavetoJustnote;
			productName = SavetoJustnote;
			productReference = C58C04579E474FA683CEB4EC /* SavetoJustnote.appex */;
			productType = "com.apple.product-type.app-extension";
		};
/* End PBXNativeTarget section */

/* Begin PBXProject section */
		83CBB9F71A601CBA00E9B192 /* Project object */ = {
			isa = PBXProject;
			attributes = {
				LastUpgradeCheck = 1130;
				TargetAttributes = {
					13B07F861A680F5B00A75B9A = {
						LastSwiftMigration = 1250;
					};
				};
			};
			buildConfigurationList = 83CBB9FA1A601CBA00E9B192 /* Build configuration list for PBXProject "Justnote" */;
			compatibilityVersion = "Xcode 3.2";
			developmentRegion = en;
			hasScannedForEncodings = 0;
			knownRegions = (
				en,
				Base,
			);
			mainGroup = 83CBB9F61A601CBA00E9B192;
			productRefGroup = 83CBBA001A601CBA00E9B192 /* Products */;
			projectDirPath = "";
			projectRoot = "";
			targets = (
				13B07F861A680F5B00A75B9A /* Justnote */,
				708249F2512440CB832B02CC /* SavetoJustnote */,
			);
		};
/* End PBXProject section */

/* Begin PBXResourcesBuildPhase section */
		13B07F8E1A680F5B00A75B9A /* Resources */ = {
			isa = PBXResourcesBuildPhase;
			buildActionMask = 2147483647;
			files = (
				BB2F792D24A3F905000567C9 /* Expo.plist in Resources */,
				13B07FBF1A68108700A75B9A /* Images.xcassets in Resources */,
				3E461D99554A48A4959DE609 /* SplashScreen.storyboard in Resources */,
				4A42EF73D20444D38BB60554 /* PrivacyInfo.xcprivacy in Resources */,
				22CB03B6153D47728A22DC78 /* Inter-BlackItalic.otf in Resources */,
				A3D0CD0447C34B95AAE44A00 /* Inter-Black.otf in Resources */,
				B67B4906D00847B09A01C331 /* Inter-BoldItalic.otf in Resources */,
				B4515BAD75004CA9AB2D2DB8 /* Inter-Bold.otf in Resources */,
				4A75D67C37D94C9FBCE13374 /* Inter-ExtraBoldItalic.otf in Resources */,
				AC793F24828540B4A9CDA9E7 /* Inter-ExtraBold.otf in Resources */,
				A5618CF136C74671ABBE6E10 /* Inter-ExtraLightItalic.otf in Resources */,
				C82F621561444256A0A32821 /* Inter-ExtraLight.otf in Resources */,
				9D11994A9A8A4DF5A4AD8B21 /* Inter-Italic.otf in Resources */,
				325988DA2EB04BEEA3565985 /* Inter-LightItalic.otf in Resources */,
				FF3D280650744820AD17091D /* Inter-Light.otf in Resources */,
				A51A30C9715C415AAE50976F /* Inter-MediumItalic.otf in Resources */,
				C9A3F72B31144AB8AE10B5F6 /* Inter-Medium.otf in Resources */,
				885E246D451B4FF787E31CAD /* Inter-Regular.otf in Resources */,
				30CEA7951BDC48119CE49682 /* Inter-SemiBoldItalic.otf in Resources */,
				D71C8237318A4773B4B25D21 /* Inter-SemiBold.otf in Resources */,
				5006710017AD460FA970A7DE /* Inter-ThinItalic.otf in Resources */,
				3D74FFC348B04ECDB6315B24 /* Inter-Thin.otf in Resources */,
			);
			runOnlyForDeploymentPostprocessing = 0;
		};
		3A40289E926E460BBB49521F /* Resources */ = {
			isa = PBXResourcesBuildPhase;
			buildActionMask = 2147483647;
			files = (
				9E3FB891C745495E83A4DA26 /* ShareExtensionPreprocessor.js in Resources */,
				10417CEDA7214624921CC0B2 /* MainInterface.storyboard in Resources */,
				1BEF60D2DDE8434D9A14377D /* PrivacyInfo.xcprivacy in Resources */,
			);
			runOnlyForDeploymentPostprocessing = 0;
		};
/* End PBXResourcesBuildPhase section */

/* Begin PBXShellScriptBuildPhase section */
		00DD1BFF1BD5951E006B06BC /* Bundle React Native code and images */ = {
			isa = PBXShellScriptBuildPhase;
			alwaysOutOfDate = 1;
			buildActionMask = 2147483647;
			files = (
			);
			inputPaths = (
			);
			name = "Bundle React Native code and images";
			outputPaths = (
			);
			runOnlyForDeploymentPostprocessing = 0;
			shellPath = /bin/sh;
			shellScript = "if [[ -f \"$PODS_ROOT/../.xcode.env\" ]]; then\n  source \"$PODS_ROOT/../.xcode.env\"\nfi\nif [[ -f \"$PODS_ROOT/../.xcode.env.local\" ]]; then\n  source \"$PODS_ROOT/../.xcode.env.local\"\nfi\n\n# The project root by default is one level up from the ios directory\nexport PROJECT_ROOT=\"$PROJECT_DIR\"/..\n\nif [[ \"$CONFIGURATION\" = *Debug* ]]; then\n  export SKIP_BUNDLING=1\nfi\nif [[ -z \"$ENTRY_FILE\" ]]; then\n  # Set the entry JS file using the bundler's entry resolution.\n  export ENTRY_FILE=\"$(\"$NODE_BINARY\" -e \"require('expo/scripts/resolveAppEntry')\" \"$PROJECT_ROOT\" ios absolute | tail -n 1)\"\nfi\n\nif [[ -z \"$CLI_PATH\" ]]; then\n  # Use Expo CLI\n  export CLI_PATH=\"$(\"$NODE_BINARY\" --print \"require.resolve('@expo/cli', { paths: [require.resolve('expo/package.json')] })\")\"\nfi\nif [[ -z \"$BUNDLE_COMMAND\" ]]; then\n  # Default Expo CLI command for bundling\n  export BUNDLE_COMMAND=\"export:embed\"\nfi\n\n# Source .xcode.env.updates if it exists to allow\n# SKIP_BUNDLING to be unset if needed\nif [[ -f \"$PODS_ROOT/../.xcode.env.updates\" ]]; then\n  source \"$PODS_ROOT/../.xcode.env.updates\"\nfi\n# Source local changes to allow overrides\n# if needed\nif [[ -f \"$PODS_ROOT/../.xcode.env.local\" ]]; then\n  source \"$PODS_ROOT/../.xcode.env.local\"\nfi\n\n`\"$NODE_BINARY\" --print \"require('path').dirname(require.resolve('react-native/package.json')) + '/scripts/react-native-xcode.sh'\"`\n\n";
		};
		08A4A3CD28434E44B6B9DE2E /* [CP] Check Pods Manifest.lock */ = {
			isa = PBXShellScriptBuildPhase;
			buildActionMask = 2147483647;
			files = (
			);
			inputFileListPaths = (
			);
			inputPaths = (
				"${PODS_PODFILE_DIR_PATH}/Podfile.lock",
				"${PODS_ROOT}/Manifest.lock",
			);
			name = "[CP] Check Pods Manifest.lock";
			outputFileListPaths = (
			);
			outputPaths = (
				"$(DERIVED_FILE_DIR)/Pods-Justnote-checkManifestLockResult.txt",
			);
			runOnlyForDeploymentPostprocessing = 0;
			shellPath = /bin/sh;
			shellScript = "diff \"${PODS_PODFILE_DIR_PATH}/Podfile.lock\" \"${PODS_ROOT}/Manifest.lock\" > /dev/null\nif [ $? != 0 ] ; then\n    # print error to STDERR\n    echo \"error: The sandbox is not in sync with the Podfile.lock. Run 'pod install' or update your CocoaPods installation.\" >&2\n    exit 1\nfi\n# This output is used by Xcode 'outputs' to avoid re-running this script phase.\necho \"SUCCESS\" > \"${SCRIPT_OUTPUT_FILE_0}\"\n";
			showEnvVarsInLog = 0;
		};
		800E24972A6A228C8D4807E9 /* [CP] Copy Pods Resources */ = {
			isa = PBXShellScriptBuildPhase;
			buildActionMask = 2147483647;
			files = (
			);
			inputPaths = (
				"${PODS_ROOT}/Target Support Files/Pods-Justnote/Pods-Justnote-resources.sh",
				"${PODS_CONFIGURATION_BUILD_DIR}/Blockstack/Blockstack.bundle",
				"${PODS_CONFIGURATION_BUILD_DIR}/EXConstants/EXConstants.bundle",
				"${PODS_CONFIGURATION_BUILD_DIR}/EXConstants/ExpoConstants_privacy.bundle",
				"${PODS_CONFIGURATION_BUILD_DIR}/ExpoFileSystem/ExpoFileSystem_privacy.bundle",
				"${PODS_CONFIGURATION_BUILD_DIR}/ExpoLocalization/ExpoLocalization_privacy.bundle",
				"${PODS_CONFIGURATION_BUILD_DIR}/ExpoSystemUI/ExpoSystemUI_privacy.bundle",
				"${PODS_CONFIGURATION_BUILD_DIR}/PromisesObjC/FBLPromises_Privacy.bundle",
				"${PODS_CONFIGURATION_BUILD_DIR}/PromisesSwift/Promises_Privacy.bundle",
				"${PODS_CONFIGURATION_BUILD_DIR}/RCT-Folly/RCT-Folly_privacy.bundle",
				"${PODS_CONFIGURATION_BUILD_DIR}/RNSVG/RNSVGFilters.bundle",
				"${PODS_CONFIGURATION_BUILD_DIR}/React-Core/React-Core_privacy.bundle",
				"${PODS_CONFIGURATION_BUILD_DIR}/React-cxxreact/React-cxxreact_privacy.bundle",
				"${PODS_CONFIGURATION_BUILD_DIR}/SDWebImage/SDWebImage.bundle",
				"${PODS_CONFIGURATION_BUILD_DIR}/SSZipArchive/SSZipArchive.bundle",
				"${PODS_CONFIGURATION_BUILD_DIR}/ZIPFoundation/ZIPFoundation_Privacy.bundle",
				"${PODS_CONFIGURATION_BUILD_DIR}/boost/boost_privacy.bundle",
				"${PODS_CONFIGURATION_BUILD_DIR}/expo-dev-launcher/EXDevLauncher.bundle",
				"${PODS_CONFIGURATION_BUILD_DIR}/expo-dev-menu/EXDevMenu.bundle",
				"${PODS_CONFIGURATION_BUILD_DIR}/glog/glog_privacy.bundle",
			);
			name = "[CP] Copy Pods Resources";
			outputPaths = (
				"${TARGET_BUILD_DIR}/${UNLOCALIZED_RESOURCES_FOLDER_PATH}/Blockstack.bundle",
				"${TARGET_BUILD_DIR}/${UNLOCALIZED_RESOURCES_FOLDER_PATH}/EXConstants.bundle",
				"${TARGET_BUILD_DIR}/${UNLOCALIZED_RESOURCES_FOLDER_PATH}/ExpoConstants_privacy.bundle",
				"${TARGET_BUILD_DIR}/${UNLOCALIZED_RESOURCES_FOLDER_PATH}/ExpoFileSystem_privacy.bundle",
				"${TARGET_BUILD_DIR}/${UNLOCALIZED_RESOURCES_FOLDER_PATH}/ExpoLocalization_privacy.bundle",
				"${TARGET_BUILD_DIR}/${UNLOCALIZED_RESOURCES_FOLDER_PATH}/ExpoSystemUI_privacy.bundle",
				"${TARGET_BUILD_DIR}/${UNLOCALIZED_RESOURCES_FOLDER_PATH}/FBLPromises_Privacy.bundle",
				"${TARGET_BUILD_DIR}/${UNLOCALIZED_RESOURCES_FOLDER_PATH}/Promises_Privacy.bundle",
				"${TARGET_BUILD_DIR}/${UNLOCALIZED_RESOURCES_FOLDER_PATH}/RCT-Folly_privacy.bundle",
				"${TARGET_BUILD_DIR}/${UNLOCALIZED_RESOURCES_FOLDER_PATH}/RNSVGFilters.bundle",
				"${TARGET_BUILD_DIR}/${UNLOCALIZED_RESOURCES_FOLDER_PATH}/React-Core_privacy.bundle",
				"${TARGET_BUILD_DIR}/${UNLOCALIZED_RESOURCES_FOLDER_PATH}/React-cxxreact_privacy.bundle",
				"${TARGET_BUILD_DIR}/${UNLOCALIZED_RESOURCES_FOLDER_PATH}/SDWebImage.bundle",
				"${TARGET_BUILD_DIR}/${UNLOCALIZED_RESOURCES_FOLDER_PATH}/SSZipArchive.bundle",
				"${TARGET_BUILD_DIR}/${UNLOCALIZED_RESOURCES_FOLDER_PATH}/ZIPFoundation_Privacy.bundle",
				"${TARGET_BUILD_DIR}/${UNLOCALIZED_RESOURCES_FOLDER_PATH}/boost_privacy.bundle",
				"${TARGET_BUILD_DIR}/${UNLOCALIZED_RESOURCES_FOLDER_PATH}/EXDevLauncher.bundle",
				"${TARGET_BUILD_DIR}/${UNLOCALIZED_RESOURCES_FOLDER_PATH}/EXDevMenu.bundle",
				"${TARGET_BUILD_DIR}/${UNLOCALIZED_RESOURCES_FOLDER_PATH}/glog_privacy.bundle",
			);
			runOnlyForDeploymentPostprocessing = 0;
			shellPath = /bin/sh;
			shellScript = "\"${PODS_ROOT}/Target Support Files/Pods-Justnote/Pods-Justnote-resources.sh\"\n";
			showEnvVarsInLog = 0;
		};
		D9B22E7F458207C6C21752B6 /* [CP] Embed Pods Frameworks */ = {
			isa = PBXShellScriptBuildPhase;
			buildActionMask = 2147483647;
			files = (
			);
			inputPaths = (
				"${PODS_ROOT}/Target Support Files/Pods-Justnote/Pods-Justnote-frameworks.sh",
				"${PODS_XCFRAMEWORKS_BUILD_DIR}/hermes-engine/Pre-built/hermes.framework/hermes",
			);
			name = "[CP] Embed Pods Frameworks";
			outputPaths = (
				"${TARGET_BUILD_DIR}/${FRAMEWORKS_FOLDER_PATH}/hermes.framework",
			);
			runOnlyForDeploymentPostprocessing = 0;
			shellPath = /bin/sh;
			shellScript = "\"${PODS_ROOT}/Target Support Files/Pods-Justnote/Pods-Justnote-frameworks.sh\"\n";
			showEnvVarsInLog = 0;
		};
		EC3F8251CCB9449F61F53570 /* [Expo] Configure project */ = {
			isa = PBXShellScriptBuildPhase;
			alwaysOutOfDate = 1;
			buildActionMask = 2147483647;
			files = (
			);
			inputFileListPaths = (
			);
			inputPaths = (
			);
			name = "[Expo] Configure project";
			outputFileListPaths = (
			);
			outputPaths = (
			);
			runOnlyForDeploymentPostprocessing = 0;
			shellPath = /bin/sh;
			shellScript = "# This script configures Expo modules and generates the modules provider file.\nbash -l -c \"./Pods/Target\\ Support\\ Files/Pods-Justnote/expo-configure-project.sh\"\n";
		};
/* End PBXShellScriptBuildPhase section */

/* Begin PBXSourcesBuildPhase section */
		13B07F871A680F5B00A75B9A /* Sources */ = {
			isa = PBXSourcesBuildPhase;
			buildActionMask = 2147483647;
			files = (
				F11748422D0307B40044C1D9 /* AppDelegate.swift in Sources */,
				D24D6FC25D89FF051760E7A3 /* ExpoModulesProvider.swift in Sources */,
			);
			runOnlyForDeploymentPostprocessing = 0;
		};
		39A03FF1C69246ADBED679B0 /* Sources */ = {
			isa = PBXSourcesBuildPhase;
			buildActionMask = 2147483647;
			files = (
				E1B82E3890FF4C898676D7B8 /* ShareViewController.swift in Sources */,
			);
			runOnlyForDeploymentPostprocessing = 0;
		};
/* End PBXSourcesBuildPhase section */

/* Begin PBXTargetDependency section */
		049B75842EAA283C00A571F7 /* PBXTargetDependency */ = {
			isa = PBXTargetDependency;
			target = 708249F2512440CB832B02CC /* SavetoJustnote */;
			targetProxy = 049B75832EAA283C00A571F7 /* PBXContainerItemProxy */;
		};
/* End PBXTargetDependency section */

/* Begin XCBuildConfiguration section */
		13B07F941A680F5B00A75B9A /* Debug */ = {
			isa = XCBuildConfiguration;
			baseConfigurationReference = C24DFE600467033220448B9E /* Pods-Justnote.debug.xcconfig */;
			buildSettings = {
				ASSETCATALOG_COMPILER_APPICON_NAME = AppIcon;
				CLANG_ENABLE_MODULES = YES;
				CODE_SIGN_ENTITLEMENTS = Justnote/Justnote.entitlements;
				CURRENT_PROJECT_VERSION = 1;
				DEVELOPMENT_TEAM = DZ8XN7425J;
				ENABLE_BITCODE = NO;
				GCC_PREPROCESSOR_DEFINITIONS = (
					"$(inherited)",
					"FB_SONARKIT_ENABLED=1",
				);
				INFOPLIST_FILE = Justnote/Info.plist;
				INFOPLIST_KEY_CFBundleDisplayName = Justnote;
				INFOPLIST_KEY_LSApplicationCategoryType = "public.app-category.productivity";
				IPHONEOS_DEPLOYMENT_TARGET = 15.5;
				LD_RUNPATH_SEARCH_PATHS = (
					"$(inherited)",
					"@executable_path/Frameworks",
				);
				MARKETING_VERSION = 0.35.0;
				OTHER_LDFLAGS = (
					"$(inherited)",
					"-ObjC",
					"-lc++",
				);
				OTHER_SWIFT_FLAGS = "$(inherited) -D EXPO_CONFIGURATION_DEBUG";
				PRODUCT_BUNDLE_IDENTIFIER = com.justnotecc.justnote;
				PRODUCT_NAME = Justnote;
				SWIFT_OBJC_BRIDGING_HEADER = "Justnote/Justnote-Bridging-Header.h";
				SWIFT_OPTIMIZATION_LEVEL = "-Onone";
				SWIFT_VERSION = 5.0;
				TARGETED_DEVICE_FAMILY = "1,2";
				VERSIONING_SYSTEM = "apple-generic";
			};
			name = Debug;
		};
		13B07F951A680F5B00A75B9A /* Release */ = {
			isa = XCBuildConfiguration;
			baseConfigurationReference = D3EFCA7ED28D94DEAE999FCF /* Pods-Justnote.release.xcconfig */;
			buildSettings = {
				ASSETCATALOG_COMPILER_APPICON_NAME = AppIcon;
				CLANG_ENABLE_MODULES = YES;
				CODE_SIGN_ENTITLEMENTS = Justnote/Justnote.entitlements;
				CURRENT_PROJECT_VERSION = 1;
				DEVELOPMENT_TEAM = DZ8XN7425J;
				INFOPLIST_FILE = Justnote/Info.plist;
				INFOPLIST_KEY_CFBundleDisplayName = Justnote;
				INFOPLIST_KEY_LSApplicationCategoryType = "public.app-category.productivity";
				IPHONEOS_DEPLOYMENT_TARGET = 15.5;
				LD_RUNPATH_SEARCH_PATHS = (
					"$(inherited)",
					"@executable_path/Frameworks",
				);
				MARKETING_VERSION = 0.35.0;
				OTHER_LDFLAGS = (
					"$(inherited)",
					"-ObjC",
					"-lc++",
				);
				OTHER_SWIFT_FLAGS = "$(inherited) -D EXPO_CONFIGURATION_RELEASE";
				PRODUCT_BUNDLE_IDENTIFIER = com.justnotecc.justnote;
				PRODUCT_NAME = Justnote;
				SWIFT_OBJC_BRIDGING_HEADER = "Justnote/Justnote-Bridging-Header.h";
				SWIFT_VERSION = 5.0;
				TARGETED_DEVICE_FAMILY = "1,2";
				VERSIONING_SYSTEM = "apple-generic";
			};
			name = Release;
		};
		32B1E418122E4ED79B593C9C /* Release */ = {
			isa = XCBuildConfiguration;
			buildSettings = {
				CLANG_ENABLE_MODULES = YES;
				CODE_SIGN_ENTITLEMENTS = "/Users/mac/Workspace/justnote-client/packages/expo/ios/SavetoJustnote/ShareExtension.entitlements";
				CODE_SIGN_STYLE = Automatic;
				CURRENT_PROJECT_VERSION = 1;
				DEVELOPMENT_TEAM = DZ8XN7425J;
				GENERATE_INFOPLIST_FILE = YES;
				INFOPLIST_FILE = "/Users/mac/Workspace/justnote-client/packages/expo/ios/SavetoJustnote/ShareExtension-Info.plist";
				INFOPLIST_KEY_CFBundleDisplayName = "Save to Justnote";
				IPHONEOS_DEPLOYMENT_TARGET = 15.5;
				LD_RUNPATH_SEARCH_PATHS = (
					"$(inherited)",
					"@executable_path/Frameworks",
					"@executable_path/../../Frameworks",
				);
				MARKETING_VERSION = 0.35.0;
				OTHER_SWIFT_FLAGS = "$(inherited) -D EXPO_CONFIGURATION_RELEASE";
				PRODUCT_BUNDLE_IDENTIFIER = "com.justnotecc.justnote.share-extension";
				PRODUCT_NAME = SavetoJustnote;
				SKIP_INSTALL = YES;
				SWIFT_EMIT_LOC_STRINGS = YES;
				SWIFT_VERSION = 5.0;
				TARGETED_DEVICE_FAMILY = "1,2";
			};
			name = Release;
		};
		6AE9D7D64D5C4151A4122BC9 /* Debug */ = {
			isa = XCBuildConfiguration;
			buildSettings = {
				CLANG_ENABLE_MODULES = YES;
				CODE_SIGN_ENTITLEMENTS = "/Users/mac/Workspace/justnote-client/packages/expo/ios/SavetoJustnote/ShareExtension.entitlements";
				CODE_SIGN_STYLE = Automatic;
				CURRENT_PROJECT_VERSION = 1;
				DEVELOPMENT_TEAM = DZ8XN7425J;
				GCC_PREPROCESSOR_DEFINITIONS = (
					"DEBUG=1",
					"$(inherited)",
				);
				GENERATE_INFOPLIST_FILE = YES;
				INFOPLIST_FILE = "/Users/mac/Workspace/justnote-client/packages/expo/ios/SavetoJustnote/ShareExtension-Info.plist";
				INFOPLIST_KEY_CFBundleDisplayName = "Save to Justnote";
				IPHONEOS_DEPLOYMENT_TARGET = 15.5;
				LD_RUNPATH_SEARCH_PATHS = (
					"$(inherited)",
					"@executable_path/Frameworks",
					"@executable_path/../../Frameworks",
				);
				MARKETING_VERSION = 0.35.0;
				OTHER_SWIFT_FLAGS = "$(inherited) -D EXPO_CONFIGURATION_DEBUG";
				PRODUCT_BUNDLE_IDENTIFIER = "com.justnotecc.justnote.share-extension";
				PRODUCT_NAME = SavetoJustnote;
				SKIP_INSTALL = YES;
				SWIFT_EMIT_LOC_STRINGS = YES;
				SWIFT_VERSION = 5.0;
				TARGETED_DEVICE_FAMILY = "1,2";
			};
			name = Debug;
		};
		83CBBA201A601CBA00E9B192 /* Debug */ = {
			isa = XCBuildConfiguration;
			buildSettings = {
				ALWAYS_SEARCH_USER_PATHS = NO;
				CLANG_ANALYZER_LOCALIZABILITY_NONLOCALIZED = YES;
				CLANG_CXX_LANGUAGE_STANDARD = "c++20";
				CLANG_CXX_LIBRARY = "libc++";
				CLANG_ENABLE_MODULES = YES;
				CLANG_ENABLE_OBJC_ARC = YES;
				CLANG_WARN_BLOCK_CAPTURE_AUTORELEASING = YES;
				CLANG_WARN_BOOL_CONVERSION = YES;
				CLANG_WARN_COMMA = YES;
				CLANG_WARN_CONSTANT_CONVERSION = YES;
				CLANG_WARN_DEPRECATED_OBJC_IMPLEMENTATIONS = YES;
				CLANG_WARN_DIRECT_OBJC_ISA_USAGE = YES_ERROR;
				CLANG_WARN_EMPTY_BODY = YES;
				CLANG_WARN_ENUM_CONVERSION = YES;
				CLANG_WARN_INFINITE_RECURSION = YES;
				CLANG_WARN_INT_CONVERSION = YES;
				CLANG_WARN_NON_LITERAL_NULL_CONVERSION = YES;
				CLANG_WARN_OBJC_IMPLICIT_RETAIN_SELF = YES;
				CLANG_WARN_OBJC_LITERAL_CONVERSION = YES;
				CLANG_WARN_OBJC_ROOT_CLASS = YES_ERROR;
				CLANG_WARN_RANGE_LOOP_ANALYSIS = YES;
				CLANG_WARN_STRICT_PROTOTYPES = YES;
				CLANG_WARN_SUSPICIOUS_MOVE = YES;
				CLANG_WARN_UNREACHABLE_CODE = YES;
				CLANG_WARN__DUPLICATE_METHOD_MATCH = YES;
				"CODE_SIGN_IDENTITY[sdk=iphoneos*]" = "iPhone Developer";
				COPY_PHASE_STRIP = NO;
				ENABLE_STRICT_OBJC_MSGSEND = YES;
				ENABLE_TESTABILITY = YES;
				GCC_C_LANGUAGE_STANDARD = gnu99;
				GCC_DYNAMIC_NO_PIC = NO;
				GCC_NO_COMMON_BLOCKS = YES;
				GCC_OPTIMIZATION_LEVEL = 0;
				GCC_PREPROCESSOR_DEFINITIONS = (
					"DEBUG=1",
					"$(inherited)",
				);
				GCC_SYMBOLS_PRIVATE_EXTERN = NO;
				GCC_WARN_64_TO_32_BIT_CONVERSION = YES;
				GCC_WARN_ABOUT_RETURN_TYPE = YES_ERROR;
				GCC_WARN_UNDECLARED_SELECTOR = YES;
				GCC_WARN_UNINITIALIZED_AUTOS = YES_AGGRESSIVE;
				GCC_WARN_UNUSED_FUNCTION = YES;
				GCC_WARN_UNUSED_VARIABLE = YES;
				IPHONEOS_DEPLOYMENT_TARGET = 15.1;
				LD_RUNPATH_SEARCH_PATHS = (
					/usr/lib/swift,
					"$(inherited)",
				);
				LIBRARY_SEARCH_PATHS = "$(SDKROOT)/usr/lib/swift\"$(inherited)\"";
				MTL_ENABLE_DEBUG_INFO = YES;
				ONLY_ACTIVE_ARCH = YES;
				OTHER_LDFLAGS = "$(inherited)  ";
				REACT_NATIVE_PATH = "${PODS_ROOT}/../../node_modules/react-native";
				SDKROOT = iphoneos;
				SWIFT_ACTIVE_COMPILATION_CONDITIONS = "$(inherited) DEBUG";
				USE_HERMES = true;
			};
			name = Debug;
		};
		83CBBA211A601CBA00E9B192 /* Release */ = {
			isa = XCBuildConfiguration;
			buildSettings = {
				ALWAYS_SEARCH_USER_PATHS = NO;
				CLANG_ANALYZER_LOCALIZABILITY_NONLOCALIZED = YES;
				CLANG_CXX_LANGUAGE_STANDARD = "c++20";
				CLANG_CXX_LIBRARY = "libc++";
				CLANG_ENABLE_MODULES = YES;
				CLANG_ENABLE_OBJC_ARC = YES;
				CLANG_WARN_BLOCK_CAPTURE_AUTORELEASING = YES;
				CLANG_WARN_BOOL_CONVERSION = YES;
				CLANG_WARN_COMMA = YES;
				CLANG_WARN_CONSTANT_CONVERSION = YES;
				CLANG_WARN_DEPRECATED_OBJC_IMPLEMENTATIONS = YES;
				CLANG_WARN_DIRECT_OBJC_ISA_USAGE = YES_ERROR;
				CLANG_WARN_EMPTY_BODY = YES;
				CLANG_WARN_ENUM_CONVERSION = YES;
				CLANG_WARN_INFINITE_RECURSION = YES;
				CLANG_WARN_INT_CONVERSION = YES;
				CLANG_WARN_NON_LITERAL_NULL_CONVERSION = YES;
				CLANG_WARN_OBJC_IMPLICIT_RETAIN_SELF = YES;
				CLANG_WARN_OBJC_LITERAL_CONVERSION = YES;
				CLANG_WARN_OBJC_ROOT_CLASS = YES_ERROR;
				CLANG_WARN_RANGE_LOOP_ANALYSIS = YES;
				CLANG_WARN_STRICT_PROTOTYPES = YES;
				CLANG_WARN_SUSPICIOUS_MOVE = YES;
				CLANG_WARN_UNREACHABLE_CODE = YES;
				CLANG_WARN__DUPLICATE_METHOD_MATCH = YES;
				"CODE_SIGN_IDENTITY[sdk=iphoneos*]" = "iPhone Developer";
				COPY_PHASE_STRIP = YES;
				ENABLE_NS_ASSERTIONS = NO;
				ENABLE_STRICT_OBJC_MSGSEND = YES;
				GCC_C_LANGUAGE_STANDARD = gnu99;
				GCC_NO_COMMON_BLOCKS = YES;
				GCC_WARN_64_TO_32_BIT_CONVERSION = YES;
				GCC_WARN_ABOUT_RETURN_TYPE = YES_ERROR;
				GCC_WARN_UNDECLARED_SELECTOR = YES;
				GCC_WARN_UNINITIALIZED_AUTOS = YES_AGGRESSIVE;
				GCC_WARN_UNUSED_FUNCTION = YES;
				GCC_WARN_UNUSED_VARIABLE = YES;
				IPHONEOS_DEPLOYMENT_TARGET = 15.1;
				LD_RUNPATH_SEARCH_PATHS = (
					/usr/lib/swift,
					"$(inherited)",
				);
				LIBRARY_SEARCH_PATHS = "$(SDKROOT)/usr/lib/swift\"$(inherited)\"";
				MTL_ENABLE_DEBUG_INFO = NO;
				OTHER_LDFLAGS = "$(inherited)  ";
				REACT_NATIVE_PATH = "${PODS_ROOT}/../../node_modules/react-native";
				SDKROOT = iphoneos;
				USE_HERMES = true;
				VALIDATE_PRODUCT = YES;
			};
			name = Release;
		};
/* End XCBuildConfiguration section */

/* Begin XCConfigurationList section */
		13B07F931A680F5B00A75B9A /* Build configuration list for PBXNativeTarget "Justnote" */ = {
			isa = XCConfigurationList;
			buildConfigurations = (
				13B07F941A680F5B00A75B9A /* Debug */,
				13B07F951A680F5B00A75B9A /* Release */,
			);
			defaultConfigurationIsVisible = 0;
			defaultConfigurationName = Release;
		};
		4D3173D1C5234CAF803E07B9 /* Build configuration list for PBXNativeTarget "SavetoJustnote" */ = {
			isa = XCConfigurationList;
			buildConfigurations = (
				6AE9D7D64D5C4151A4122BC9 /* Debug */,
				32B1E418122E4ED79B593C9C /* Release */,
			);
			defaultConfigurationIsVisible = 0;
			defaultConfigurationName = Release;
		};
		83CBB9FA1A601CBA00E9B192 /* Build configuration list for PBXProject "Justnote" */ = {
			isa = XCConfigurationList;
			buildConfigurations = (
				83CBBA201A601CBA00E9B192 /* Debug */,
				83CBBA211A601CBA00E9B192 /* Release */,
			);
			defaultConfigurationIsVisible = 0;
			defaultConfigurationName = Release;
		};
/* End XCConfigurationList section */
	};
	rootObject = 83CBB9F71A601CBA00E9B192 /* Project object */;
}
