// !$*UTF8*$!
{
	archiveVersion = 1;
	classes = {
	};
	objectVersion = 54;
	objects = {

/* Begin PBXBuildFile section */
		006BC24BCF694A3DB17BD6BF /* Inter-LightItalic.otf in Resources */ = {isa = PBXBuildFile; fileRef = 01607FECB64B42878A448B6B /* Inter-LightItalic.otf */; };
		04C2E5392F1F769B0058447B /* StoreKit.framework in Frameworks */ = {isa = PBXBuildFile; fileRef = 04C2E5382F1F769B0058447B /* StoreKit.framework */; };
		07B605B40E014EBE9A27D9DC /* Inter-ExtraLight.otf in Resources */ = {isa = PBXBuildFile; fileRef = 578C0E27371347A9B280DE0F /* Inter-ExtraLight.otf */; };
		13B07FBF1A68108700A75B9A /* Images.xcassets in Resources */ = {isa = PBXBuildFile; fileRef = 13B07FB51A68108700A75B9A /* Images.xcassets */; };
		185528DBD5FA485F81DB58FB /* Inter-ExtraBold.otf in Resources */ = {isa = PBXBuildFile; fileRef = 2467E49B26C747199066F09A /* Inter-ExtraBold.otf */; };
		19A2F5355F2E423189D7498E /* ShareExtensionPreprocessor.js in Resources */ = {isa = PBXBuildFile; fileRef = 31B9FDBC97484A1FBCD954DB /* ShareExtensionPreprocessor.js */; };
		2B75504114B942CA80EE1275 /* Inter-MediumItalic.otf in Resources */ = {isa = PBXBuildFile; fileRef = B44BC852BD1A4B3B8FCA4463 /* Inter-MediumItalic.otf */; };
		31CB959BDFA641F491403CF9 /* Inter-ThinItalic.otf in Resources */ = {isa = PBXBuildFile; fileRef = 2777FF69963A428A858EF734 /* Inter-ThinItalic.otf */; };
		364D0521E72F43AABCA8002E /* Inter-Light.otf in Resources */ = {isa = PBXBuildFile; fileRef = C3637C9F9FA64ABFB87F7A05 /* Inter-Light.otf */; };
		3E461D99554A48A4959DE609 /* SplashScreen.storyboard in Resources */ = {isa = PBXBuildFile; fileRef = AA286B85B6C04FC6940260E9 /* SplashScreen.storyboard */; };
		3EE86A07A22E463C9AD54CD5 /* Inter-ExtraLightItalic.otf in Resources */ = {isa = PBXBuildFile; fileRef = 80D71784D65A4D9688EC5FB2 /* Inter-ExtraLightItalic.otf */; };
		503AC73A28BA482780DA2589 /* Inter-Regular.otf in Resources */ = {isa = PBXBuildFile; fileRef = FEC18D9758AC4B6088F2285D /* Inter-Regular.otf */; };
		52E6AB8CF74042369C63AE19 /* Inter-BoldItalic.otf in Resources */ = {isa = PBXBuildFile; fileRef = 549D480373B6422792C634F2 /* Inter-BoldItalic.otf */; };
		5D9B39E9EC6543A29416A8F6 /* Inter-Italic.otf in Resources */ = {isa = PBXBuildFile; fileRef = 768E641E3A9D4544A4EA9480 /* Inter-Italic.otf */; };
		638B28437F8903D6F45B9302 /* libPods-Justnote.a in Frameworks */ = {isa = PBXBuildFile; fileRef = 8FB4AAA4DE05D696D1C3F75E /* libPods-Justnote.a */; };
		6805D8F7276A447298F2D874 /* MainInterface.storyboard in Resources */ = {isa = PBXBuildFile; fileRef = 5365178C71CA45B4B79DD20E /* MainInterface.storyboard */; };
		6FED777E72BD4A09AA7832EF /* Inter-SemiBold.otf in Resources */ = {isa = PBXBuildFile; fileRef = 384F389B68B449BD8ADE896B /* Inter-SemiBold.otf */; };
		78D0AD85934F4312BA05608D /* Inter-Bold.otf in Resources */ = {isa = PBXBuildFile; fileRef = 1EAADA880A354476A84FAA5C /* Inter-Bold.otf */; };
		80FA704625D740FDBE4E4585 /* Inter-Black.otf in Resources */ = {isa = PBXBuildFile; fileRef = 54AC969DA94A4DFD9750AC49 /* Inter-Black.otf */; };
		83CB5AA136E247BF9CF6179D /* Inter-Thin.otf in Resources */ = {isa = PBXBuildFile; fileRef = DE4D57716A1D4ADFA3E398F0 /* Inter-Thin.otf */; };
		89CC6221346B46A28DFC8065 /* SavetoJustnote.appex in Copy Files */ = {isa = PBXBuildFile; fileRef = DC97AB7DC3554081A59B03AE /* SavetoJustnote.appex */; };
		A9F5AA8D1184436AB17D5B28 /* PrivacyInfo.xcprivacy in Resources */ = {isa = PBXBuildFile; fileRef = 1028A3B94FDF424DB787E95C /* PrivacyInfo.xcprivacy */; };
		AFAF3C0B0BCE7748415D5CCF /* ExpoModulesProvider.swift in Sources */ = {isa = PBXBuildFile; fileRef = D961777FBABCA554AC9FD9BE /* ExpoModulesProvider.swift */; };
		B407E159F4124FEA8B7C8811 /* Inter-SemiBoldItalic.otf in Resources */ = {isa = PBXBuildFile; fileRef = CBDF6B7DBBDE4F4EB2995770 /* Inter-SemiBoldItalic.otf */; };
		BB2F792D24A3F905000567C9 /* Expo.plist in Resources */ = {isa = PBXBuildFile; fileRef = BB2F792C24A3F905000567C9 /* Expo.plist */; };
		D4B383F93BD8487DB9DB91E0 /* PrivacyInfo.xcprivacy in Resources */ = {isa = PBXBuildFile; fileRef = 330FB3EEAFE24694A2069620 /* PrivacyInfo.xcprivacy */; };
		D6ED19543AFD480FA5CF9BFF /* Inter-Medium.otf in Resources */ = {isa = PBXBuildFile; fileRef = 51844A852C794A53A5656F00 /* Inter-Medium.otf */; };
		DF13690EB10E49D782945D0E /* Inter-BlackItalic.otf in Resources */ = {isa = PBXBuildFile; fileRef = 483A1B2158F7437483DB2939 /* Inter-BlackItalic.otf */; };
		E3D14C97FCA24BABB664222C /* ShareViewController.swift in Sources */ = {isa = PBXBuildFile; fileRef = 4527AE3A578F42DBAE602081 /* ShareViewController.swift */; };
		EC9F7F67B55A40CBBD23ABFA /* Inter-ExtraBoldItalic.otf in Resources */ = {isa = PBXBuildFile; fileRef = 3F2520C5B229421681B45598 /* Inter-ExtraBoldItalic.otf */; };
		F11748422D0307B40044C1D9 /* AppDelegate.swift in Sources */ = {isa = PBXBuildFile; fileRef = F11748412D0307B40044C1D9 /* AppDelegate.swift */; };
/* End PBXBuildFile section */

/* Begin PBXContainerItemProxy section */
		1E5DDC68B0C2451BB95ADA91 /* PBXContainerItemProxy */ = {
			isa = PBXContainerItemProxy;
			containerPortal = 83CBB9F71A601CBA00E9B192 /* Project object */;
			proxyType = 1;
			remoteGlobalIDString = 353C8562DF384DA980F09B7B;
			remoteInfo = SavetoJustnote;
		};
/* End PBXContainerItemProxy section */

/* Begin PBXCopyFilesBuildPhase section */
		9ED5488592E54E0F9B566942 /* Copy Files */ = {
			isa = PBXCopyFilesBuildPhase;
			buildActionMask = 2147483647;
			dstPath = "";
			dstSubfolderSpec = 13;
			files = (
				89CC6221346B46A28DFC8065 /* SavetoJustnote.appex in Copy Files */,
			);
			name = "Copy Files";
			runOnlyForDeploymentPostprocessing = 0;
		};
/* End PBXCopyFilesBuildPhase section */

/* Begin PBXFileReference section */
		01607FECB64B42878A448B6B /* Inter-LightItalic.otf */ = {isa = PBXFileReference; explicitFileType = undefined; fileEncoding = 9; includeInIndex = 0; lastKnownFileType = unknown; name = "Inter-LightItalic.otf"; path = "../src/fonts/Inter/Inter-LightItalic.otf"; sourceTree = "<group>"; };
		04C2E5382F1F769B0058447B /* StoreKit.framework */ = {isa = PBXFileReference; lastKnownFileType = wrapper.framework; name = StoreKit.framework; path = System/Library/Frameworks/StoreKit.framework; sourceTree = SDKROOT; };
		1028A3B94FDF424DB787E95C /* PrivacyInfo.xcprivacy */ = {isa = PBXFileReference; explicitFileType = undefined; fileEncoding = 9; includeInIndex = 0; lastKnownFileType = unknown; name = PrivacyInfo.xcprivacy; path = Justnote/PrivacyInfo.xcprivacy; sourceTree = "<group>"; };
		13B07F961A680F5B00A75B9A /* Justnote.app */ = {isa = PBXFileReference; explicitFileType = wrapper.application; includeInIndex = 0; path = Justnote.app; sourceTree = BUILT_PRODUCTS_DIR; };
		13B07FB51A68108700A75B9A /* Images.xcassets */ = {isa = PBXFileReference; lastKnownFileType = folder.assetcatalog; name = Images.xcassets; path = Justnote/Images.xcassets; sourceTree = "<group>"; };
		13B07FB61A68108700A75B9A /* Info.plist */ = {isa = PBXFileReference; fileEncoding = 4; lastKnownFileType = text.plist.xml; name = Info.plist; path = Justnote/Info.plist; sourceTree = "<group>"; };
		1EAADA880A354476A84FAA5C /* Inter-Bold.otf */ = {isa = PBXFileReference; explicitFileType = undefined; fileEncoding = 9; includeInIndex = 0; lastKnownFileType = unknown; name = "Inter-Bold.otf"; path = "../src/fonts/Inter/Inter-Bold.otf"; sourceTree = "<group>"; };
		220F115DFB984F16AF25CF7F /* ShareExtension-Info.plist */ = {isa = PBXFileReference; explicitFileType = undefined; fileEncoding = 4; includeInIndex = 0; lastKnownFileType = text.plist.xml; path = "ShareExtension-Info.plist"; sourceTree = "<group>"; };
		2467E49B26C747199066F09A /* Inter-ExtraBold.otf */ = {isa = PBXFileReference; explicitFileType = undefined; fileEncoding = 9; includeInIndex = 0; lastKnownFileType = unknown; name = "Inter-ExtraBold.otf"; path = "../src/fonts/Inter/Inter-ExtraBold.otf"; sourceTree = "<group>"; };
		2777FF69963A428A858EF734 /* Inter-ThinItalic.otf */ = {isa = PBXFileReference; explicitFileType = undefined; fileEncoding = 9; includeInIndex = 0; lastKnownFileType = unknown; name = "Inter-ThinItalic.otf"; path = "../src/fonts/Inter/Inter-ThinItalic.otf"; sourceTree = "<group>"; };
		31B9FDBC97484A1FBCD954DB /* ShareExtensionPreprocessor.js */ = {isa = PBXFileReference; explicitFileType = undefined; fileEncoding = 9; includeInIndex = 0; lastKnownFileType = unknown; path = ShareExtensionPreprocessor.js; sourceTree = "<group>"; };
		330FB3EEAFE24694A2069620 /* PrivacyInfo.xcprivacy */ = {isa = PBXFileReference; explicitFileType = undefined; fileEncoding = 9; includeInIndex = 0; lastKnownFileType = unknown; path = PrivacyInfo.xcprivacy; sourceTree = "<group>"; };
		384F389B68B449BD8ADE896B /* Inter-SemiBold.otf */ = {isa = PBXFileReference; explicitFileType = undefined; fileEncoding = 9; includeInIndex = 0; lastKnownFileType = unknown; name = "Inter-SemiBold.otf"; path = "../src/fonts/Inter/Inter-SemiBold.otf"; sourceTree = "<group>"; };
		3F2520C5B229421681B45598 /* Inter-ExtraBoldItalic.otf */ = {isa = PBXFileReference; explicitFileType = undefined; fileEncoding = 9; includeInIndex = 0; lastKnownFileType = unknown; name = "Inter-ExtraBoldItalic.otf"; path = "../src/fonts/Inter/Inter-ExtraBoldItalic.otf"; sourceTree = "<group>"; };
		3F269FCFAA1B65E7B1FE1BEF /* Pods-Justnote.release.xcconfig */ = {isa = PBXFileReference; includeInIndex = 1; lastKnownFileType = text.xcconfig; name = "Pods-Justnote.release.xcconfig"; path = "Target Support Files/Pods-Justnote/Pods-Justnote.release.xcconfig"; sourceTree = "<group>"; };
		4527AE3A578F42DBAE602081 /* ShareViewController.swift */ = {isa = PBXFileReference; explicitFileType = undefined; fileEncoding = 4; includeInIndex = 0; lastKnownFileType = sourcecode.swift; path = ShareViewController.swift; sourceTree = "<group>"; };
		483A1B2158F7437483DB2939 /* Inter-BlackItalic.otf */ = {isa = PBXFileReference; explicitFileType = undefined; fileEncoding = 9; includeInIndex = 0; lastKnownFileType = unknown; name = "Inter-BlackItalic.otf"; path = "../src/fonts/Inter/Inter-BlackItalic.otf"; sourceTree = "<group>"; };
		51844A852C794A53A5656F00 /* Inter-Medium.otf */ = {isa = PBXFileReference; explicitFileType = undefined; fileEncoding = 9; includeInIndex = 0; lastKnownFileType = unknown; name = "Inter-Medium.otf"; path = "../src/fonts/Inter/Inter-Medium.otf"; sourceTree = "<group>"; };
		5365178C71CA45B4B79DD20E /* MainInterface.storyboard */ = {isa = PBXFileReference; explicitFileType = undefined; fileEncoding = 9; includeInIndex = 0; lastKnownFileType = unknown; path = MainInterface.storyboard; sourceTree = "<group>"; };
		549D480373B6422792C634F2 /* Inter-BoldItalic.otf */ = {isa = PBXFileReference; explicitFileType = undefined; fileEncoding = 9; includeInIndex = 0; lastKnownFileType = unknown; name = "Inter-BoldItalic.otf"; path = "../src/fonts/Inter/Inter-BoldItalic.otf"; sourceTree = "<group>"; };
		54AC969DA94A4DFD9750AC49 /* Inter-Black.otf */ = {isa = PBXFileReference; explicitFileType = undefined; fileEncoding = 9; includeInIndex = 0; lastKnownFileType = unknown; name = "Inter-Black.otf"; path = "../src/fonts/Inter/Inter-Black.otf"; sourceTree = "<group>"; };
		578C0E27371347A9B280DE0F /* Inter-ExtraLight.otf */ = {isa = PBXFileReference; explicitFileType = undefined; fileEncoding = 9; includeInIndex = 0; lastKnownFileType = unknown; name = "Inter-ExtraLight.otf"; path = "../src/fonts/Inter/Inter-ExtraLight.otf"; sourceTree = "<group>"; };
		768E641E3A9D4544A4EA9480 /* Inter-Italic.otf */ = {isa = PBXFileReference; explicitFileType = undefined; fileEncoding = 9; includeInIndex = 0; lastKnownFileType = unknown; name = "Inter-Italic.otf"; path = "../src/fonts/Inter/Inter-Italic.otf"; sourceTree = "<group>"; };
		80D71784D65A4D9688EC5FB2 /* Inter-ExtraLightItalic.otf */ = {isa = PBXFileReference; explicitFileType = undefined; fileEncoding = 9; includeInIndex = 0; lastKnownFileType = unknown; name = "Inter-ExtraLightItalic.otf"; path = "../src/fonts/Inter/Inter-ExtraLightItalic.otf"; sourceTree = "<group>"; };
		8FB4AAA4DE05D696D1C3F75E /* libPods-Justnote.a */ = {isa = PBXFileReference; explicitFileType = archive.ar; includeInIndex = 0; path = "libPods-Justnote.a"; sourceTree = BUILT_PRODUCTS_DIR; };
		AA286B85B6C04FC6940260E9 /* SplashScreen.storyboard */ = {isa = PBXFileReference; fileEncoding = 4; lastKnownFileType = file.storyboard; name = SplashScreen.storyboard; path = Justnote/SplashScreen.storyboard; sourceTree = "<group>"; };
		AEFD672FC77294793660944A /* Pods-Justnote.debug.xcconfig */ = {isa = PBXFileReference; includeInIndex = 1; lastKnownFileType = text.xcconfig; name = "Pods-Justnote.debug.xcconfig"; path = "Target Support Files/Pods-Justnote/Pods-Justnote.debug.xcconfig"; sourceTree = "<group>"; };
		B44BC852BD1A4B3B8FCA4463 /* Inter-MediumItalic.otf */ = {isa = PBXFileReference; explicitFileType = undefined; fileEncoding = 9; includeInIndex = 0; lastKnownFileType = unknown; name = "Inter-MediumItalic.otf"; path = "../src/fonts/Inter/Inter-MediumItalic.otf"; sourceTree = "<group>"; };
		BB2F792C24A3F905000567C9 /* Expo.plist */ = {isa = PBXFileReference; fileEncoding = 4; lastKnownFileType = text.plist.xml; path = Expo.plist; sourceTree = "<group>"; };
		C3637C9F9FA64ABFB87F7A05 /* Inter-Light.otf */ = {isa = PBXFileReference; explicitFileType = undefined; fileEncoding = 9; includeInIndex = 0; lastKnownFileType = unknown; name = "Inter-Light.otf"; path = "../src/fonts/Inter/Inter-Light.otf"; sourceTree = "<group>"; };
		CBDF6B7DBBDE4F4EB2995770 /* Inter-SemiBoldItalic.otf */ = {isa = PBXFileReference; explicitFileType = undefined; fileEncoding = 9; includeInIndex = 0; lastKnownFileType = unknown; name = "Inter-SemiBoldItalic.otf"; path = "../src/fonts/Inter/Inter-SemiBoldItalic.otf"; sourceTree = "<group>"; };
		D1528A62A0E2414DBACD4586 /* ShareExtension.entitlements */ = {isa = PBXFileReference; explicitFileType = undefined; fileEncoding = 9; includeInIndex = 0; lastKnownFileType = unknown; path = ShareExtension.entitlements; sourceTree = "<group>"; };
		D961777FBABCA554AC9FD9BE /* ExpoModulesProvider.swift */ = {isa = PBXFileReference; includeInIndex = 1; lastKnownFileType = sourcecode.swift; name = ExpoModulesProvider.swift; path = "Pods/Target Support Files/Pods-Justnote/ExpoModulesProvider.swift"; sourceTree = "<group>"; };
		DC97AB7DC3554081A59B03AE /* SavetoJustnote.appex */ = {isa = PBXFileReference; explicitFileType = "wrapper.app-extension"; fileEncoding = 9; includeInIndex = 0; path = SavetoJustnote.appex; sourceTree = BUILT_PRODUCTS_DIR; };
		DE4D57716A1D4ADFA3E398F0 /* Inter-Thin.otf */ = {isa = PBXFileReference; explicitFileType = undefined; fileEncoding = 9; includeInIndex = 0; lastKnownFileType = unknown; name = "Inter-Thin.otf"; path = "../src/fonts/Inter/Inter-Thin.otf"; sourceTree = "<group>"; };
		ED297162215061F000B7C4FE /* JavaScriptCore.framework */ = {isa = PBXFileReference; lastKnownFileType = wrapper.framework; name = JavaScriptCore.framework; path = System/Library/Frameworks/JavaScriptCore.framework; sourceTree = SDKROOT; };
		F11748412D0307B40044C1D9 /* AppDelegate.swift */ = {isa = PBXFileReference; lastKnownFileType = sourcecode.swift; name = AppDelegate.swift; path = Justnote/AppDelegate.swift; sourceTree = "<group>"; };
		F11748442D0722820044C1D9 /* Justnote-Bridging-Header.h */ = {isa = PBXFileReference; lastKnownFileType = sourcecode.c.h; name = "Justnote-Bridging-Header.h"; path = "Justnote/Justnote-Bridging-Header.h"; sourceTree = "<group>"; };
		FEC18D9758AC4B6088F2285D /* Inter-Regular.otf */ = {isa = PBXFileReference; explicitFileType = undefined; fileEncoding = 9; includeInIndex = 0; lastKnownFileType = unknown; name = "Inter-Regular.otf"; path = "../src/fonts/Inter/Inter-Regular.otf"; sourceTree = "<group>"; };
/* End PBXFileReference section */

/* Begin PBXFrameworksBuildPhase section */
		13B07F8C1A680F5B00A75B9A /* Frameworks */ = {
			isa = PBXFrameworksBuildPhase;
			buildActionMask = 2147483647;
			files = (
				638B28437F8903D6F45B9302 /* libPods-Justnote.a in Frameworks */,
				04C2E5392F1F769B0058447B /* StoreKit.framework in Frameworks */,
			);
			runOnlyForDeploymentPostprocessing = 0;
		};
		6AFD0E956ABC4CFFAE49CD87 /* Frameworks */ = {
			isa = PBXFrameworksBuildPhase;
			buildActionMask = 2147483647;
			files = (
			);
			runOnlyForDeploymentPostprocessing = 0;
		};
/* End PBXFrameworksBuildPhase section */

/* Begin PBXGroup section */
		13B07FAE1A68108700A75B9A /* Justnote */ = {
			isa = PBXGroup;
			children = (
				F11748412D0307B40044C1D9 /* AppDelegate.swift */,
				F11748442D0722820044C1D9 /* Justnote-Bridging-Header.h */,
				BB2F792B24A3F905000567C9 /* Supporting */,
				13B07FB51A68108700A75B9A /* Images.xcassets */,
				13B07FB61A68108700A75B9A /* Info.plist */,
				AA286B85B6C04FC6940260E9 /* SplashScreen.storyboard */,
				1028A3B94FDF424DB787E95C /* PrivacyInfo.xcprivacy */,
			);
			name = Justnote;
			sourceTree = "<group>";
		};
		1C9EABAE8B5348EBAEAD7DBB /* SavetoJustnote */ = {
			isa = PBXGroup;
			children = (
				4527AE3A578F42DBAE602081 /* ShareViewController.swift */,
				5365178C71CA45B4B79DD20E /* MainInterface.storyboard */,
				31B9FDBC97484A1FBCD954DB /* ShareExtensionPreprocessor.js */,
				330FB3EEAFE24694A2069620 /* PrivacyInfo.xcprivacy */,
				220F115DFB984F16AF25CF7F /* ShareExtension-Info.plist */,
				D1528A62A0E2414DBACD4586 /* ShareExtension.entitlements */,
			);
			path = SavetoJustnote;
			sourceTree = "<group>";
		};
		2D16E6871FA4F8E400B85C8A /* Frameworks */ = {
			isa = PBXGroup;
			children = (
				04C2E5382F1F769B0058447B /* StoreKit.framework */,
				ED297162215061F000B7C4FE /* JavaScriptCore.framework */,
				8FB4AAA4DE05D696D1C3F75E /* libPods-Justnote.a */,
			);
			name = Frameworks;
			sourceTree = "<group>";
		};
		370C0DA1E28E86C5B2F7E6CF /* Pods */ = {
			isa = PBXGroup;
			children = (
				AEFD672FC77294793660944A /* Pods-Justnote.debug.xcconfig */,
				3F269FCFAA1B65E7B1FE1BEF /* Pods-Justnote.release.xcconfig */,
			);
			path = Pods;
			sourceTree = "<group>";
		};
		65E104E48F17473FB393697C /* Resources */ = {
			isa = PBXGroup;
			children = (
				483A1B2158F7437483DB2939 /* Inter-BlackItalic.otf */,
				54AC969DA94A4DFD9750AC49 /* Inter-Black.otf */,
				549D480373B6422792C634F2 /* Inter-BoldItalic.otf */,
				1EAADA880A354476A84FAA5C /* Inter-Bold.otf */,
				3F2520C5B229421681B45598 /* Inter-ExtraBoldItalic.otf */,
				2467E49B26C747199066F09A /* Inter-ExtraBold.otf */,
				80D71784D65A4D9688EC5FB2 /* Inter-ExtraLightItalic.otf */,
				578C0E27371347A9B280DE0F /* Inter-ExtraLight.otf */,
				768E641E3A9D4544A4EA9480 /* Inter-Italic.otf */,
				01607FECB64B42878A448B6B /* Inter-LightItalic.otf */,
				C3637C9F9FA64ABFB87F7A05 /* Inter-Light.otf */,
				B44BC852BD1A4B3B8FCA4463 /* Inter-MediumItalic.otf */,
				51844A852C794A53A5656F00 /* Inter-Medium.otf */,
				FEC18D9758AC4B6088F2285D /* Inter-Regular.otf */,
				CBDF6B7DBBDE4F4EB2995770 /* Inter-SemiBoldItalic.otf */,
				384F389B68B449BD8ADE896B /* Inter-SemiBold.otf */,
				2777FF69963A428A858EF734 /* Inter-ThinItalic.otf */,
				DE4D57716A1D4ADFA3E398F0 /* Inter-Thin.otf */,
			);
			name = Resources;
			sourceTree = "<group>";
		};
		832341AE1AAA6A7D00B99B32 /* Libraries */ = {
			isa = PBXGroup;
			children = (
			);
			name = Libraries;
			sourceTree = "<group>";
		};
		83CBB9F61A601CBA00E9B192 = {
			isa = PBXGroup;
			children = (
				13B07FAE1A68108700A75B9A /* Justnote */,
				832341AE1AAA6A7D00B99B32 /* Libraries */,
				83CBBA001A601CBA00E9B192 /* Products */,
				2D16E6871FA4F8E400B85C8A /* Frameworks */,
				1C9EABAE8B5348EBAEAD7DBB /* SavetoJustnote */,
				65E104E48F17473FB393697C /* Resources */,
				370C0DA1E28E86C5B2F7E6CF /* Pods */,
				A4B4D72A5460D9ED239112F8 /* ExpoModulesProviders */,
			);
			indentWidth = 2;
			sourceTree = "<group>";
			tabWidth = 2;
			usesTabs = 0;
		};
		83CBBA001A601CBA00E9B192 /* Products */ = {
			isa = PBXGroup;
			children = (
				13B07F961A680F5B00A75B9A /* Justnote.app */,
				DC97AB7DC3554081A59B03AE /* SavetoJustnote.appex */,
			);
			name = Products;
			sourceTree = "<group>";
		};
		A4B4D72A5460D9ED239112F8 /* ExpoModulesProviders */ = {
			isa = PBXGroup;
			children = (
				D93879105F9A69EC808B4F86 /* Justnote */,
			);
			name = ExpoModulesProviders;
			sourceTree = "<group>";
		};
		BB2F792B24A3F905000567C9 /* Supporting */ = {
			isa = PBXGroup;
			children = (
				BB2F792C24A3F905000567C9 /* Expo.plist */,
			);
			name = Supporting;
			path = Justnote/Supporting;
			sourceTree = "<group>";
		};
		D93879105F9A69EC808B4F86 /* Justnote */ = {
			isa = PBXGroup;
			children = (
				D961777FBABCA554AC9FD9BE /* ExpoModulesProvider.swift */,
			);
			name = Justnote;
			sourceTree = "<group>";
		};
/* End PBXGroup section */

/* Begin PBXNativeTarget section */
		13B07F861A680F5B00A75B9A /* Justnote */ = {
			isa = PBXNativeTarget;
			buildConfigurationList = 13B07F931A680F5B00A75B9A /* Build configuration list for PBXNativeTarget "Justnote" */;
			buildPhases = (
				08A4A3CD28434E44B6B9DE2E /* [CP] Check Pods Manifest.lock */,
				DE8C68C0C75F25EB0876C64B /* [Expo] Configure project */,
				13B07F871A680F5B00A75B9A /* Sources */,
				13B07F8C1A680F5B00A75B9A /* Frameworks */,
				13B07F8E1A680F5B00A75B9A /* Resources */,
				00DD1BFF1BD5951E006B06BC /* Bundle React Native code and images */,
				800E24972A6A228C8D4807E9 /* [CP] Copy Pods Resources */,
				9ED5488592E54E0F9B566942 /* Copy Files */,
				70BFF2798E5E6CED2F38661E /* [CP] Embed Pods Frameworks */,
			);
			buildRules = (
			);
			dependencies = (
				23FC64C12FFC402CA451D475 /* PBXTargetDependency */,
			);
			name = Justnote;
			productName = Justnote;
			productReference = 13B07F961A680F5B00A75B9A /* Justnote.app */;
			productType = "com.apple.product-type.application";
		};
		353C8562DF384DA980F09B7B /* SavetoJustnote */ = {
			isa = PBXNativeTarget;
			buildConfigurationList = 1ECCDF53B5CE45C78D10EAA2 /* Build configuration list for PBXNativeTarget "SavetoJustnote" */;
			buildPhases = (
				6081A39B290F46EDB91932C0 /* Sources */,
				B382C2E58F8A4DAC8620CD6F /* Resources */,
				6AFD0E956ABC4CFFAE49CD87 /* Frameworks */,
			);
			buildRules = (
			);
			dependencies = (
			);
			name = SavetoJustnote;
			productName = SavetoJustnote;
			productReference = DC97AB7DC3554081A59B03AE /* SavetoJustnote.appex */;
			productType = "com.apple.product-type.app-extension";
		};
/* End PBXNativeTarget section */

/* Begin PBXProject section */
		83CBB9F71A601CBA00E9B192 /* Project object */ = {
			isa = PBXProject;
			attributes = {
				LastUpgradeCheck = 1130;
				TargetAttributes = {
					13B07F861A680F5B00A75B9A = {
						DevelopmentTeam = DZ8XN7425J;
						LastSwiftMigration = 1250;
					};
				};
			};
			buildConfigurationList = 83CBB9FA1A601CBA00E9B192 /* Build configuration list for PBXProject "Justnote" */;
			compatibilityVersion = "Xcode 3.2";
			developmentRegion = en;
			hasScannedForEncodings = 0;
			knownRegions = (
				en,
				Base,
			);
			mainGroup = 83CBB9F61A601CBA00E9B192;
			productRefGroup = 83CBBA001A601CBA00E9B192 /* Products */;
			projectDirPath = "";
			projectRoot = "";
			targets = (
				13B07F861A680F5B00A75B9A /* Justnote */,
				353C8562DF384DA980F09B7B /* SavetoJustnote */,
			);
		};
/* End PBXProject section */

/* Begin PBXResourcesBuildPhase section */
		13B07F8E1A680F5B00A75B9A /* Resources */ = {
			isa = PBXResourcesBuildPhase;
			buildActionMask = 2147483647;
			files = (
				BB2F792D24A3F905000567C9 /* Expo.plist in Resources */,
				13B07FBF1A68108700A75B9A /* Images.xcassets in Resources */,
				3E461D99554A48A4959DE609 /* SplashScreen.storyboard in Resources */,
				A9F5AA8D1184436AB17D5B28 /* PrivacyInfo.xcprivacy in Resources */,
				DF13690EB10E49D782945D0E /* Inter-BlackItalic.otf in Resources */,
				80FA704625D740FDBE4E4585 /* Inter-Black.otf in Resources */,
				52E6AB8CF74042369C63AE19 /* Inter-BoldItalic.otf in Resources */,
				78D0AD85934F4312BA05608D /* Inter-Bold.otf in Resources */,
				EC9F7F67B55A40CBBD23ABFA /* Inter-ExtraBoldItalic.otf in Resources */,
				185528DBD5FA485F81DB58FB /* Inter-ExtraBold.otf in Resources */,
				3EE86A07A22E463C9AD54CD5 /* Inter-ExtraLightItalic.otf in Resources */,
				07B605B40E014EBE9A27D9DC /* Inter-ExtraLight.otf in Resources */,
				5D9B39E9EC6543A29416A8F6 /* Inter-Italic.otf in Resources */,
				006BC24BCF694A3DB17BD6BF /* Inter-LightItalic.otf in Resources */,
				364D0521E72F43AABCA8002E /* Inter-Light.otf in Resources */,
				2B75504114B942CA80EE1275 /* Inter-MediumItalic.otf in Resources */,
				D6ED19543AFD480FA5CF9BFF /* Inter-Medium.otf in Resources */,
				503AC73A28BA482780DA2589 /* Inter-Regular.otf in Resources */,
				B407E159F4124FEA8B7C8811 /* Inter-SemiBoldItalic.otf in Resources */,
				6FED777E72BD4A09AA7832EF /* Inter-SemiBold.otf in Resources */,
				31CB959BDFA641F491403CF9 /* Inter-ThinItalic.otf in Resources */,
				83CB5AA136E247BF9CF6179D /* Inter-Thin.otf in Resources */,
			);
			runOnlyForDeploymentPostprocessing = 0;
		};
		B382C2E58F8A4DAC8620CD6F /* Resources */ = {
			isa = PBXResourcesBuildPhase;
			buildActionMask = 2147483647;
			files = (
				6805D8F7276A447298F2D874 /* MainInterface.storyboard in Resources */,
				19A2F5355F2E423189D7498E /* ShareExtensionPreprocessor.js in Resources */,
				D4B383F93BD8487DB9DB91E0 /* PrivacyInfo.xcprivacy in Resources */,
			);
			runOnlyForDeploymentPostprocessing = 0;
		};
/* End PBXResourcesBuildPhase section */

/* Begin PBXShellScriptBuildPhase section */
		00DD1BFF1BD5951E006B06BC /* Bundle React Native code and images */ = {
			isa = PBXShellScriptBuildPhase;
			alwaysOutOfDate = 1;
			buildActionMask = 2147483647;
			files = (
			);
			inputPaths = (
				"$(SRCROOT)/.xcode.env",
				"$(SRCROOT)/.xcode.env.local",
			);
			name = "Bundle React Native code and images";
			outputPaths = (
			);
			runOnlyForDeploymentPostprocessing = 0;
			shellPath = /bin/sh;
			shellScript = "if [[ -f \"$PODS_ROOT/../.xcode.env\" ]]; then\n  source \"$PODS_ROOT/../.xcode.env\"\nfi\nif [[ -f \"$PODS_ROOT/../.xcode.env.local\" ]]; then\n  source \"$PODS_ROOT/../.xcode.env.local\"\nfi\n\n# The project root by default is one level up from the ios directory\nexport PROJECT_ROOT=\"$PROJECT_DIR\"/..\n\nif [[ \"$CONFIGURATION\" = *Debug* ]]; then\n  export SKIP_BUNDLING=1\nfi\nif [[ -z \"$ENTRY_FILE\" ]]; then\n  # Set the entry JS file using the bundler's entry resolution.\n  export ENTRY_FILE=\"$(\"$NODE_BINARY\" -e \"require('expo/scripts/resolveAppEntry')\" \"$PROJECT_ROOT\" ios absolute | tail -n 1)\"\nfi\n\nif [[ -z \"$CLI_PATH\" ]]; then\n  # Use Expo CLI\n  export CLI_PATH=\"$(\"$NODE_BINARY\" --print \"require.resolve('@expo/cli', { paths: [require.resolve('expo/package.json')] })\")\"\nfi\nif [[ -z \"$BUNDLE_COMMAND\" ]]; then\n  # Default Expo CLI command for bundling\n  export BUNDLE_COMMAND=\"export:embed\"\nfi\n\n# Source .xcode.env.updates if it exists to allow\n# SKIP_BUNDLING to be unset if needed\nif [[ -f \"$PODS_ROOT/../.xcode.env.updates\" ]]; then\n  source \"$PODS_ROOT/../.xcode.env.updates\"\nfi\n# Source local changes to allow overrides\n# if needed\nif [[ -f \"$PODS_ROOT/../.xcode.env.local\" ]]; then\n  source \"$PODS_ROOT/../.xcode.env.local\"\nfi\n\n`\"$NODE_BINARY\" --print \"require('path').dirname(require.resolve('react-native/package.json')) + '/scripts/react-native-xcode.sh'\"`\n\n";
		};
		08A4A3CD28434E44B6B9DE2E /* [CP] Check Pods Manifest.lock */ = {
			isa = PBXShellScriptBuildPhase;
			buildActionMask = 2147483647;
			files = (
			);
			inputFileListPaths = (
			);
			inputPaths = (
				"${PODS_PODFILE_DIR_PATH}/Podfile.lock",
				"${PODS_ROOT}/Manifest.lock",
			);
			name = "[CP] Check Pods Manifest.lock";
			outputFileListPaths = (
			);
			outputPaths = (
				"$(DERIVED_FILE_DIR)/Pods-Justnote-checkManifestLockResult.txt",
			);
			runOnlyForDeploymentPostprocessing = 0;
			shellPath = /bin/sh;
			shellScript = "diff \"${PODS_PODFILE_DIR_PATH}/Podfile.lock\" \"${PODS_ROOT}/Manifest.lock\" > /dev/null\nif [ $? != 0 ] ; then\n    # print error to STDERR\n    echo \"error: The sandbox is not in sync with the Podfile.lock. Run 'pod install' or update your CocoaPods installation.\" >&2\n    exit 1\nfi\n# This output is used by Xcode 'outputs' to avoid re-running this script phase.\necho \"SUCCESS\" > \"${SCRIPT_OUTPUT_FILE_0}\"\n";
			showEnvVarsInLog = 0;
		};
		70BFF2798E5E6CED2F38661E /* [CP] Embed Pods Frameworks */ = {
			isa = PBXShellScriptBuildPhase;
			buildActionMask = 2147483647;
			files = (
			);
			inputPaths = (
				"${PODS_ROOT}/Target Support Files/Pods-Justnote/Pods-Justnote-frameworks.sh",
				"${PODS_XCFRAMEWORKS_BUILD_DIR}/React-Core-prebuilt/React.framework/React",
				"${PODS_XCFRAMEWORKS_BUILD_DIR}/ReactNativeDependencies/ReactNativeDependencies.framework/ReactNativeDependencies",
				"${PODS_XCFRAMEWORKS_BUILD_DIR}/hermes-engine/Pre-built/hermes.framework/hermes",
			);
			name = "[CP] Embed Pods Frameworks";
			outputPaths = (
				"${TARGET_BUILD_DIR}/${FRAMEWORKS_FOLDER_PATH}/React.framework",
				"${TARGET_BUILD_DIR}/${FRAMEWORKS_FOLDER_PATH}/ReactNativeDependencies.framework",
				"${TARGET_BUILD_DIR}/${FRAMEWORKS_FOLDER_PATH}/hermes.framework",
			);
			runOnlyForDeploymentPostprocessing = 0;
			shellPath = /bin/sh;
			shellScript = "\"${PODS_ROOT}/Target Support Files/Pods-Justnote/Pods-Justnote-frameworks.sh\"\n";
			showEnvVarsInLog = 0;
		};
		800E24972A6A228C8D4807E9 /* [CP] Copy Pods Resources */ = {
			isa = PBXShellScriptBuildPhase;
			buildActionMask = 2147483647;
			files = (
			);
			inputPaths = (
				"${PODS_ROOT}/Target Support Files/Pods-Justnote/Pods-Justnote-resources.sh",
				"${PODS_CONFIGURATION_BUILD_DIR}/Blockstack/Blockstack.bundle",
				"${PODS_CONFIGURATION_BUILD_DIR}/EXConstants/EXConstants.bundle",
				"${PODS_CONFIGURATION_BUILD_DIR}/EXConstants/ExpoConstants_privacy.bundle",
				"${PODS_CONFIGURATION_BUILD_DIR}/ExpoFileSystem/ExpoFileSystem_privacy.bundle",
				"${PODS_CONFIGURATION_BUILD_DIR}/ExpoLocalization/ExpoLocalization_privacy.bundle",
				"${PODS_CONFIGURATION_BUILD_DIR}/ExpoSystemUI/ExpoSystemUI_privacy.bundle",
				"${PODS_CONFIGURATION_BUILD_DIR}/PromisesObjC/FBLPromises_Privacy.bundle",
				"${PODS_CONFIGURATION_BUILD_DIR}/PromisesSwift/Promises_Privacy.bundle",
				"${PODS_CONFIGURATION_BUILD_DIR}/RNSVG/RNSVGFilters.bundle",
				"${PODS_CONFIGURATION_BUILD_DIR}/React-Core/React-Core_privacy.bundle",
				"${PODS_CONFIGURATION_BUILD_DIR}/React-cxxreact/React-cxxreact_privacy.bundle",
				"${PODS_CONFIGURATION_BUILD_DIR}/SDWebImage/SDWebImage.bundle",
				"${PODS_CONFIGURATION_BUILD_DIR}/SSZipArchive/SSZipArchive.bundle",
				"${PODS_CONFIGURATION_BUILD_DIR}/ZIPFoundation/ZIPFoundation_Privacy.bundle",
				"${PODS_CONFIGURATION_BUILD_DIR}/expo-dev-launcher/EXDevLauncher.bundle",
				"${PODS_CONFIGURATION_BUILD_DIR}/expo-dev-menu/EXDevMenu.bundle",
			);
			name = "[CP] Copy Pods Resources";
			outputPaths = (
				"${TARGET_BUILD_DIR}/${UNLOCALIZED_RESOURCES_FOLDER_PATH}/Blockstack.bundle",
				"${TARGET_BUILD_DIR}/${UNLOCALIZED_RESOURCES_FOLDER_PATH}/EXConstants.bundle",
				"${TARGET_BUILD_DIR}/${UNLOCALIZED_RESOURCES_FOLDER_PATH}/ExpoConstants_privacy.bundle",
				"${TARGET_BUILD_DIR}/${UNLOCALIZED_RESOURCES_FOLDER_PATH}/ExpoFileSystem_privacy.bundle",
				"${TARGET_BUILD_DIR}/${UNLOCALIZED_RESOURCES_FOLDER_PATH}/ExpoLocalization_privacy.bundle",
				"${TARGET_BUILD_DIR}/${UNLOCALIZED_RESOURCES_FOLDER_PATH}/ExpoSystemUI_privacy.bundle",
				"${TARGET_BUILD_DIR}/${UNLOCALIZED_RESOURCES_FOLDER_PATH}/FBLPromises_Privacy.bundle",
				"${TARGET_BUILD_DIR}/${UNLOCALIZED_RESOURCES_FOLDER_PATH}/Promises_Privacy.bundle",
				"${TARGET_BUILD_DIR}/${UNLOCALIZED_RESOURCES_FOLDER_PATH}/RNSVGFilters.bundle",
				"${TARGET_BUILD_DIR}/${UNLOCALIZED_RESOURCES_FOLDER_PATH}/React-Core_privacy.bundle",
				"${TARGET_BUILD_DIR}/${UNLOCALIZED_RESOURCES_FOLDER_PATH}/React-cxxreact_privacy.bundle",
				"${TARGET_BUILD_DIR}/${UNLOCALIZED_RESOURCES_FOLDER_PATH}/SDWebImage.bundle",
				"${TARGET_BUILD_DIR}/${UNLOCALIZED_RESOURCES_FOLDER_PATH}/SSZipArchive.bundle",
				"${TARGET_BUILD_DIR}/${UNLOCALIZED_RESOURCES_FOLDER_PATH}/ZIPFoundation_Privacy.bundle",
				"${TARGET_BUILD_DIR}/${UNLOCALIZED_RESOURCES_FOLDER_PATH}/EXDevLauncher.bundle",
				"${TARGET_BUILD_DIR}/${UNLOCALIZED_RESOURCES_FOLDER_PATH}/EXDevMenu.bundle",
			);
			runOnlyForDeploymentPostprocessing = 0;
			shellPath = /bin/sh;
			shellScript = "\"${PODS_ROOT}/Target Support Files/Pods-Justnote/Pods-Justnote-resources.sh\"\n";
			showEnvVarsInLog = 0;
		};
		DE8C68C0C75F25EB0876C64B /* [Expo] Configure project */ = {
			isa = PBXShellScriptBuildPhase;
			alwaysOutOfDate = 1;
			buildActionMask = 2147483647;
			files = (
			);
			inputFileListPaths = (
			);
			inputPaths = (
				"$(SRCROOT)/.xcode.env",
				"$(SRCROOT)/.xcode.env.local",
				"$(SRCROOT)/Justnote/Justnote.entitlements",
				"$(SRCROOT)/Pods/Target Support Files/Pods-Justnote/expo-configure-project.sh",
			);
			name = "[Expo] Configure project";
			outputFileListPaths = (
			);
			outputPaths = (
				"$(SRCROOT)/Pods/Target Support Files/Pods-Justnote/ExpoModulesProvider.swift",
			);
			runOnlyForDeploymentPostprocessing = 0;
			shellPath = /bin/sh;
			shellScript = "# This script configures Expo modules and generates the modules provider file.\nbash -l -c \"./Pods/Target\\ Support\\ Files/Pods-Justnote/expo-configure-project.sh\"\n";
		};
/* End PBXShellScriptBuildPhase section */

/* Begin PBXSourcesBuildPhase section */
		13B07F871A680F5B00A75B9A /* Sources */ = {
			isa = PBXSourcesBuildPhase;
			buildActionMask = 2147483647;
			files = (
				F11748422D0307B40044C1D9 /* AppDelegate.swift in Sources */,
				AFAF3C0B0BCE7748415D5CCF /* ExpoModulesProvider.swift in Sources */,
			);
			runOnlyForDeploymentPostprocessing = 0;
		};
		6081A39B290F46EDB91932C0 /* Sources */ = {
			isa = PBXSourcesBuildPhase;
			buildActionMask = 2147483647;
			files = (
				E3D14C97FCA24BABB664222C /* ShareViewController.swift in Sources */,
			);
			runOnlyForDeploymentPostprocessing = 0;
		};
/* End PBXSourcesBuildPhase section */

/* Begin PBXTargetDependency section */
		23FC64C12FFC402CA451D475 /* PBXTargetDependency */ = {
			isa = PBXTargetDependency;
			target = 353C8562DF384DA980F09B7B /* SavetoJustnote */;
			targetProxy = 1E5DDC68B0C2451BB95ADA91 /* PBXContainerItemProxy */;
		};
/* End PBXTargetDependency section */

/* Begin XCBuildConfiguration section */
		13B07F941A680F5B00A75B9A /* Debug */ = {
			isa = XCBuildConfiguration;
			baseConfigurationReference = AEFD672FC77294793660944A /* Pods-Justnote.debug.xcconfig */;
			buildSettings = {
				ASSETCATALOG_COMPILER_APPICON_NAME = AppIcon;
				CLANG_ENABLE_MODULES = YES;
				CODE_SIGN_ENTITLEMENTS = Justnote/Justnote.entitlements;
				CURRENT_PROJECT_VERSION = 1;
				DEVELOPMENT_TEAM = DZ8XN7425J;
				ENABLE_BITCODE = NO;
				GCC_PREPROCESSOR_DEFINITIONS = (
					"$(inherited)",
					"FB_SONARKIT_ENABLED=1",
				);
				INFOPLIST_FILE = Justnote/Info.plist;
				INFOPLIST_KEY_CFBundleDisplayName = Justnote;
				INFOPLIST_KEY_LSApplicationCategoryType = "public.app-category.productivity";
				IPHONEOS_DEPLOYMENT_TARGET = 15.5;
				LD_RUNPATH_SEARCH_PATHS = (
					"$(inherited)",
					"@executable_path/Frameworks",
				);
				MARKETING_VERSION = 0.36.0;
				OTHER_LDFLAGS = (
					"$(inherited)",
					"-ObjC",
					"-lc++",
				);
				OTHER_SWIFT_FLAGS = "$(inherited) -D EXPO_CONFIGURATION_DEBUG";
				PRODUCT_BUNDLE_IDENTIFIER = com.justnotecc.justnote;
				PRODUCT_NAME = Justnote;
				SWIFT_OBJC_BRIDGING_HEADER = "Justnote/Justnote-Bridging-Header.h";
				SWIFT_OPTIMIZATION_LEVEL = "-Onone";
				SWIFT_VERSION = 5.0;
				TARGETED_DEVICE_FAMILY = "1,2";
				VERSIONING_SYSTEM = "apple-generic";
			};
			name = Debug;
		};
		13B07F951A680F5B00A75B9A /* Release */ = {
			isa = XCBuildConfiguration;
			baseConfigurationReference = 3F269FCFAA1B65E7B1FE1BEF /* Pods-Justnote.release.xcconfig */;
			buildSettings = {
				ASSETCATALOG_COMPILER_APPICON_NAME = AppIcon;
				CLANG_ENABLE_MODULES = YES;
				CODE_SIGN_ENTITLEMENTS = Justnote/Justnote.entitlements;
				CURRENT_PROJECT_VERSION = 1;
				DEVELOPMENT_TEAM = DZ8XN7425J;
				INFOPLIST_FILE = Justnote/Info.plist;
				INFOPLIST_KEY_CFBundleDisplayName = Justnote;
				INFOPLIST_KEY_LSApplicationCategoryType = "public.app-category.productivity";
				IPHONEOS_DEPLOYMENT_TARGET = 15.5;
				LD_RUNPATH_SEARCH_PATHS = (
					"$(inherited)",
					"@executable_path/Frameworks",
				);
				MARKETING_VERSION = 0.36.0;
				OTHER_LDFLAGS = (
					"$(inherited)",
					"-ObjC",
					"-lc++",
				);
				OTHER_SWIFT_FLAGS = "$(inherited) -D EXPO_CONFIGURATION_RELEASE";
				PRODUCT_BUNDLE_IDENTIFIER = com.justnotecc.justnote;
				PRODUCT_NAME = Justnote;
				SWIFT_OBJC_BRIDGING_HEADER = "Justnote/Justnote-Bridging-Header.h";
				SWIFT_VERSION = 5.0;
				TARGETED_DEVICE_FAMILY = "1,2";
				VERSIONING_SYSTEM = "apple-generic";
			};
			name = Release;
		};
		3CC30CE480544F53A977BAD8 /* Release */ = {
			isa = XCBuildConfiguration;
			buildSettings = {
				CLANG_ENABLE_MODULES = YES;
				CODE_SIGN_ENTITLEMENTS = SavetoJustnote/ShareExtension.entitlements;
				CODE_SIGN_STYLE = Automatic;
				CURRENT_PROJECT_VERSION = 1;
				DEVELOPMENT_TEAM = DZ8XN7425J;
				GENERATE_INFOPLIST_FILE = YES;
				INFOPLIST_FILE = "SavetoJustnote/ShareExtension-Info.plist";
				INFOPLIST_KEY_CFBundleDisplayName = "Save to Justnote";
				IPHONEOS_DEPLOYMENT_TARGET = 15.5;
				LD_RUNPATH_SEARCH_PATHS = (
					"$(inherited)",
					"@executable_path/Frameworks",
					"@executable_path/../../Frameworks",
				);
				MARKETING_VERSION = 0.36.0;
				OTHER_SWIFT_FLAGS = "$(inherited) -D EXPO_CONFIGURATION_RELEASE";
				PRODUCT_BUNDLE_IDENTIFIER = "com.justnotecc.justnote.share-extension";
				PRODUCT_NAME = SavetoJustnote;
				SKIP_INSTALL = YES;
				SWIFT_EMIT_LOC_STRINGS = YES;
				SWIFT_VERSION = 5.0;
				TARGETED_DEVICE_FAMILY = "1,2";
			};
			name = Release;
		};
		83CBBA201A601CBA00E9B192 /* Debug */ = {
			isa = XCBuildConfiguration;
			buildSettings = {
				ALWAYS_SEARCH_USER_PATHS = NO;
				CLANG_ANALYZER_LOCALIZABILITY_NONLOCALIZED = YES;
				CLANG_CXX_LANGUAGE_STANDARD = "c++20";
				CLANG_CXX_LIBRARY = "libc++";
				CLANG_ENABLE_MODULES = YES;
				CLANG_ENABLE_OBJC_ARC = YES;
				CLANG_WARN_BLOCK_CAPTURE_AUTORELEASING = YES;
				CLANG_WARN_BOOL_CONVERSION = YES;
				CLANG_WARN_COMMA = YES;
				CLANG_WARN_CONSTANT_CONVERSION = YES;
				CLANG_WARN_DEPRECATED_OBJC_IMPLEMENTATIONS = YES;
				CLANG_WARN_DIRECT_OBJC_ISA_USAGE = YES_ERROR;
				CLANG_WARN_EMPTY_BODY = YES;
				CLANG_WARN_ENUM_CONVERSION = YES;
				CLANG_WARN_INFINITE_RECURSION = YES;
				CLANG_WARN_INT_CONVERSION = YES;
				CLANG_WARN_NON_LITERAL_NULL_CONVERSION = YES;
				CLANG_WARN_OBJC_IMPLICIT_RETAIN_SELF = YES;
				CLANG_WARN_OBJC_LITERAL_CONVERSION = YES;
				CLANG_WARN_OBJC_ROOT_CLASS = YES_ERROR;
				CLANG_WARN_RANGE_LOOP_ANALYSIS = YES;
				CLANG_WARN_STRICT_PROTOTYPES = YES;
				CLANG_WARN_SUSPICIOUS_MOVE = YES;
				CLANG_WARN_UNREACHABLE_CODE = YES;
				CLANG_WARN__DUPLICATE_METHOD_MATCH = YES;
				"CODE_SIGN_IDENTITY[sdk=iphoneos*]" = "iPhone Developer";
				COPY_PHASE_STRIP = NO;
				ENABLE_STRICT_OBJC_MSGSEND = YES;
				ENABLE_TESTABILITY = YES;
				GCC_C_LANGUAGE_STANDARD = gnu99;
				GCC_DYNAMIC_NO_PIC = NO;
				GCC_NO_COMMON_BLOCKS = YES;
				GCC_OPTIMIZATION_LEVEL = 0;
				GCC_PREPROCESSOR_DEFINITIONS = (
					"DEBUG=1",
					"$(inherited)",
				);
				GCC_SYMBOLS_PRIVATE_EXTERN = NO;
				GCC_WARN_64_TO_32_BIT_CONVERSION = YES;
				GCC_WARN_ABOUT_RETURN_TYPE = YES_ERROR;
				GCC_WARN_UNDECLARED_SELECTOR = YES;
				GCC_WARN_UNINITIALIZED_AUTOS = YES_AGGRESSIVE;
				GCC_WARN_UNUSED_FUNCTION = YES;
				GCC_WARN_UNUSED_VARIABLE = YES;
				IPHONEOS_DEPLOYMENT_TARGET = 15.1;
				LD_RUNPATH_SEARCH_PATHS = (
					/usr/lib/swift,
					"$(inherited)",
				);
				LIBRARY_SEARCH_PATHS = "$(SDKROOT)/usr/lib/swift\"$(inherited)\"";
				MTL_ENABLE_DEBUG_INFO = YES;
				ONLY_ACTIVE_ARCH = YES;
				REACT_NATIVE_PATH = "${PODS_ROOT}/../../node_modules/react-native";
				SDKROOT = iphoneos;
				SWIFT_ACTIVE_COMPILATION_CONDITIONS = "$(inherited) DEBUG";
				SWIFT_ENABLE_EXPLICIT_MODULES = NO;
				USE_HERMES = true;
			};
			name = Debug;
		};
		83CBBA211A601CBA00E9B192 /* Release */ = {
			isa = XCBuildConfiguration;
			buildSettings = {
				ALWAYS_SEARCH_USER_PATHS = NO;
				CLANG_ANALYZER_LOCALIZABILITY_NONLOCALIZED = YES;
				CLANG_CXX_LANGUAGE_STANDARD = "c++20";
				CLANG_CXX_LIBRARY = "libc++";
				CLANG_ENABLE_MODULES = YES;
				CLANG_ENABLE_OBJC_ARC = YES;
				CLANG_WARN_BLOCK_CAPTURE_AUTORELEASING = YES;
				CLANG_WARN_BOOL_CONVERSION = YES;
				CLANG_WARN_COMMA = YES;
				CLANG_WARN_CONSTANT_CONVERSION = YES;
				CLANG_WARN_DEPRECATED_OBJC_IMPLEMENTATIONS = YES;
				CLANG_WARN_DIRECT_OBJC_ISA_USAGE = YES_ERROR;
				CLANG_WARN_EMPTY_BODY = YES;
				CLANG_WARN_ENUM_CONVERSION = YES;
				CLANG_WARN_INFINITE_RECURSION = YES;
				CLANG_WARN_INT_CONVERSION = YES;
				CLANG_WARN_NON_LITERAL_NULL_CONVERSION = YES;
				CLANG_WARN_OBJC_IMPLICIT_RETAIN_SELF = YES;
				CLANG_WARN_OBJC_LITERAL_CONVERSION = YES;
				CLANG_WARN_OBJC_ROOT_CLASS = YES_ERROR;
				CLANG_WARN_RANGE_LOOP_ANALYSIS = YES;
				CLANG_WARN_STRICT_PROTOTYPES = YES;
				CLANG_WARN_SUSPICIOUS_MOVE = YES;
				CLANG_WARN_UNREACHABLE_CODE = YES;
				CLANG_WARN__DUPLICATE_METHOD_MATCH = YES;
				"CODE_SIGN_IDENTITY[sdk=iphoneos*]" = "iPhone Developer";
				COPY_PHASE_STRIP = YES;
				ENABLE_NS_ASSERTIONS = NO;
				ENABLE_STRICT_OBJC_MSGSEND = YES;
				GCC_C_LANGUAGE_STANDARD = gnu99;
				GCC_NO_COMMON_BLOCKS = YES;
				GCC_WARN_64_TO_32_BIT_CONVERSION = YES;
				GCC_WARN_ABOUT_RETURN_TYPE = YES_ERROR;
				GCC_WARN_UNDECLARED_SELECTOR = YES;
				GCC_WARN_UNINITIALIZED_AUTOS = YES_AGGRESSIVE;
				GCC_WARN_UNUSED_FUNCTION = YES;
				GCC_WARN_UNUSED_VARIABLE = YES;
				IPHONEOS_DEPLOYMENT_TARGET = 15.1;
				LD_RUNPATH_SEARCH_PATHS = (
					/usr/lib/swift,
					"$(inherited)",
				);
				LIBRARY_SEARCH_PATHS = "$(SDKROOT)/usr/lib/swift\"$(inherited)\"";
				MTL_ENABLE_DEBUG_INFO = NO;
				REACT_NATIVE_PATH = "${PODS_ROOT}/../../node_modules/react-native";
				SDKROOT = iphoneos;
				SWIFT_ENABLE_EXPLICIT_MODULES = NO;
				USE_HERMES = true;
				VALIDATE_PRODUCT = YES;
			};
			name = Release;
		};
		D0792ADDCC704037B1AD460E /* Debug */ = {
			isa = XCBuildConfiguration;
			buildSettings = {
				CLANG_ENABLE_MODULES = YES;
				CODE_SIGN_ENTITLEMENTS = SavetoJustnote/ShareExtension.entitlements;
				CODE_SIGN_STYLE = Automatic;
				CURRENT_PROJECT_VERSION = 1;
				DEVELOPMENT_TEAM = DZ8XN7425J;
				GCC_PREPROCESSOR_DEFINITIONS = (
					"DEBUG=1",
					"$(inherited)",
				);
				GENERATE_INFOPLIST_FILE = YES;
				INFOPLIST_FILE = "SavetoJustnote/ShareExtension-Info.plist";
				INFOPLIST_KEY_CFBundleDisplayName = "Save to Justnote";
				IPHONEOS_DEPLOYMENT_TARGET = 15.5;
				LD_RUNPATH_SEARCH_PATHS = (
					"$(inherited)",
					"@executable_path/Frameworks",
					"@executable_path/../../Frameworks",
				);
				MARKETING_VERSION = 0.36.0;
				OTHER_SWIFT_FLAGS = "$(inherited) -D EXPO_CONFIGURATION_DEBUG";
				PRODUCT_BUNDLE_IDENTIFIER = "com.justnotecc.justnote.share-extension";
				PRODUCT_NAME = SavetoJustnote;
				SKIP_INSTALL = YES;
				SWIFT_EMIT_LOC_STRINGS = YES;
				SWIFT_VERSION = 5.0;
				TARGETED_DEVICE_FAMILY = "1,2";
			};
			name = Debug;
		};
/* End XCBuildConfiguration section */

/* Begin XCConfigurationList section */
		13B07F931A680F5B00A75B9A /* Build configuration list for PBXNativeTarget "Justnote" */ = {
			isa = XCConfigurationList;
			buildConfigurations = (
				13B07F941A680F5B00A75B9A /* Debug */,
				13B07F951A680F5B00A75B9A /* Release */,
			);
			defaultConfigurationIsVisible = 0;
			defaultConfigurationName = Release;
		};
		1ECCDF53B5CE45C78D10EAA2 /* Build configuration list for PBXNativeTarget "SavetoJustnote" */ = {
			isa = XCConfigurationList;
			buildConfigurations = (
				D0792ADDCC704037B1AD460E /* Debug */,
				3CC30CE480544F53A977BAD8 /* Release */,
			);
			defaultConfigurationIsVisible = 0;
			defaultConfigurationName = Release;
		};
		83CBB9FA1A601CBA00E9B192 /* Build configuration list for PBXProject "Justnote" */ = {
			isa = XCConfigurationList;
			buildConfigurations = (
				83CBBA201A601CBA00E9B192 /* Debug */,
				83CBBA211A601CBA00E9B192 /* Release */,
			);
			defaultConfigurationIsVisible = 0;
			defaultConfigurationName = Release;
		};
/* End XCConfigurationList section */
	};
	rootObject = 83CBB9F71A601CBA00E9B192 /* Project object */;
}
