// !$*UTF8*$!
{
	archiveVersion = 1;
	classes = {
	};
	objectVersion = 54;
	objects = {

/* Begin PBXBuildFile section */
		0034E40CD3FE46AD8DB3CAEF /* Inter-Bold.otf in Resources */ = {isa = PBXBuildFile; fileRef = F60EFA610FC64F47BF47BACF /* Inter-Bold.otf */; };
		00E356F31AD99517003FC87E /* JustnoteccTests.m in Sources */ = {isa = PBXBuildFile; fileRef = 00E356F21AD99517003FC87E /* JustnoteccTests.m */; };
		0444F5322CB0075D0008A942 /* StoreKit.framework in Frameworks */ = {isa = PBXBuildFile; fileRef = 0444F5312CB0075D0008A942 /* StoreKit.framework */; };
		0444F5372CB00C980008A942 /* Dummy.swift in Sources */ = {isa = PBXBuildFile; fileRef = 0444F5362CB00C980008A942 /* Dummy.swift */; };
		0444F5392CB00CF70008A942 /* PrivacyInfo.xcprivacy in Resources */ = {isa = PBXBuildFile; fileRef = 0444F5382CB00CF70008A942 /* PrivacyInfo.xcprivacy */; };
		0444F5482CB00D590008A942 /* Save to Justnote.appex in Embed Foundation Extensions */ = {isa = PBXBuildFile; fileRef = 0444F53E2CB00D590008A942 /* Save to Justnote.appex */; settings = {ATTRIBUTES = (RemoveHeadersOnCopy, ); }; };
		0444F54E2CB00D7A0008A942 /* PrivacyInfo.xcprivacy in Resources */ = {isa = PBXBuildFile; fileRef = 0444F5382CB00CF70008A942 /* PrivacyInfo.xcprivacy */; };
		04738B572CB399C40064541B /* bigi.js in Resources */ = {isa = PBXBuildFile; fileRef = 04738B3E2CB399C40064541B /* bigi.js */; };
		04738B582CB399C40064541B /* bitcoinjs.js in Resources */ = {isa = PBXBuildFile; fileRef = 04738B402CB399C40064541B /* bitcoinjs.js */; };
		04738B592CB399C40064541B /* elliptic.js in Resources */ = {isa = PBXBuildFile; fileRef = 04738B452CB399C40064541B /* elliptic.js */; };
		04738B5A2CB399C40064541B /* encryption.js in Resources */ = {isa = PBXBuildFile; fileRef = 04738B472CB399C40064541B /* encryption.js */; };
		04738B5C2CB399C40064541B /* jsontokens.js in Resources */ = {isa = PBXBuildFile; fileRef = 04738B4C2CB399C40064541B /* jsontokens.js */; };
		04738B5D2CB399C40064541B /* keys.js in Resources */ = {isa = PBXBuildFile; fileRef = 04738B4E2CB399C40064541B /* keys.js */; };
		04738B5E2CB399C40064541B /* MainInterface.storyboard in Resources */ = {isa = PBXBuildFile; fileRef = 04738B522CB399C40064541B /* MainInterface.storyboard */; };
		04738B5F2CB399C40064541B /* BigInt.swift in Sources */ = {isa = PBXBuildFile; fileRef = 04738B3F2CB399C40064541B /* BigInt.swift */; };
		04738B602CB399C40064541B /* BitcoinJS.swift in Sources */ = {isa = PBXBuildFile; fileRef = 04738B412CB399C40064541B /* BitcoinJS.swift */; };
		04738B612CB399C40064541B /* Blockstack.swift in Sources */ = {isa = PBXBuildFile; fileRef = 04738B422CB399C40064541B /* Blockstack.swift */; };
		04738B622CB399C40064541B /* Constants.swift in Sources */ = {isa = PBXBuildFile; fileRef = 04738B432CB399C40064541B /* Constants.swift */; };
		04738B632CB399C40064541B /* DataTypes.swift in Sources */ = {isa = PBXBuildFile; fileRef = 04738B442CB399C40064541B /* DataTypes.swift */; };
		04738B642CB399C40064541B /* EllipticJS.swift in Sources */ = {isa = PBXBuildFile; fileRef = 04738B462CB399C40064541B /* EllipticJS.swift */; };
		04738B652CB399C40064541B /* Encryption.swift in Sources */ = {isa = PBXBuildFile; fileRef = 04738B482CB399C40064541B /* Encryption.swift */; };
		04738B662CB399C40064541B /* EncryptionJS.swift in Sources */ = {isa = PBXBuildFile; fileRef = 04738B492CB399C40064541B /* EncryptionJS.swift */; };
		04738B672CB399C40064541B /* Extensions.swift in Sources */ = {isa = PBXBuildFile; fileRef = 04738B4A2CB399C40064541B /* Extensions.swift */; };
		04738B682CB399C40064541B /* JSONTokensJS.swift in Sources */ = {isa = PBXBuildFile; fileRef = 04738B4D2CB399C40064541B /* JSONTokensJS.swift */; };
		04738B692CB399C40064541B /* Keys.swift in Sources */ = {isa = PBXBuildFile; fileRef = 04738B4F2CB399C40064541B /* Keys.swift */; };
		04738B6A2CB399C40064541B /* KeysJS.swift in Sources */ = {isa = PBXBuildFile; fileRef = 04738B502CB399C40064541B /* KeysJS.swift */; };
		04738B6B2CB399C40064541B /* ShareViewController.swift in Sources */ = {isa = PBXBuildFile; fileRef = 04738B542CB399C40064541B /* ShareViewController.swift */; };
		04738B6E2CB39BB20064541B /* Images.xcassets in Resources */ = {isa = PBXBuildFile; fileRef = 04738B6D2CB39BB20064541B /* Images.xcassets */; };
		04738B712CB3B4620064541B /* supporter.storekit in Resources */ = {isa = PBXBuildFile; fileRef = 04738B6F2CB3B4620064541B /* supporter.storekit */; };
		04738B722CB3D5890064541B /* Inter-Thin.otf in Resources */ = {isa = PBXBuildFile; fileRef = FC69ACCAA05A48318C95ADFA /* Inter-Thin.otf */; };
		04738B732CB3D5890064541B /* Inter-Light.otf in Resources */ = {isa = PBXBuildFile; fileRef = DCAEADC0847E49D7AE545304 /* Inter-Light.otf */; };
		04738B742CB3D5890064541B /* Inter-BoldItalic.otf in Resources */ = {isa = PBXBuildFile; fileRef = CBE43F7D78AE460FB600E803 /* Inter-BoldItalic.otf */; };
		04738B752CB3D5890064541B /* Inter-LightItalic.otf in Resources */ = {isa = PBXBuildFile; fileRef = 52F0880809824D5092506924 /* Inter-LightItalic.otf */; };
		04738B762CB3D5890064541B /* Inter-ExtraLightItalic.otf in Resources */ = {isa = PBXBuildFile; fileRef = 8D12BFABFF094B72979F6C85 /* Inter-ExtraLightItalic.otf */; };
		04738B772CB3D5890064541B /* Inter-Italic.otf in Resources */ = {isa = PBXBuildFile; fileRef = E70108CA483A426DBDE1603D /* Inter-Italic.otf */; };
		04738B782CB3D5890064541B /* Inter-SemiBold.otf in Resources */ = {isa = PBXBuildFile; fileRef = 014D325236374013BAD501AE /* Inter-SemiBold.otf */; };
		04738B792CB3D5890064541B /* Inter-BlackItalic.otf in Resources */ = {isa = PBXBuildFile; fileRef = FA948B10D0534AACADBF7470 /* Inter-BlackItalic.otf */; };
		04738B7A2CB3D5890064541B /* Inter-ExtraBoldItalic.otf in Resources */ = {isa = PBXBuildFile; fileRef = 6CF57955E4164ACF93ADC2AF /* Inter-ExtraBoldItalic.otf */; };
		04738B7B2CB3D5890064541B /* Inter-ExtraBold.otf in Resources */ = {isa = PBXBuildFile; fileRef = 9FD9C0EB070A45B5A91AFB98 /* Inter-ExtraBold.otf */; };
		04738B7C2CB3D5890064541B /* Inter-Bold.otf in Resources */ = {isa = PBXBuildFile; fileRef = F60EFA610FC64F47BF47BACF /* Inter-Bold.otf */; };
		04738B7D2CB3D5890064541B /* Inter-Black.otf in Resources */ = {isa = PBXBuildFile; fileRef = 8786C990F49546BEBC623F16 /* Inter-Black.otf */; };
		04738B7E2CB3D5890064541B /* Inter-ThinItalic.otf in Resources */ = {isa = PBXBuildFile; fileRef = A2D862289F484965BA1F89CA /* Inter-ThinItalic.otf */; };
		04738B7F2CB3D5890064541B /* Inter-Medium.otf in Resources */ = {isa = PBXBuildFile; fileRef = 5A43AAE7FDC445B6B0E15A90 /* Inter-Medium.otf */; };
		04738B802CB3D5890064541B /* Inter-MediumItalic.otf in Resources */ = {isa = PBXBuildFile; fileRef = 6411797FE6514CC996EA4EEA /* Inter-MediumItalic.otf */; };
		04738B812CB3D5890064541B /* Inter-Regular.otf in Resources */ = {isa = PBXBuildFile; fileRef = 071A72D43BD44A8BA9207294 /* Inter-Regular.otf */; };
		04738B822CB3D5890064541B /* Inter-SemiBoldItalic.otf in Resources */ = {isa = PBXBuildFile; fileRef = 1F4153D4E1CB47B895CAD786 /* Inter-SemiBoldItalic.otf */; };
		04738B832CB3D5890064541B /* Inter-ExtraLight.otf in Resources */ = {isa = PBXBuildFile; fileRef = 92E3998E9A704DE1A0B26C5F /* Inter-ExtraLight.otf */; };
		0C80B921A6F3F58F76C31292 /* libPods-Justnotecc.a in Frameworks */ = {isa = PBXBuildFile; fileRef = 5DCACB8F33CDC322A6C60F78 /* libPods-Justnotecc.a */; };
		111730121B3C4674BD110483 /* Inter-SemiBold.otf in Resources */ = {isa = PBXBuildFile; fileRef = 014D325236374013BAD501AE /* Inter-SemiBold.otf */; };
		13B07FBC1A68108700A75B9A /* AppDelegate.mm in Sources */ = {isa = PBXBuildFile; fileRef = 13B07FB01A68108700A75B9A /* AppDelegate.mm */; };
		13B07FBF1A68108700A75B9A /* Images.xcassets in Resources */ = {isa = PBXBuildFile; fileRef = 13B07FB51A68108700A75B9A /* Images.xcassets */; };
		13B07FC11A68108700A75B9A /* main.m in Sources */ = {isa = PBXBuildFile; fileRef = 13B07FB71A68108700A75B9A /* main.m */; };
		3A050B8A4E5F4DEEAE4E29CA /* Inter-ExtraBold.otf in Resources */ = {isa = PBXBuildFile; fileRef = 9FD9C0EB070A45B5A91AFB98 /* Inter-ExtraBold.otf */; };
		54A18C9FC4B344EFB7C42F98 /* Inter-Thin.otf in Resources */ = {isa = PBXBuildFile; fileRef = FC69ACCAA05A48318C95ADFA /* Inter-Thin.otf */; };
		5F2E6310985643339DE191E5 /* Inter-Light.otf in Resources */ = {isa = PBXBuildFile; fileRef = DCAEADC0847E49D7AE545304 /* Inter-Light.otf */; };
		7699B88040F8A987B510C191 /* libPods-Justnotecc-JustnoteccTests.a in Frameworks */ = {isa = PBXBuildFile; fileRef = 19F6CBCC0A4E27FBF8BF4A61 /* libPods-Justnotecc-JustnoteccTests.a */; };
		7A3FEC2249434C78A50FF36D /* Inter-SemiBoldItalic.otf in Resources */ = {isa = PBXBuildFile; fileRef = 1F4153D4E1CB47B895CAD786 /* Inter-SemiBoldItalic.otf */; };
		81AB9BB82411601600AC10FF /* LaunchScreen.storyboard in Resources */ = {isa = PBXBuildFile; fileRef = 81AB9BB72411601600AC10FF /* LaunchScreen.storyboard */; };
		847FB29A3BC64C9CAFC6EB87 /* Inter-MediumItalic.otf in Resources */ = {isa = PBXBuildFile; fileRef = 6411797FE6514CC996EA4EEA /* Inter-MediumItalic.otf */; };
		8FB3146B807A1D6B586B970D /* libPods-Save to Justnote.a in Frameworks */ = {isa = PBXBuildFile; fileRef = C3931C2A43E09ED40A30A4CA /* libPods-Save to Justnote.a */; };
		A008CCCE2BB84DEE9E28E95A /* Inter-ExtraLight.otf in Resources */ = {isa = PBXBuildFile; fileRef = 92E3998E9A704DE1A0B26C5F /* Inter-ExtraLight.otf */; };
		B4FA3E61AE1441C2BB82A98B /* Inter-ThinItalic.otf in Resources */ = {isa = PBXBuildFile; fileRef = A2D862289F484965BA1F89CA /* Inter-ThinItalic.otf */; };
		B5D454901A604D01B298B036 /* Inter-Italic.otf in Resources */ = {isa = PBXBuildFile; fileRef = E70108CA483A426DBDE1603D /* Inter-Italic.otf */; };
		C21DBB6C7D5C4BC08F3D674A /* Inter-BlackItalic.otf in Resources */ = {isa = PBXBuildFile; fileRef = FA948B10D0534AACADBF7470 /* Inter-BlackItalic.otf */; };
		C68DF1E5C36B452294399F7F /* Inter-LightItalic.otf in Resources */ = {isa = PBXBuildFile; fileRef = 52F0880809824D5092506924 /* Inter-LightItalic.otf */; };
		D2EA21D2348F433D9C1FF592 /* Inter-Regular.otf in Resources */ = {isa = PBXBuildFile; fileRef = 071A72D43BD44A8BA9207294 /* Inter-Regular.otf */; };
		D5E04E5CDDC4493C8561AAB6 /* Inter-ExtraLightItalic.otf in Resources */ = {isa = PBXBuildFile; fileRef = 8D12BFABFF094B72979F6C85 /* Inter-ExtraLightItalic.otf */; };
		DE91F7E468164E4E8AC08E37 /* Inter-Medium.otf in Resources */ = {isa = PBXBuildFile; fileRef = 5A43AAE7FDC445B6B0E15A90 /* Inter-Medium.otf */; };
		DF714F57D08D4122A7D88B9F /* Inter-BoldItalic.otf in Resources */ = {isa = PBXBuildFile; fileRef = CBE43F7D78AE460FB600E803 /* Inter-BoldItalic.otf */; };
		DFA55D5733E04412B13A33C3 /* Inter-Black.otf in Resources */ = {isa = PBXBuildFile; fileRef = 8786C990F49546BEBC623F16 /* Inter-Black.otf */; };
		EA84263D9D3E4738BBB505B8 /* Inter-ExtraBoldItalic.otf in Resources */ = {isa = PBXBuildFile; fileRef = 6CF57955E4164ACF93ADC2AF /* Inter-ExtraBoldItalic.otf */; };
/* End PBXBuildFile section */

/* Begin PBXContainerItemProxy section */
		00E356F41AD99517003FC87E /* PBXContainerItemProxy */ = {
			isa = PBXContainerItemProxy;
			containerPortal = 83CBB9F71A601CBA00E9B192 /* Project object */;
			proxyType = 1;
			remoteGlobalIDString = 13B07F861A680F5B00A75B9A;
			remoteInfo = Justnotecc;
		};
		0444F5462CB00D590008A942 /* PBXContainerItemProxy */ = {
			isa = PBXContainerItemProxy;
			containerPortal = 83CBB9F71A601CBA00E9B192 /* Project object */;
			proxyType = 1;
			remoteGlobalIDString = 0444F53D2CB00D590008A942;
			remoteInfo = "Save to Justnote";
		};
/* End PBXContainerItemProxy section */

/* Begin PBXCopyFilesBuildPhase section */
		0444F54D2CB00D590008A942 /* Embed Foundation Extensions */ = {
			isa = PBXCopyFilesBuildPhase;
			buildActionMask = 2147483647;
			dstPath = "";
			dstSubfolderSpec = 13;
			files = (
				0444F5482CB00D590008A942 /* Save to Justnote.appex in Embed Foundation Extensions */,
			);
			name = "Embed Foundation Extensions";
			runOnlyForDeploymentPostprocessing = 0;
		};
/* End PBXCopyFilesBuildPhase section */

/* Begin PBXFileReference section */
		00E356EE1AD99517003FC87E /* JustnoteccTests.xctest */ = {isa = PBXFileReference; explicitFileType = wrapper.cfbundle; includeInIndex = 0; path = JustnoteccTests.xctest; sourceTree = BUILT_PRODUCTS_DIR; };
		00E356F11AD99517003FC87E /* Info.plist */ = {isa = PBXFileReference; lastKnownFileType = text.plist.xml; path = Info.plist; sourceTree = "<group>"; };
		00E356F21AD99517003FC87E /* JustnoteccTests.m */ = {isa = PBXFileReference; lastKnownFileType = sourcecode.c.objc; path = JustnoteccTests.m; sourceTree = "<group>"; };
		014D325236374013BAD501AE /* Inter-SemiBold.otf */ = {isa = PBXFileReference; explicitFileType = undefined; fileEncoding = 9; includeInIndex = 0; lastKnownFileType = unknown; name = "Inter-SemiBold.otf"; path = "../src/fonts/Inter/Inter-SemiBold.otf"; sourceTree = "<group>"; };
		0444F5312CB0075D0008A942 /* StoreKit.framework */ = {isa = PBXFileReference; lastKnownFileType = wrapper.framework; name = StoreKit.framework; path = System/Library/Frameworks/StoreKit.framework; sourceTree = SDKROOT; };
		0444F5332CB007680008A942 /* Justnotecc.entitlements */ = {isa = PBXFileReference; lastKnownFileType = text.plist.entitlements; name = Justnotecc.entitlements; path = Justnotecc/Justnotecc.entitlements; sourceTree = "<group>"; };
		0444F5352CB00C980008A942 /* Justnotecc-Bridging-Header.h */ = {isa = PBXFileReference; lastKnownFileType = sourcecode.c.h; path = "Justnotecc-Bridging-Header.h"; sourceTree = "<group>"; };
		0444F5362CB00C980008A942 /* Dummy.swift */ = {isa = PBXFileReference; lastKnownFileType = sourcecode.swift; path = Dummy.swift; sourceTree = "<group>"; };
		0444F5382CB00CF70008A942 /* PrivacyInfo.xcprivacy */ = {isa = PBXFileReference; lastKnownFileType = text.xml; path = PrivacyInfo.xcprivacy; sourceTree = "<group>"; };
		0444F53E2CB00D590008A942 /* Save to Justnote.appex */ = {isa = PBXFileReference; explicitFileType = "wrapper.app-extension"; includeInIndex = 0; path = "Save to Justnote.appex"; sourceTree = BUILT_PRODUCTS_DIR; };
		04738B3E2CB399C40064541B /* bigi.js */ = {isa = PBXFileReference; lastKnownFileType = sourcecode.javascript; path = bigi.js; sourceTree = "<group>"; };
		04738B3F2CB399C40064541B /* BigInt.swift */ = {isa = PBXFileReference; lastKnownFileType = sourcecode.swift; path = BigInt.swift; sourceTree = "<group>"; };
		04738B402CB399C40064541B /* bitcoinjs.js */ = {isa = PBXFileReference; lastKnownFileType = sourcecode.javascript; path = bitcoinjs.js; sourceTree = "<group>"; };
		04738B412CB399C40064541B /* BitcoinJS.swift */ = {isa = PBXFileReference; lastKnownFileType = sourcecode.swift; path = BitcoinJS.swift; sourceTree = "<group>"; };
		04738B422CB399C40064541B /* Blockstack.swift */ = {isa = PBXFileReference; lastKnownFileType = sourcecode.swift; path = Blockstack.swift; sourceTree = "<group>"; };
		04738B432CB399C40064541B /* Constants.swift */ = {isa = PBXFileReference; lastKnownFileType = sourcecode.swift; path = Constants.swift; sourceTree = "<group>"; };
		04738B442CB399C40064541B /* DataTypes.swift */ = {isa = PBXFileReference; lastKnownFileType = sourcecode.swift; path = DataTypes.swift; sourceTree = "<group>"; };
		04738B452CB399C40064541B /* elliptic.js */ = {isa = PBXFileReference; lastKnownFileType = sourcecode.javascript; path = elliptic.js; sourceTree = "<group>"; };
		04738B462CB399C40064541B /* EllipticJS.swift */ = {isa = PBXFileReference; lastKnownFileType = sourcecode.swift; path = EllipticJS.swift; sourceTree = "<group>"; };
		04738B472CB399C40064541B /* encryption.js */ = {isa = PBXFileReference; lastKnownFileType = sourcecode.javascript; path = encryption.js; sourceTree = "<group>"; };
		04738B482CB399C40064541B /* Encryption.swift */ = {isa = PBXFileReference; lastKnownFileType = sourcecode.swift; path = Encryption.swift; sourceTree = "<group>"; };
		04738B492CB399C40064541B /* EncryptionJS.swift */ = {isa = PBXFileReference; lastKnownFileType = sourcecode.swift; path = EncryptionJS.swift; sourceTree = "<group>"; };
		04738B4A2CB399C40064541B /* Extensions.swift */ = {isa = PBXFileReference; lastKnownFileType = sourcecode.swift; path = Extensions.swift; sourceTree = "<group>"; };
		04738B4B2CB399C40064541B /* Info.plist */ = {isa = PBXFileReference; lastKnownFileType = text.plist.xml; path = Info.plist; sourceTree = "<group>"; };
		04738B4C2CB399C40064541B /* jsontokens.js */ = {isa = PBXFileReference; lastKnownFileType = sourcecode.javascript; path = jsontokens.js; sourceTree = "<group>"; };
		04738B4D2CB399C40064541B /* JSONTokensJS.swift */ = {isa = PBXFileReference; lastKnownFileType = sourcecode.swift; path = JSONTokensJS.swift; sourceTree = "<group>"; };
		04738B4E2CB399C40064541B /* keys.js */ = {isa = PBXFileReference; lastKnownFileType = sourcecode.javascript; path = keys.js; sourceTree = "<group>"; };
		04738B4F2CB399C40064541B /* Keys.swift */ = {isa = PBXFileReference; lastKnownFileType = sourcecode.swift; path = Keys.swift; sourceTree = "<group>"; };
		04738B502CB399C40064541B /* KeysJS.swift */ = {isa = PBXFileReference; lastKnownFileType = sourcecode.swift; path = KeysJS.swift; sourceTree = "<group>"; };
		04738B512CB399C40064541B /* Base */ = {isa = PBXFileReference; lastKnownFileType = file.storyboard; name = Base; path = Base.lproj/MainInterface.storyboard; sourceTree = "<group>"; };
		04738B532CB399C40064541B /* Save to Justnote.entitlements */ = {isa = PBXFileReference; lastKnownFileType = text.plist.entitlements; path = "Save to Justnote.entitlements"; sourceTree = "<group>"; };
		04738B542CB399C40064541B /* ShareViewController.swift */ = {isa = PBXFileReference; lastKnownFileType = sourcecode.swift; path = ShareViewController.swift; sourceTree = "<group>"; };
		04738B6D2CB39BB20064541B /* Images.xcassets */ = {isa = PBXFileReference; lastKnownFileType = folder.assetcatalog; path = Images.xcassets; sourceTree = "<group>"; };
		04738B6F2CB3B4620064541B /* supporter.storekit */ = {isa = PBXFileReference; lastKnownFileType = text; path = supporter.storekit; sourceTree = "<group>"; };
		071A72D43BD44A8BA9207294 /* Inter-Regular.otf */ = {isa = PBXFileReference; explicitFileType = undefined; fileEncoding = 9; includeInIndex = 0; lastKnownFileType = unknown; name = "Inter-Regular.otf"; path = "../src/fonts/Inter/Inter-Regular.otf"; sourceTree = "<group>"; };
		13B07F961A680F5B00A75B9A /* Justnotecc.app */ = {isa = PBXFileReference; explicitFileType = wrapper.application; includeInIndex = 0; path = Justnotecc.app; sourceTree = BUILT_PRODUCTS_DIR; };
		13B07FAF1A68108700A75B9A /* AppDelegate.h */ = {isa = PBXFileReference; fileEncoding = 4; lastKnownFileType = sourcecode.c.h; name = AppDelegate.h; path = Justnotecc/AppDelegate.h; sourceTree = "<group>"; };
		13B07FB01A68108700A75B9A /* AppDelegate.mm */ = {isa = PBXFileReference; fileEncoding = 4; lastKnownFileType = sourcecode.cpp.objcpp; name = AppDelegate.mm; path = Justnotecc/AppDelegate.mm; sourceTree = "<group>"; };
		13B07FB51A68108700A75B9A /* Images.xcassets */ = {isa = PBXFileReference; lastKnownFileType = folder.assetcatalog; name = Images.xcassets; path = Justnotecc/Images.xcassets; sourceTree = "<group>"; };
		13B07FB61A68108700A75B9A /* Info.plist */ = {isa = PBXFileReference; fileEncoding = 4; lastKnownFileType = text.plist.xml; name = Info.plist; path = Justnotecc/Info.plist; sourceTree = "<group>"; };
		13B07FB71A68108700A75B9A /* main.m */ = {isa = PBXFileReference; fileEncoding = 4; lastKnownFileType = sourcecode.c.objc; name = main.m; path = Justnotecc/main.m; sourceTree = "<group>"; };
		19F6CBCC0A4E27FBF8BF4A61 /* libPods-Justnotecc-JustnoteccTests.a */ = {isa = PBXFileReference; explicitFileType = archive.ar; includeInIndex = 0; path = "libPods-Justnotecc-JustnoteccTests.a"; sourceTree = BUILT_PRODUCTS_DIR; };
		1F4153D4E1CB47B895CAD786 /* Inter-SemiBoldItalic.otf */ = {isa = PBXFileReference; explicitFileType = undefined; fileEncoding = 9; includeInIndex = 0; lastKnownFileType = unknown; name = "Inter-SemiBoldItalic.otf"; path = "../src/fonts/Inter/Inter-SemiBoldItalic.otf"; sourceTree = "<group>"; };
		21471CD010109880688E9598 /* Pods-Save to Justnote.release.xcconfig */ = {isa = PBXFileReference; includeInIndex = 1; lastKnownFileType = text.xcconfig; name = "Pods-Save to Justnote.release.xcconfig"; path = "Target Support Files/Pods-Save to Justnote/Pods-Save to Justnote.release.xcconfig"; sourceTree = "<group>"; };
		3B4392A12AC88292D35C810B /* Pods-Justnotecc.debug.xcconfig */ = {isa = PBXFileReference; includeInIndex = 1; lastKnownFileType = text.xcconfig; name = "Pods-Justnotecc.debug.xcconfig"; path = "Target Support Files/Pods-Justnotecc/Pods-Justnotecc.debug.xcconfig"; sourceTree = "<group>"; };
		52F0880809824D5092506924 /* Inter-LightItalic.otf */ = {isa = PBXFileReference; explicitFileType = undefined; fileEncoding = 9; includeInIndex = 0; lastKnownFileType = unknown; name = "Inter-LightItalic.otf"; path = "../src/fonts/Inter/Inter-LightItalic.otf"; sourceTree = "<group>"; };
		5709B34CF0A7D63546082F79 /* Pods-Justnotecc.release.xcconfig */ = {isa = PBXFileReference; includeInIndex = 1; lastKnownFileType = text.xcconfig; name = "Pods-Justnotecc.release.xcconfig"; path = "Target Support Files/Pods-Justnotecc/Pods-Justnotecc.release.xcconfig"; sourceTree = "<group>"; };
		5A43AAE7FDC445B6B0E15A90 /* Inter-Medium.otf */ = {isa = PBXFileReference; explicitFileType = undefined; fileEncoding = 9; includeInIndex = 0; lastKnownFileType = unknown; name = "Inter-Medium.otf"; path = "../src/fonts/Inter/Inter-Medium.otf"; sourceTree = "<group>"; };
		5B7EB9410499542E8C5724F5 /* Pods-Justnotecc-JustnoteccTests.debug.xcconfig */ = {isa = PBXFileReference; includeInIndex = 1; lastKnownFileType = text.xcconfig; name = "Pods-Justnotecc-JustnoteccTests.debug.xcconfig"; path = "Target Support Files/Pods-Justnotecc-JustnoteccTests/Pods-Justnotecc-JustnoteccTests.debug.xcconfig"; sourceTree = "<group>"; };
		5DCACB8F33CDC322A6C60F78 /* libPods-Justnotecc.a */ = {isa = PBXFileReference; explicitFileType = archive.ar; includeInIndex = 0; path = "libPods-Justnotecc.a"; sourceTree = BUILT_PRODUCTS_DIR; };
		6411797FE6514CC996EA4EEA /* Inter-MediumItalic.otf */ = {isa = PBXFileReference; explicitFileType = undefined; fileEncoding = 9; includeInIndex = 0; lastKnownFileType = unknown; name = "Inter-MediumItalic.otf"; path = "../src/fonts/Inter/Inter-MediumItalic.otf"; sourceTree = "<group>"; };
		6CF57955E4164ACF93ADC2AF /* Inter-ExtraBoldItalic.otf */ = {isa = PBXFileReference; explicitFileType = undefined; fileEncoding = 9; includeInIndex = 0; lastKnownFileType = unknown; name = "Inter-ExtraBoldItalic.otf"; path = "../src/fonts/Inter/Inter-ExtraBoldItalic.otf"; sourceTree = "<group>"; };
		7A00F3EF8E48E2C8E3650233 /* Pods-Save to Justnote.debug.xcconfig */ = {isa = PBXFileReference; includeInIndex = 1; lastKnownFileType = text.xcconfig; name = "Pods-Save to Justnote.debug.xcconfig"; path = "Target Support Files/Pods-Save to Justnote/Pods-Save to Justnote.debug.xcconfig"; sourceTree = "<group>"; };
		81AB9BB72411601600AC10FF /* LaunchScreen.storyboard */ = {isa = PBXFileReference; fileEncoding = 4; lastKnownFileType = file.storyboard; name = LaunchScreen.storyboard; path = Justnotecc/LaunchScreen.storyboard; sourceTree = "<group>"; };
		8786C990F49546BEBC623F16 /* Inter-Black.otf */ = {isa = PBXFileReference; explicitFileType = undefined; fileEncoding = 9; includeInIndex = 0; lastKnownFileType = unknown; name = "Inter-Black.otf"; path = "../src/fonts/Inter/Inter-Black.otf"; sourceTree = "<group>"; };
		89C6BE57DB24E9ADA2F236DE /* Pods-Justnotecc-JustnoteccTests.release.xcconfig */ = {isa = PBXFileReference; includeInIndex = 1; lastKnownFileType = text.xcconfig; name = "Pods-Justnotecc-JustnoteccTests.release.xcconfig"; path = "Target Support Files/Pods-Justnotecc-JustnoteccTests/Pods-Justnotecc-JustnoteccTests.release.xcconfig"; sourceTree = "<group>"; };
		8D12BFABFF094B72979F6C85 /* Inter-ExtraLightItalic.otf */ = {isa = PBXFileReference; explicitFileType = undefined; fileEncoding = 9; includeInIndex = 0; lastKnownFileType = unknown; name = "Inter-ExtraLightItalic.otf"; path = "../src/fonts/Inter/Inter-ExtraLightItalic.otf"; sourceTree = "<group>"; };
		92E3998E9A704DE1A0B26C5F /* Inter-ExtraLight.otf */ = {isa = PBXFileReference; explicitFileType = undefined; fileEncoding = 9; includeInIndex = 0; lastKnownFileType = unknown; name = "Inter-ExtraLight.otf"; path = "../src/fonts/Inter/Inter-ExtraLight.otf"; sourceTree = "<group>"; };
		9FD9C0EB070A45B5A91AFB98 /* Inter-ExtraBold.otf */ = {isa = PBXFileReference; explicitFileType = undefined; fileEncoding = 9; includeInIndex = 0; lastKnownFileType = unknown; name = "Inter-ExtraBold.otf"; path = "../src/fonts/Inter/Inter-ExtraBold.otf"; sourceTree = "<group>"; };
		A2D862289F484965BA1F89CA /* Inter-ThinItalic.otf */ = {isa = PBXFileReference; explicitFileType = undefined; fileEncoding = 9; includeInIndex = 0; lastKnownFileType = unknown; name = "Inter-ThinItalic.otf"; path = "../src/fonts/Inter/Inter-ThinItalic.otf"; sourceTree = "<group>"; };
		C3931C2A43E09ED40A30A4CA /* libPods-Save to Justnote.a */ = {isa = PBXFileReference; explicitFileType = archive.ar; includeInIndex = 0; path = "libPods-Save to Justnote.a"; sourceTree = BUILT_PRODUCTS_DIR; };
		CBE43F7D78AE460FB600E803 /* Inter-BoldItalic.otf */ = {isa = PBXFileReference; explicitFileType = undefined; fileEncoding = 9; includeInIndex = 0; lastKnownFileType = unknown; name = "Inter-BoldItalic.otf"; path = "../src/fonts/Inter/Inter-BoldItalic.otf"; sourceTree = "<group>"; };
		DCAEADC0847E49D7AE545304 /* Inter-Light.otf */ = {isa = PBXFileReference; explicitFileType = undefined; fileEncoding = 9; includeInIndex = 0; lastKnownFileType = unknown; name = "Inter-Light.otf"; path = "../src/fonts/Inter/Inter-Light.otf"; sourceTree = "<group>"; };
		E70108CA483A426DBDE1603D /* Inter-Italic.otf */ = {isa = PBXFileReference; explicitFileType = undefined; fileEncoding = 9; includeInIndex = 0; lastKnownFileType = unknown; name = "Inter-Italic.otf"; path = "../src/fonts/Inter/Inter-Italic.otf"; sourceTree = "<group>"; };
		ED297162215061F000B7C4FE /* JavaScriptCore.framework */ = {isa = PBXFileReference; lastKnownFileType = wrapper.framework; name = JavaScriptCore.framework; path = System/Library/Frameworks/JavaScriptCore.framework; sourceTree = SDKROOT; };
		F60EFA610FC64F47BF47BACF /* Inter-Bold.otf */ = {isa = PBXFileReference; explicitFileType = undefined; fileEncoding = 9; includeInIndex = 0; lastKnownFileType = unknown; name = "Inter-Bold.otf"; path = "../src/fonts/Inter/Inter-Bold.otf"; sourceTree = "<group>"; };
		FA948B10D0534AACADBF7470 /* Inter-BlackItalic.otf */ = {isa = PBXFileReference; explicitFileType = undefined; fileEncoding = 9; includeInIndex = 0; lastKnownFileType = unknown; name = "Inter-BlackItalic.otf"; path = "../src/fonts/Inter/Inter-BlackItalic.otf"; sourceTree = "<group>"; };
		FC69ACCAA05A48318C95ADFA /* Inter-Thin.otf */ = {isa = PBXFileReference; explicitFileType = undefined; fileEncoding = 9; includeInIndex = 0; lastKnownFileType = unknown; name = "Inter-Thin.otf"; path = "../src/fonts/Inter/Inter-Thin.otf"; sourceTree = "<group>"; };
/* End PBXFileReference section */

/* Begin PBXFrameworksBuildPhase section */
		00E356EB1AD99517003FC87E /* Frameworks */ = {
			isa = PBXFrameworksBuildPhase;
			buildActionMask = 2147483647;
			files = (
				7699B88040F8A987B510C191 /* libPods-Justnotecc-JustnoteccTests.a in Frameworks */,
			);
			runOnlyForDeploymentPostprocessing = 0;
		};
		0444F53B2CB00D590008A942 /* Frameworks */ = {
			isa = PBXFrameworksBuildPhase;
			buildActionMask = 2147483647;
			files = (
				8FB3146B807A1D6B586B970D /* libPods-Save to Justnote.a in Frameworks */,
			);
			runOnlyForDeploymentPostprocessing = 0;
		};
		13B07F8C1A680F5B00A75B9A /* Frameworks */ = {
			isa = PBXFrameworksBuildPhase;
			buildActionMask = 2147483647;
			files = (
				0C80B921A6F3F58F76C31292 /* libPods-Justnotecc.a in Frameworks */,
				0444F5322CB0075D0008A942 /* StoreKit.framework in Frameworks */,
			);
			runOnlyForDeploymentPostprocessing = 0;
		};
/* End PBXFrameworksBuildPhase section */

/* Begin PBXGroup section */
		00E356EF1AD99517003FC87E /* JustnoteccTests */ = {
			isa = PBXGroup;
			children = (
				00E356F21AD99517003FC87E /* JustnoteccTests.m */,
				00E356F01AD99517003FC87E /* Supporting Files */,
			);
			path = JustnoteccTests;
			sourceTree = "<group>";
		};
		00E356F01AD99517003FC87E /* Supporting Files */ = {
			isa = PBXGroup;
			children = (
				00E356F11AD99517003FC87E /* Info.plist */,
			);
			name = "Supporting Files";
			sourceTree = "<group>";
		};
		04738B562CB399C40064541B /* Save to Justnote */ = {
			isa = PBXGroup;
			children = (
				04738B532CB399C40064541B /* Save to Justnote.entitlements */,
				04738B542CB399C40064541B /* ShareViewController.swift */,
				04738B522CB399C40064541B /* MainInterface.storyboard */,
				04738B6D2CB39BB20064541B /* Images.xcassets */,
				04738B4B2CB399C40064541B /* Info.plist */,
				04738B422CB399C40064541B /* Blockstack.swift */,
				04738B482CB399C40064541B /* Encryption.swift */,
				04738B4F2CB399C40064541B /* Keys.swift */,
				04738B3F2CB399C40064541B /* BigInt.swift */,
				04738B4A2CB399C40064541B /* Extensions.swift */,
				04738B442CB399C40064541B /* DataTypes.swift */,
				04738B432CB399C40064541B /* Constants.swift */,
				04738B412CB399C40064541B /* BitcoinJS.swift */,
				04738B502CB399C40064541B /* KeysJS.swift */,
				04738B462CB399C40064541B /* EllipticJS.swift */,
				04738B492CB399C40064541B /* EncryptionJS.swift */,
				04738B4D2CB399C40064541B /* JSONTokensJS.swift */,
				04738B402CB399C40064541B /* bitcoinjs.js */,
				04738B3E2CB399C40064541B /* bigi.js */,
				04738B4E2CB399C40064541B /* keys.js */,
				04738B452CB399C40064541B /* elliptic.js */,
				04738B472CB399C40064541B /* encryption.js */,
				04738B4C2CB399C40064541B /* jsontokens.js */,
			);
			path = "Save to Justnote";
			sourceTree = "<group>";
		};
		13B07FAE1A68108700A75B9A /* Justnotecc */ = {
			isa = PBXGroup;
			children = (
				0444F5332CB007680008A942 /* Justnotecc.entitlements */,
				13B07FAF1A68108700A75B9A /* AppDelegate.h */,
				13B07FB01A68108700A75B9A /* AppDelegate.mm */,
				13B07FB51A68108700A75B9A /* Images.xcassets */,
				13B07FB61A68108700A75B9A /* Info.plist */,
				81AB9BB72411601600AC10FF /* LaunchScreen.storyboard */,
				13B07FB71A68108700A75B9A /* main.m */,
			);
			name = Justnotecc;
			sourceTree = "<group>";
		};
		2D16E6871FA4F8E400B85C8A /* Frameworks */ = {
			isa = PBXGroup;
			children = (
				0444F5312CB0075D0008A942 /* StoreKit.framework */,
				ED297162215061F000B7C4FE /* JavaScriptCore.framework */,
				5DCACB8F33CDC322A6C60F78 /* libPods-Justnotecc.a */,
				19F6CBCC0A4E27FBF8BF4A61 /* libPods-Justnotecc-JustnoteccTests.a */,
				C3931C2A43E09ED40A30A4CA /* libPods-Save to Justnote.a */,
			);
			name = Frameworks;
			sourceTree = "<group>";
		};
		832341AE1AAA6A7D00B99B32 /* Libraries */ = {
			isa = PBXGroup;
			children = (
			);
			name = Libraries;
			sourceTree = "<group>";
		};
		83CBB9F61A601CBA00E9B192 = {
			isa = PBXGroup;
			children = (
				13B07FAE1A68108700A75B9A /* Justnotecc */,
				832341AE1AAA6A7D00B99B32 /* Libraries */,
				00E356EF1AD99517003FC87E /* JustnoteccTests */,
				04738B562CB399C40064541B /* Save to Justnote */,
				83CBBA001A601CBA00E9B192 /* Products */,
				2D16E6871FA4F8E400B85C8A /* Frameworks */,
				BBD78D7AC51CEA395F1C20DB /* Pods */,
				F12AC817E2B24AD182DFB642 /* Resources */,
				0444F5362CB00C980008A942 /* Dummy.swift */,
				0444F5352CB00C980008A942 /* Justnotecc-Bridging-Header.h */,
				04738B6F2CB3B4620064541B /* supporter.storekit */,
				0444F5382CB00CF70008A942 /* PrivacyInfo.xcprivacy */,
			);
			indentWidth = 2;
			sourceTree = "<group>";
			tabWidth = 2;
			usesTabs = 0;
		};
		83CBBA001A601CBA00E9B192 /* Products */ = {
			isa = PBXGroup;
			children = (
				13B07F961A680F5B00A75B9A /* Justnotecc.app */,
				00E356EE1AD99517003FC87E /* JustnoteccTests.xctest */,
				0444F53E2CB00D590008A942 /* Save to Justnote.appex */,
			);
			name = Products;
			sourceTree = "<group>";
		};
		BBD78D7AC51CEA395F1C20DB /* Pods */ = {
			isa = PBXGroup;
			children = (
				3B4392A12AC88292D35C810B /* Pods-Justnotecc.debug.xcconfig */,
				5709B34CF0A7D63546082F79 /* Pods-Justnotecc.release.xcconfig */,
				5B7EB9410499542E8C5724F5 /* Pods-Justnotecc-JustnoteccTests.debug.xcconfig */,
				89C6BE57DB24E9ADA2F236DE /* Pods-Justnotecc-JustnoteccTests.release.xcconfig */,
				7A00F3EF8E48E2C8E3650233 /* Pods-Save to Justnote.debug.xcconfig */,
				21471CD010109880688E9598 /* Pods-Save to Justnote.release.xcconfig */,
			);
			path = Pods;
			sourceTree = "<group>";
		};
		F12AC817E2B24AD182DFB642 /* Resources */ = {
			isa = PBXGroup;
			children = (
				8786C990F49546BEBC623F16 /* Inter-Black.otf */,
				FA948B10D0534AACADBF7470 /* Inter-BlackItalic.otf */,
				F60EFA610FC64F47BF47BACF /* Inter-Bold.otf */,
				CBE43F7D78AE460FB600E803 /* Inter-BoldItalic.otf */,
				9FD9C0EB070A45B5A91AFB98 /* Inter-ExtraBold.otf */,
				6CF57955E4164ACF93ADC2AF /* Inter-ExtraBoldItalic.otf */,
				92E3998E9A704DE1A0B26C5F /* Inter-ExtraLight.otf */,
				8D12BFABFF094B72979F6C85 /* Inter-ExtraLightItalic.otf */,
				E70108CA483A426DBDE1603D /* Inter-Italic.otf */,
				DCAEADC0847E49D7AE545304 /* Inter-Light.otf */,
				52F0880809824D5092506924 /* Inter-LightItalic.otf */,
				5A43AAE7FDC445B6B0E15A90 /* Inter-Medium.otf */,
				6411797FE6514CC996EA4EEA /* Inter-MediumItalic.otf */,
				071A72D43BD44A8BA9207294 /* Inter-Regular.otf */,
				014D325236374013BAD501AE /* Inter-SemiBold.otf */,
				1F4153D4E1CB47B895CAD786 /* Inter-SemiBoldItalic.otf */,
				FC69ACCAA05A48318C95ADFA /* Inter-Thin.otf */,
				A2D862289F484965BA1F89CA /* Inter-ThinItalic.otf */,
			);
			name = Resources;
			sourceTree = "<group>";
		};
/* End PBXGroup section */

/* Begin PBXNativeTarget section */
		00E356ED1AD99517003FC87E /* JustnoteccTests */ = {
			isa = PBXNativeTarget;
			buildConfigurationList = 00E357021AD99517003FC87E /* Build configuration list for PBXNativeTarget "JustnoteccTests" */;
			buildPhases = (
				A55EABD7B0C7F3A422A6CC61 /* [CP] Check Pods Manifest.lock */,
				00E356EA1AD99517003FC87E /* Sources */,
				00E356EB1AD99517003FC87E /* Frameworks */,
				00E356EC1AD99517003FC87E /* Resources */,
				C59DA0FBD6956966B86A3779 /* [CP] Embed Pods Frameworks */,
				F6A41C54EA430FDDC6A6ED99 /* [CP] Copy Pods Resources */,
			);
			buildRules = (
			);
			dependencies = (
				00E356F51AD99517003FC87E /* PBXTargetDependency */,
			);
			name = JustnoteccTests;
			productName = JustnoteccTests;
			productReference = 00E356EE1AD99517003FC87E /* JustnoteccTests.xctest */;
			productType = "com.apple.product-type.bundle.unit-test";
		};
		0444F53D2CB00D590008A942 /* Save to Justnote */ = {
			isa = PBXNativeTarget;
			buildConfigurationList = 0444F54A2CB00D590008A942 /* Build configuration list for PBXNativeTarget "Save to Justnote" */;
			buildPhases = (
				AE78609E7E6802744CCDB1F7 /* [CP] Check Pods Manifest.lock */,
				0444F53A2CB00D590008A942 /* Sources */,
				0444F53B2CB00D590008A942 /* Frameworks */,
				0444F53C2CB00D590008A942 /* Resources */,
			);
			buildRules = (
			);
			dependencies = (
			);
			name = "Save to Justnote";
			productName = "Save to Justnote";
			productReference = 0444F53E2CB00D590008A942 /* Save to Justnote.appex */;
			productType = "com.apple.product-type.app-extension";
		};
		13B07F861A680F5B00A75B9A /* Justnotecc */ = {
			isa = PBXNativeTarget;
			buildConfigurationList = 13B07F931A680F5B00A75B9A /* Build configuration list for PBXNativeTarget "Justnotecc" */;
			buildPhases = (
				C38B50BA6285516D6DCD4F65 /* [CP] Check Pods Manifest.lock */,
				13B07F871A680F5B00A75B9A /* Sources */,
				13B07F8C1A680F5B00A75B9A /* Frameworks */,
				13B07F8E1A680F5B00A75B9A /* Resources */,
				00DD1BFF1BD5951E006B06BC /* Bundle React Native code and images */,
				00EEFC60759A1932668264C0 /* [CP] Embed Pods Frameworks */,
				E235C05ADACE081382539298 /* [CP] Copy Pods Resources */,
				0444F54D2CB00D590008A942 /* Embed Foundation Extensions */,
			);
			buildRules = (
			);
			dependencies = (
				0444F5472CB00D590008A942 /* PBXTargetDependency */,
			);
			name = Justnotecc;
			productName = Justnotecc;
			productReference = 13B07F961A680F5B00A75B9A /* Justnotecc.app */;
			productType = "com.apple.product-type.application";
		};
/* End PBXNativeTarget section */

/* Begin PBXProject section */
		83CBB9F71A601CBA00E9B192 /* Project object */ = {
			isa = PBXProject;
			attributes = {
				LastSwiftUpdateCheck = 1600;
				LastUpgradeCheck = 1210;
				TargetAttributes = {
					00E356ED1AD99517003FC87E = {
						CreatedOnToolsVersion = 6.2;
						TestTargetID = 13B07F861A680F5B00A75B9A;
					};
					0444F53D2CB00D590008A942 = {
						CreatedOnToolsVersion = 16.0;
					};
					13B07F861A680F5B00A75B9A = {
						LastSwiftMigration = 1600;
					};
				};
			};
			buildConfigurationList = 83CBB9FA1A601CBA00E9B192 /* Build configuration list for PBXProject "Justnotecc" */;
			compatibilityVersion = "Xcode 12.0";
			developmentRegion = en;
			hasScannedForEncodings = 0;
			knownRegions = (
				en,
				Base,
			);
			mainGroup = 83CBB9F61A601CBA00E9B192;
			productRefGroup = 83CBBA001A601CBA00E9B192 /* Products */;
			projectDirPath = "";
			projectRoot = "";
			targets = (
				13B07F861A680F5B00A75B9A /* Justnotecc */,
				00E356ED1AD99517003FC87E /* JustnoteccTests */,
				0444F53D2CB00D590008A942 /* Save to Justnote */,
			);
		};
/* End PBXProject section */

/* Begin PBXResourcesBuildPhase section */
		00E356EC1AD99517003FC87E /* Resources */ = {
			isa = PBXResourcesBuildPhase;
			buildActionMask = 2147483647;
			files = (
			);
			runOnlyForDeploymentPostprocessing = 0;
		};
		0444F53C2CB00D590008A942 /* Resources */ = {
			isa = PBXResourcesBuildPhase;
			buildActionMask = 2147483647;
			files = (
				04738B6E2CB39BB20064541B /* Images.xcassets in Resources */,
				0444F54E2CB00D7A0008A942 /* PrivacyInfo.xcprivacy in Resources */,
				04738B572CB399C40064541B /* bigi.js in Resources */,
				04738B582CB399C40064541B /* bitcoinjs.js in Resources */,
				04738B592CB399C40064541B /* elliptic.js in Resources */,
				04738B5A2CB399C40064541B /* encryption.js in Resources */,
				04738B5C2CB399C40064541B /* jsontokens.js in Resources */,
				04738B722CB3D5890064541B /* Inter-Thin.otf in Resources */,
				04738B732CB3D5890064541B /* Inter-Light.otf in Resources */,
				04738B742CB3D5890064541B /* Inter-BoldItalic.otf in Resources */,
				04738B752CB3D5890064541B /* Inter-LightItalic.otf in Resources */,
				04738B762CB3D5890064541B /* Inter-ExtraLightItalic.otf in Resources */,
				04738B772CB3D5890064541B /* Inter-Italic.otf in Resources */,
				04738B782CB3D5890064541B /* Inter-SemiBold.otf in Resources */,
				04738B792CB3D5890064541B /* Inter-BlackItalic.otf in Resources */,
				04738B7A2CB3D5890064541B /* Inter-ExtraBoldItalic.otf in Resources */,
				04738B7B2CB3D5890064541B /* Inter-ExtraBold.otf in Resources */,
				04738B7C2CB3D5890064541B /* Inter-Bold.otf in Resources */,
				04738B7D2CB3D5890064541B /* Inter-Black.otf in Resources */,
				04738B7E2CB3D5890064541B /* Inter-ThinItalic.otf in Resources */,
				04738B7F2CB3D5890064541B /* Inter-Medium.otf in Resources */,
				04738B802CB3D5890064541B /* Inter-MediumItalic.otf in Resources */,
				04738B812CB3D5890064541B /* Inter-Regular.otf in Resources */,
				04738B822CB3D5890064541B /* Inter-SemiBoldItalic.otf in Resources */,
				04738B832CB3D5890064541B /* Inter-ExtraLight.otf in Resources */,
				04738B5D2CB399C40064541B /* keys.js in Resources */,
				04738B5E2CB399C40064541B /* MainInterface.storyboard in Resources */,
			);
			runOnlyForDeploymentPostprocessing = 0;
		};
		13B07F8E1A680F5B00A75B9A /* Resources */ = {
			isa = PBXResourcesBuildPhase;
			buildActionMask = 2147483647;
			files = (
				81AB9BB82411601600AC10FF /* LaunchScreen.storyboard in Resources */,
				04738B712CB3B4620064541B /* supporter.storekit in Resources */,
				13B07FBF1A68108700A75B9A /* Images.xcassets in Resources */,
				DFA55D5733E04412B13A33C3 /* Inter-Black.otf in Resources */,
				C21DBB6C7D5C4BC08F3D674A /* Inter-BlackItalic.otf in Resources */,
				0034E40CD3FE46AD8DB3CAEF /* Inter-Bold.otf in Resources */,
				DF714F57D08D4122A7D88B9F /* Inter-BoldItalic.otf in Resources */,
				3A050B8A4E5F4DEEAE4E29CA /* Inter-ExtraBold.otf in Resources */,
				EA84263D9D3E4738BBB505B8 /* Inter-ExtraBoldItalic.otf in Resources */,
				A008CCCE2BB84DEE9E28E95A /* Inter-ExtraLight.otf in Resources */,
				D5E04E5CDDC4493C8561AAB6 /* Inter-ExtraLightItalic.otf in Resources */,
				B5D454901A604D01B298B036 /* Inter-Italic.otf in Resources */,
				5F2E6310985643339DE191E5 /* Inter-Light.otf in Resources */,
				C68DF1E5C36B452294399F7F /* Inter-LightItalic.otf in Resources */,
				DE91F7E468164E4E8AC08E37 /* Inter-Medium.otf in Resources */,
				847FB29A3BC64C9CAFC6EB87 /* Inter-MediumItalic.otf in Resources */,
				0444F5392CB00CF70008A942 /* PrivacyInfo.xcprivacy in Resources */,
				D2EA21D2348F433D9C1FF592 /* Inter-Regular.otf in Resources */,
				111730121B3C4674BD110483 /* Inter-SemiBold.otf in Resources */,
				7A3FEC2249434C78A50FF36D /* Inter-SemiBoldItalic.otf in Resources */,
				54A18C9FC4B344EFB7C42F98 /* Inter-Thin.otf in Resources */,
				B4FA3E61AE1441C2BB82A98B /* Inter-ThinItalic.otf in Resources */,
			);
			runOnlyForDeploymentPostprocessing = 0;
		};
/* End PBXResourcesBuildPhase section */

/* Begin PBXShellScriptBuildPhase section */
		00DD1BFF1BD5951E006B06BC /* Bundle React Native code and images */ = {
			isa = PBXShellScriptBuildPhase;
			buildActionMask = 2147483647;
			files = (
			);
			inputPaths = (
				"$(SRCROOT)/.xcode.env.local",
				"$(SRCROOT)/.xcode.env",
			);
			name = "Bundle React Native code and images";
			outputPaths = (
			);
			runOnlyForDeploymentPostprocessing = 0;
			shellPath = /bin/sh;
			shellScript = "set -e\n\nWITH_ENVIRONMENT=\"$REACT_NATIVE_PATH/scripts/xcode/with-environment.sh\"\nREACT_NATIVE_XCODE=\"$REACT_NATIVE_PATH/scripts/react-native-xcode.sh\"\n\n/bin/sh -c \"$WITH_ENVIRONMENT $REACT_NATIVE_XCODE\"\n";
		};
		00EEFC60759A1932668264C0 /* [CP] Embed Pods Frameworks */ = {
			isa = PBXShellScriptBuildPhase;
			buildActionMask = 2147483647;
			files = (
			);
			inputFileListPaths = (
				"${PODS_ROOT}/Target Support Files/Pods-Justnotecc/Pods-Justnotecc-frameworks-${CONFIGURATION}-input-files.xcfilelist",
			);
			name = "[CP] Embed Pods Frameworks";
			outputFileListPaths = (
				"${PODS_ROOT}/Target Support Files/Pods-Justnotecc/Pods-Justnotecc-frameworks-${CONFIGURATION}-output-files.xcfilelist",
			);
			runOnlyForDeploymentPostprocessing = 0;
			shellPath = /bin/sh;
			shellScript = "\"${PODS_ROOT}/Target Support Files/Pods-Justnotecc/Pods-Justnotecc-frameworks.sh\"\n";
			showEnvVarsInLog = 0;
		};
		A55EABD7B0C7F3A422A6CC61 /* [CP] Check Pods Manifest.lock */ = {
			isa = PBXShellScriptBuildPhase;
			buildActionMask = 2147483647;
			files = (
			);
			inputFileListPaths = (
			);
			inputPaths = (
				"${PODS_PODFILE_DIR_PATH}/Podfile.lock",
				"${PODS_ROOT}/Manifest.lock",
			);
			name = "[CP] Check Pods Manifest.lock";
			outputFileListPaths = (
			);
			outputPaths = (
				"$(DERIVED_FILE_DIR)/Pods-Justnotecc-JustnoteccTests-checkManifestLockResult.txt",
			);
			runOnlyForDeploymentPostprocessing = 0;
			shellPath = /bin/sh;
			shellScript = "diff \"${PODS_PODFILE_DIR_PATH}/Podfile.lock\" \"${PODS_ROOT}/Manifest.lock\" > /dev/null\nif [ $? != 0 ] ; then\n    # print error to STDERR\n    echo \"error: The sandbox is not in sync with the Podfile.lock. Run 'pod install' or update your CocoaPods installation.\" >&2\n    exit 1\nfi\n# This output is used by Xcode 'outputs' to avoid re-running this script phase.\necho \"SUCCESS\" > \"${SCRIPT_OUTPUT_FILE_0}\"\n";
			showEnvVarsInLog = 0;
		};
		AE78609E7E6802744CCDB1F7 /* [CP] Check Pods Manifest.lock */ = {
			isa = PBXShellScriptBuildPhase;
			buildActionMask = 2147483647;
			files = (
			);
			inputFileListPaths = (
			);
			inputPaths = (
				"${PODS_PODFILE_DIR_PATH}/Podfile.lock",
				"${PODS_ROOT}/Manifest.lock",
			);
			name = "[CP] Check Pods Manifest.lock";
			outputFileListPaths = (
			);
			outputPaths = (
				"$(DERIVED_FILE_DIR)/Pods-Save to Justnote-checkManifestLockResult.txt",
			);
			runOnlyForDeploymentPostprocessing = 0;
			shellPath = /bin/sh;
			shellScript = "diff \"${PODS_PODFILE_DIR_PATH}/Podfile.lock\" \"${PODS_ROOT}/Manifest.lock\" > /dev/null\nif [ $? != 0 ] ; then\n    # print error to STDERR\n    echo \"error: The sandbox is not in sync with the Podfile.lock. Run 'pod install' or update your CocoaPods installation.\" >&2\n    exit 1\nfi\n# This output is used by Xcode 'outputs' to avoid re-running this script phase.\necho \"SUCCESS\" > \"${SCRIPT_OUTPUT_FILE_0}\"\n";
			showEnvVarsInLog = 0;
		};
		C38B50BA6285516D6DCD4F65 /* [CP] Check Pods Manifest.lock */ = {
			isa = PBXShellScriptBuildPhase;
			buildActionMask = 2147483647;
			files = (
			);
			inputFileListPaths = (
			);
			inputPaths = (
				"${PODS_PODFILE_DIR_PATH}/Podfile.lock",
				"${PODS_ROOT}/Manifest.lock",
			);
			name = "[CP] Check Pods Manifest.lock";
			outputFileListPaths = (
			);
			outputPaths = (
				"$(DERIVED_FILE_DIR)/Pods-Justnotecc-checkManifestLockResult.txt",
			);
			runOnlyForDeploymentPostprocessing = 0;
			shellPath = /bin/sh;
			shellScript = "diff \"${PODS_PODFILE_DIR_PATH}/Podfile.lock\" \"${PODS_ROOT}/Manifest.lock\" > /dev/null\nif [ $? != 0 ] ; then\n    # print error to STDERR\n    echo \"error: The sandbox is not in sync with the Podfile.lock. Run 'pod install' or update your CocoaPods installation.\" >&2\n    exit 1\nfi\n# This output is used by Xcode 'outputs' to avoid re-running this script phase.\necho \"SUCCESS\" > \"${SCRIPT_OUTPUT_FILE_0}\"\n";
			showEnvVarsInLog = 0;
		};
		C59DA0FBD6956966B86A3779 /* [CP] Embed Pods Frameworks */ = {
			isa = PBXShellScriptBuildPhase;
			buildActionMask = 2147483647;
			files = (
			);
			inputFileListPaths = (
				"${PODS_ROOT}/Target Support Files/Pods-Justnotecc-JustnoteccTests/Pods-Justnotecc-JustnoteccTests-frameworks-${CONFIGURATION}-input-files.xcfilelist",
			);
			name = "[CP] Embed Pods Frameworks";
			outputFileListPaths = (
				"${PODS_ROOT}/Target Support Files/Pods-Justnotecc-JustnoteccTests/Pods-Justnotecc-JustnoteccTests-frameworks-${CONFIGURATION}-output-files.xcfilelist",
			);
			runOnlyForDeploymentPostprocessing = 0;
			shellPath = /bin/sh;
			shellScript = "\"${PODS_ROOT}/Target Support Files/Pods-Justnotecc-JustnoteccTests/Pods-Justnotecc-JustnoteccTests-frameworks.sh\"\n";
			showEnvVarsInLog = 0;
		};
		E235C05ADACE081382539298 /* [CP] Copy Pods Resources */ = {
			isa = PBXShellScriptBuildPhase;
			buildActionMask = 2147483647;
			files = (
			);
			inputFileListPaths = (
				"${PODS_ROOT}/Target Support Files/Pods-Justnotecc/Pods-Justnotecc-resources-${CONFIGURATION}-input-files.xcfilelist",
			);
			name = "[CP] Copy Pods Resources";
			outputFileListPaths = (
				"${PODS_ROOT}/Target Support Files/Pods-Justnotecc/Pods-Justnotecc-resources-${CONFIGURATION}-output-files.xcfilelist",
			);
			runOnlyForDeploymentPostprocessing = 0;
			shellPath = /bin/sh;
			shellScript = "\"${PODS_ROOT}/Target Support Files/Pods-Justnotecc/Pods-Justnotecc-resources.sh\"\n";
			showEnvVarsInLog = 0;
		};
		F6A41C54EA430FDDC6A6ED99 /* [CP] Copy Pods Resources */ = {
			isa = PBXShellScriptBuildPhase;
			buildActionMask = 2147483647;
			files = (
			);
			inputFileListPaths = (
				"${PODS_ROOT}/Target Support Files/Pods-Justnotecc-JustnoteccTests/Pods-Justnotecc-JustnoteccTests-resources-${CONFIGURATION}-input-files.xcfilelist",
			);
			name = "[CP] Copy Pods Resources";
			outputFileListPaths = (
				"${PODS_ROOT}/Target Support Files/Pods-Justnotecc-JustnoteccTests/Pods-Justnotecc-JustnoteccTests-resources-${CONFIGURATION}-output-files.xcfilelist",
			);
			runOnlyForDeploymentPostprocessing = 0;
			shellPath = /bin/sh;
			shellScript = "\"${PODS_ROOT}/Target Support Files/Pods-Justnotecc-JustnoteccTests/Pods-Justnotecc-JustnoteccTests-resources.sh\"\n";
			showEnvVarsInLog = 0;
		};
/* End PBXShellScriptBuildPhase section */

/* Begin PBXSourcesBuildPhase section */
		00E356EA1AD99517003FC87E /* Sources */ = {
			isa = PBXSourcesBuildPhase;
			buildActionMask = 2147483647;
			files = (
				00E356F31AD99517003FC87E /* JustnoteccTests.m in Sources */,
			);
			runOnlyForDeploymentPostprocessing = 0;
		};
		0444F53A2CB00D590008A942 /* Sources */ = {
			isa = PBXSourcesBuildPhase;
			buildActionMask = 2147483647;
			files = (
				04738B5F2CB399C40064541B /* BigInt.swift in Sources */,
				04738B602CB399C40064541B /* BitcoinJS.swift in Sources */,
				04738B612CB399C40064541B /* Blockstack.swift in Sources */,
				04738B622CB399C40064541B /* Constants.swift in Sources */,
				04738B632CB399C40064541B /* DataTypes.swift in Sources */,
				04738B642CB399C40064541B /* EllipticJS.swift in Sources */,
				04738B652CB399C40064541B /* Encryption.swift in Sources */,
				04738B662CB399C40064541B /* EncryptionJS.swift in Sources */,
				04738B672CB399C40064541B /* Extensions.swift in Sources */,
				04738B682CB399C40064541B /* JSONTokensJS.swift in Sources */,
				04738B692CB399C40064541B /* Keys.swift in Sources */,
				04738B6A2CB399C40064541B /* KeysJS.swift in Sources */,
				04738B6B2CB399C40064541B /* ShareViewController.swift in Sources */,
			);
			runOnlyForDeploymentPostprocessing = 0;
		};
		13B07F871A680F5B00A75B9A /* Sources */ = {
			isa = PBXSourcesBuildPhase;
			buildActionMask = 2147483647;
			files = (
				13B07FBC1A68108700A75B9A /* AppDelegate.mm in Sources */,
				0444F5372CB00C980008A942 /* Dummy.swift in Sources */,
				13B07FC11A68108700A75B9A /* main.m in Sources */,
			);
			runOnlyForDeploymentPostprocessing = 0;
		};
/* End PBXSourcesBuildPhase section */

/* Begin PBXTargetDependency section */
		00E356F51AD99517003FC87E /* PBXTargetDependency */ = {
			isa = PBXTargetDependency;
			target = 13B07F861A680F5B00A75B9A /* Justnotecc */;
			targetProxy = 00E356F41AD99517003FC87E /* PBXContainerItemProxy */;
		};
		0444F5472CB00D590008A942 /* PBXTargetDependency */ = {
			isa = PBXTargetDependency;
			target = 0444F53D2CB00D590008A942 /* Save to Justnote */;
			targetProxy = 0444F5462CB00D590008A942 /* PBXContainerItemProxy */;
		};
/* End PBXTargetDependency section */

/* Begin PBXVariantGroup section */
		04738B522CB399C40064541B /* MainInterface.storyboard */ = {
			isa = PBXVariantGroup;
			children = (
				04738B512CB399C40064541B /* Base */,
			);
			name = MainInterface.storyboard;
			sourceTree = "<group>";
		};
/* End PBXVariantGroup section */

/* Begin XCBuildConfiguration section */
		00E356F61AD99517003FC87E /* Debug */ = {
			isa = XCBuildConfiguration;
			baseConfigurationReference = 5B7EB9410499542E8C5724F5 /* Pods-Justnotecc-JustnoteccTests.debug.xcconfig */;
			buildSettings = {
				BUNDLE_LOADER = "$(TEST_HOST)";
				GCC_PREPROCESSOR_DEFINITIONS = (
					"DEBUG=1",
					"$(inherited)",
				);
				INFOPLIST_FILE = JustnoteccTests/Info.plist;
				IPHONEOS_DEPLOYMENT_TARGET = 13.4;
				LD_RUNPATH_SEARCH_PATHS = (
					"$(inherited)",
					"@executable_path/Frameworks",
					"@loader_path/Frameworks",
				);
				OTHER_LDFLAGS = (
					"-ObjC",
					"-lc++",
					"$(inherited)",
				);
				PRODUCT_BUNDLE_IDENTIFIER = "org.reactjs.native.example.$(PRODUCT_NAME:rfc1034identifier)";
				PRODUCT_NAME = "$(TARGET_NAME)";
				TEST_HOST = "$(BUILT_PRODUCTS_DIR)/Justnotecc.app/Justnotecc";
			};
			name = Debug;
		};
		00E356F71AD99517003FC87E /* Release */ = {
			isa = XCBuildConfiguration;
			baseConfigurationReference = 89C6BE57DB24E9ADA2F236DE /* Pods-Justnotecc-JustnoteccTests.release.xcconfig */;
			buildSettings = {
				BUNDLE_LOADER = "$(TEST_HOST)";
				COPY_PHASE_STRIP = NO;
				INFOPLIST_FILE = JustnoteccTests/Info.plist;
				IPHONEOS_DEPLOYMENT_TARGET = 13.4;
				LD_RUNPATH_SEARCH_PATHS = (
					"$(inherited)",
					"@executable_path/Frameworks",
					"@loader_path/Frameworks",
				);
				OTHER_LDFLAGS = (
					"-ObjC",
					"-lc++",
					"$(inherited)",
				);
				PRODUCT_BUNDLE_IDENTIFIER = "org.reactjs.native.example.$(PRODUCT_NAME:rfc1034identifier)";
				PRODUCT_NAME = "$(TARGET_NAME)";
				TEST_HOST = "$(BUILT_PRODUCTS_DIR)/Justnotecc.app/Justnotecc";
			};
			name = Release;
		};
		0444F54B2CB00D590008A942 /* Debug */ = {
			isa = XCBuildConfiguration;
			baseConfigurationReference = 7A00F3EF8E48E2C8E3650233 /* Pods-Save to Justnote.debug.xcconfig */;
			buildSettings = {
				ASSETCATALOG_COMPILER_GENERATE_SWIFT_ASSET_SYMBOL_EXTENSIONS = YES;
				CLANG_ANALYZER_NONNULL = YES;
				CLANG_ANALYZER_NUMBER_OBJECT_CONVERSION = YES_AGGRESSIVE;
				CLANG_CXX_LANGUAGE_STANDARD = "gnu++20";
				CLANG_ENABLE_OBJC_WEAK = YES;
				CLANG_WARN_DOCUMENTATION_COMMENTS = YES;
				CLANG_WARN_UNGUARDED_AVAILABILITY = YES_AGGRESSIVE;
				CODE_SIGN_ENTITLEMENTS = "Save to Justnote/Save to Justnote.entitlements";
				CODE_SIGN_STYLE = Automatic;
				CURRENT_PROJECT_VERSION = 1;
				DEBUG_INFORMATION_FORMAT = dwarf;
				DEVELOPMENT_TEAM = DZ8XN7425J;
				ENABLE_USER_SCRIPT_SANDBOXING = YES;
				GCC_C_LANGUAGE_STANDARD = gnu17;
				GENERATE_INFOPLIST_FILE = YES;
				INFOPLIST_FILE = "Save to Justnote/Info.plist";
				INFOPLIST_KEY_CFBundleDisplayName = "Save to Justnote";
				INFOPLIST_KEY_NSHumanReadableCopyright = "";
				IPHONEOS_DEPLOYMENT_TARGET = 15.5;
				LD_RUNPATH_SEARCH_PATHS = (
					"$(inherited)",
					"@executable_path/Frameworks",
					"@executable_path/../../Frameworks",
				);
				LOCALIZATION_PREFERS_STRING_CATALOGS = YES;
				MARKETING_VERSION = 0.31.0;
				MTL_ENABLE_DEBUG_INFO = INCLUDE_SOURCE;
				MTL_FAST_MATH = YES;
				PRODUCT_BUNDLE_IDENTIFIER = "com.justnotecc.justnote.Save-to-Justnote";
				PRODUCT_NAME = "$(TARGET_NAME)";
				SKIP_INSTALL = YES;
				SWIFT_ACTIVE_COMPILATION_CONDITIONS = "DEBUG $(inherited)";
				SWIFT_EMIT_LOC_STRINGS = YES;
				SWIFT_OPTIMIZATION_LEVEL = "-Onone";
				SWIFT_VERSION = 5.0;
				TARGETED_DEVICE_FAMILY = "1,2";
			};
			name = Debug;
		};
		0444F54C2CB00D590008A942 /* Release */ = {
			isa = XCBuildConfiguration;
			baseConfigurationReference = 21471CD010109880688E9598 /* Pods-Save to Justnote.release.xcconfig */;
			buildSettings = {
				ASSETCATALOG_COMPILER_GENERATE_SWIFT_ASSET_SYMBOL_EXTENSIONS = YES;
				CLANG_ANALYZER_NONNULL = YES;
				CLANG_ANALYZER_NUMBER_OBJECT_CONVERSION = YES_AGGRESSIVE;
				CLANG_CXX_LANGUAGE_STANDARD = "gnu++20";
				CLANG_ENABLE_OBJC_WEAK = YES;
				CLANG_WARN_DOCUMENTATION_COMMENTS = YES;
				CLANG_WARN_UNGUARDED_AVAILABILITY = YES_AGGRESSIVE;
				CODE_SIGN_ENTITLEMENTS = "Save to Justnote/Save to Justnote.entitlements";
				CODE_SIGN_STYLE = Automatic;
				COPY_PHASE_STRIP = NO;
				CURRENT_PROJECT_VERSION = 1;
				DEBUG_INFORMATION_FORMAT = "dwarf-with-dsym";
				DEVELOPMENT_TEAM = DZ8XN7425J;
				ENABLE_USER_SCRIPT_SANDBOXING = YES;
				GCC_C_LANGUAGE_STANDARD = gnu17;
				GENERATE_INFOPLIST_FILE = YES;
				INFOPLIST_FILE = "Save to Justnote/Info.plist";
				INFOPLIST_KEY_CFBundleDisplayName = "Save to Justnote";
				INFOPLIST_KEY_NSHumanReadableCopyright = "";
				IPHONEOS_DEPLOYMENT_TARGET = 15.5;
				LD_RUNPATH_SEARCH_PATHS = (
					"$(inherited)",
					"@executable_path/Frameworks",
					"@executable_path/../../Frameworks",
				);
				LOCALIZATION_PREFERS_STRING_CATALOGS = YES;
				MARKETING_VERSION = 0.31.0;
				MTL_FAST_MATH = YES;
				PRODUCT_BUNDLE_IDENTIFIER = "com.justnotecc.justnote.Save-to-Justnote";
				PRODUCT_NAME = "$(TARGET_NAME)";
				SKIP_INSTALL = YES;
				SWIFT_COMPILATION_MODE = wholemodule;
				SWIFT_EMIT_LOC_STRINGS = YES;
				SWIFT_VERSION = 5.0;
				TARGETED_DEVICE_FAMILY = "1,2";
			};
			name = Release;
		};
		13B07F941A680F5B00A75B9A /* Debug */ = {
			isa = XCBuildConfiguration;
			baseConfigurationReference = 3B4392A12AC88292D35C810B /* Pods-Justnotecc.debug.xcconfig */;
			buildSettings = {
				ASSETCATALOG_COMPILER_APPICON_NAME = AppIcon;
				CLANG_ENABLE_MODULES = YES;
				CODE_SIGN_ENTITLEMENTS = Justnotecc/Justnotecc.entitlements;
				CURRENT_PROJECT_VERSION = 1;
				DEVELOPMENT_TEAM = DZ8XN7425J;
				ENABLE_BITCODE = NO;
				INFOPLIST_FILE = Justnotecc/Info.plist;
				INFOPLIST_KEY_LSApplicationCategoryType = "public.app-category.productivity";
				IPHONEOS_DEPLOYMENT_TARGET = 15.5;
				LD_RUNPATH_SEARCH_PATHS = (
					"$(inherited)",
					"@executable_path/Frameworks",
				);
				MARKETING_VERSION = 0.31.0;
				OTHER_LDFLAGS = (
					"$(inherited)",
					"-ObjC",
					"-lc++",
				);
				PRODUCT_BUNDLE_IDENTIFIER = com.justnotecc.justnote;
				PRODUCT_NAME = Justnotecc;
				SUPPORTED_PLATFORMS = "iphoneos iphonesimulator";
				SUPPORTS_MACCATALYST = NO;
				SWIFT_OBJC_BRIDGING_HEADER = "Justnotecc-Bridging-Header.h";
				SWIFT_OPTIMIZATION_LEVEL = "-Onone";
				SWIFT_VERSION = 5.0;
				TARGETED_DEVICE_FAMILY = "1,2";
				VERSIONING_SYSTEM = "apple-generic";
			};
			name = Debug;
		};
		13B07F951A680F5B00A75B9A /* Release */ = {
			isa = XCBuildConfiguration;
			baseConfigurationReference = 5709B34CF0A7D63546082F79 /* Pods-Justnotecc.release.xcconfig */;
			buildSettings = {
				ASSETCATALOG_COMPILER_APPICON_NAME = AppIcon;
				CLANG_ENABLE_MODULES = YES;
				CODE_SIGN_ENTITLEMENTS = Justnotecc/Justnotecc.entitlements;
				CURRENT_PROJECT_VERSION = 1;
				DEVELOPMENT_TEAM = DZ8XN7425J;
				INFOPLIST_FILE = Justnotecc/Info.plist;
				INFOPLIST_KEY_LSApplicationCategoryType = "public.app-category.productivity";
				IPHONEOS_DEPLOYMENT_TARGET = 15.5;
				LD_RUNPATH_SEARCH_PATHS = (
					"$(inherited)",
					"@executable_path/Frameworks",
				);
				MARKETING_VERSION = 0.31.0;
				OTHER_LDFLAGS = (
					"$(inherited)",
					"-ObjC",
					"-lc++",
				);
				PRODUCT_BUNDLE_IDENTIFIER = com.justnotecc.justnote;
				PRODUCT_NAME = Justnotecc;
				SUPPORTED_PLATFORMS = "iphoneos iphonesimulator";
				SUPPORTS_MACCATALYST = NO;
				SWIFT_OBJC_BRIDGING_HEADER = "Justnotecc-Bridging-Header.h";
				SWIFT_VERSION = 5.0;
				TARGETED_DEVICE_FAMILY = "1,2";
				VERSIONING_SYSTEM = "apple-generic";
			};
			name = Release;
		};
		83CBBA201A601CBA00E9B192 /* Debug */ = {
			isa = XCBuildConfiguration;
			buildSettings = {
				ALWAYS_SEARCH_USER_PATHS = NO;
				CC = "";
				CLANG_ANALYZER_LOCALIZABILITY_NONLOCALIZED = YES;
				CLANG_CXX_LANGUAGE_STANDARD = "c++20";
				CLANG_CXX_LIBRARY = "libc++";
				CLANG_ENABLE_MODULES = YES;
				CLANG_ENABLE_OBJC_ARC = YES;
				CLANG_WARN_BLOCK_CAPTURE_AUTORELEASING = YES;
				CLANG_WARN_BOOL_CONVERSION = YES;
				CLANG_WARN_COMMA = YES;
				CLANG_WARN_CONSTANT_CONVERSION = YES;
				CLANG_WARN_DEPRECATED_OBJC_IMPLEMENTATIONS = YES;
				CLANG_WARN_DIRECT_OBJC_ISA_USAGE = YES_ERROR;
				CLANG_WARN_EMPTY_BODY = YES;
				CLANG_WARN_ENUM_CONVERSION = YES;
				CLANG_WARN_INFINITE_RECURSION = YES;
				CLANG_WARN_INT_CONVERSION = YES;
				CLANG_WARN_NON_LITERAL_NULL_CONVERSION = YES;
				CLANG_WARN_OBJC_IMPLICIT_RETAIN_SELF = YES;
				CLANG_WARN_OBJC_LITERAL_CONVERSION = YES;
				CLANG_WARN_OBJC_ROOT_CLASS = YES_ERROR;
				CLANG_WARN_QUOTED_INCLUDE_IN_FRAMEWORK_HEADER = YES;
				CLANG_WARN_RANGE_LOOP_ANALYSIS = YES;
				CLANG_WARN_STRICT_PROTOTYPES = YES;
				CLANG_WARN_SUSPICIOUS_MOVE = YES;
				CLANG_WARN_UNREACHABLE_CODE = YES;
				CLANG_WARN__DUPLICATE_METHOD_MATCH = YES;
				"CODE_SIGN_IDENTITY[sdk=iphoneos*]" = "iPhone Developer";
				COPY_PHASE_STRIP = NO;
				CXX = "";
				ENABLE_STRICT_OBJC_MSGSEND = YES;
				ENABLE_TESTABILITY = YES;
				"EXCLUDED_ARCHS[sdk=iphonesimulator*]" = "";
				GCC_C_LANGUAGE_STANDARD = gnu99;
				GCC_DYNAMIC_NO_PIC = NO;
				GCC_NO_COMMON_BLOCKS = YES;
				GCC_OPTIMIZATION_LEVEL = 0;
				GCC_PREPROCESSOR_DEFINITIONS = (
					"DEBUG=1",
					"$(inherited)",
				);
				GCC_SYMBOLS_PRIVATE_EXTERN = NO;
				GCC_WARN_64_TO_32_BIT_CONVERSION = YES;
				GCC_WARN_ABOUT_RETURN_TYPE = YES_ERROR;
				GCC_WARN_UNDECLARED_SELECTOR = YES;
				GCC_WARN_UNINITIALIZED_AUTOS = YES_AGGRESSIVE;
				GCC_WARN_UNUSED_FUNCTION = YES;
				GCC_WARN_UNUSED_VARIABLE = YES;
				IPHONEOS_DEPLOYMENT_TARGET = 13.4;
				LD = "";
				LDPLUSPLUS = "";
				LD_RUNPATH_SEARCH_PATHS = (
					/usr/lib/swift,
					"$(inherited)",
				);
				LIBRARY_SEARCH_PATHS = (
					"\"$(SDKROOT)/usr/lib/swift\"",
					"\"$(TOOLCHAIN_DIR)/usr/lib/swift/$(PLATFORM_NAME)\"",
					"\"$(inherited)\"",
				);
				MTL_ENABLE_DEBUG_INFO = YES;
				ONLY_ACTIVE_ARCH = YES;
				OTHER_CPLUSPLUSFLAGS = (
					"$(OTHER_CFLAGS)",
					"-DFOLLY_NO_CONFIG",
					"-DFOLLY_MOBILE=1",
					"-DFOLLY_USE_LIBCPP=1",
					"-DFOLLY_CFG_NO_COROUTINES=1",
					"-DFOLLY_HAVE_CLOCK_GETTIME=1",
				);
				OTHER_LDFLAGS = "$(inherited)  ";
				REACT_NATIVE_PATH = "${PODS_ROOT}/../../node_modules/react-native";
				SDKROOT = iphoneos;
				SWIFT_ACTIVE_COMPILATION_CONDITIONS = "$(inherited) DEBUG";
				USE_HERMES = true;
			};
			name = Debug;
		};
		83CBBA211A601CBA00E9B192 /* Release */ = {
			isa = XCBuildConfiguration;
			buildSettings = {
				ALWAYS_SEARCH_USER_PATHS = NO;
				CC = "";
				CLANG_ANALYZER_LOCALIZABILITY_NONLOCALIZED = YES;
				CLANG_CXX_LANGUAGE_STANDARD = "c++20";
				CLANG_CXX_LIBRARY = "libc++";
				CLANG_ENABLE_MODULES = YES;
				CLANG_ENABLE_OBJC_ARC = YES;
				CLANG_WARN_BLOCK_CAPTURE_AUTORELEASING = YES;
				CLANG_WARN_BOOL_CONVERSION = YES;
				CLANG_WARN_COMMA = YES;
				CLANG_WARN_CONSTANT_CONVERSION = YES;
				CLANG_WARN_DEPRECATED_OBJC_IMPLEMENTATIONS = YES;
				CLANG_WARN_DIRECT_OBJC_ISA_USAGE = YES_ERROR;
				CLANG_WARN_EMPTY_BODY = YES;
				CLANG_WARN_ENUM_CONVERSION = YES;
				CLANG_WARN_INFINITE_RECURSION = YES;
				CLANG_WARN_INT_CONVERSION = YES;
				CLANG_WARN_NON_LITERAL_NULL_CONVERSION = YES;
				CLANG_WARN_OBJC_IMPLICIT_RETAIN_SELF = YES;
				CLANG_WARN_OBJC_LITERAL_CONVERSION = YES;
				CLANG_WARN_OBJC_ROOT_CLASS = YES_ERROR;
				CLANG_WARN_QUOTED_INCLUDE_IN_FRAMEWORK_HEADER = YES;
				CLANG_WARN_RANGE_LOOP_ANALYSIS = YES;
				CLANG_WARN_STRICT_PROTOTYPES = YES;
				CLANG_WARN_SUSPICIOUS_MOVE = YES;
				CLANG_WARN_UNREACHABLE_CODE = YES;
				CLANG_WARN__DUPLICATE_METHOD_MATCH = YES;
				"CODE_SIGN_IDENTITY[sdk=iphoneos*]" = "iPhone Developer";
				COPY_PHASE_STRIP = YES;
				CXX = "";
				ENABLE_NS_ASSERTIONS = NO;
				ENABLE_STRICT_OBJC_MSGSEND = YES;
				"EXCLUDED_ARCHS[sdk=iphonesimulator*]" = "";
				GCC_C_LANGUAGE_STANDARD = gnu99;
				GCC_NO_COMMON_BLOCKS = YES;
				GCC_WARN_64_TO_32_BIT_CONVERSION = YES;
				GCC_WARN_ABOUT_RETURN_TYPE = YES_ERROR;
				GCC_WARN_UNDECLARED_SELECTOR = YES;
				GCC_WARN_UNINITIALIZED_AUTOS = YES_AGGRESSIVE;
				GCC_WARN_UNUSED_FUNCTION = YES;
				GCC_WARN_UNUSED_VARIABLE = YES;
				IPHONEOS_DEPLOYMENT_TARGET = 13.4;
				LD = "";
				LDPLUSPLUS = "";
				LD_RUNPATH_SEARCH_PATHS = (
					/usr/lib/swift,
					"$(inherited)",
				);
				LIBRARY_SEARCH_PATHS = (
					"\"$(SDKROOT)/usr/lib/swift\"",
					"\"$(TOOLCHAIN_DIR)/usr/lib/swift/$(PLATFORM_NAME)\"",
					"\"$(inherited)\"",
				);
				MTL_ENABLE_DEBUG_INFO = NO;
				OTHER_CPLUSPLUSFLAGS = (
					"$(OTHER_CFLAGS)",
					"-DFOLLY_NO_CONFIG",
					"-DFOLLY_MOBILE=1",
					"-DFOLLY_USE_LIBCPP=1",
					"-DFOLLY_CFG_NO_COROUTINES=1",
					"-DFOLLY_HAVE_CLOCK_GETTIME=1",
				);
				OTHER_LDFLAGS = "$(inherited)  ";
				REACT_NATIVE_PATH = "${PODS_ROOT}/../../node_modules/react-native";
				SDKROOT = iphoneos;
				USE_HERMES = true;
				VALIDATE_PRODUCT = YES;
			};
			name = Release;
		};
/* End XCBuildConfiguration section */

/* Begin XCConfigurationList section */
		00E357021AD99517003FC87E /* Build configuration list for PBXNativeTarget "JustnoteccTests" */ = {
			isa = XCConfigurationList;
			buildConfigurations = (
				00E356F61AD99517003FC87E /* Debug */,
				00E356F71AD99517003FC87E /* Release */,
			);
			defaultConfigurationIsVisible = 0;
			defaultConfigurationName = Release;
		};
		0444F54A2CB00D590008A942 /* Build configuration list for PBXNativeTarget "Save to Justnote" */ = {
			isa = XCConfigurationList;
			buildConfigurations = (
				0444F54B2CB00D590008A942 /* Debug */,
				0444F54C2CB00D590008A942 /* Release */,
			);
			defaultConfigurationIsVisible = 0;
			defaultConfigurationName = Release;
		};
		13B07F931A680F5B00A75B9A /* Build configuration list for PBXNativeTarget "Justnotecc" */ = {
			isa = XCConfigurationList;
			buildConfigurations = (
				13B07F941A680F5B00A75B9A /* Debug */,
				13B07F951A680F5B00A75B9A /* Release */,
			);
			defaultConfigurationIsVisible = 0;
			defaultConfigurationName = Release;
		};
		83CBB9FA1A601CBA00E9B192 /* Build configuration list for PBXProject "Justnotecc" */ = {
			isa = XCConfigurationList;
			buildConfigurations = (
				83CBBA201A601CBA00E9B192 /* Debug */,
				83CBBA211A601CBA00E9B192 /* Release */,
			);
			defaultConfigurationIsVisible = 0;
			defaultConfigurationName = Release;
		};
/* End XCConfigurationList section */
	};
	rootObject = 83CBB9F71A601CBA00E9B192 /* Project object */;
}
