{
  "name": "func",
  "version": "0.0.0",
  "lockfileVersion": 3,
  "requires": true,
  "packages": {
    "": {
      "name": "func",
      "version": "0.0.0",
      "devDependencies": {
        "@types/aws-cloudfront-function": "^1.0.5"
      }
    },
    "node_modules/@types/aws-cloudfront-function": {
      "version": "1.0.6",
      "resolved": "https://registry.npmjs.org/@types/aws-cloudfront-function/-/aws-cloudfront-function-1.0.6.tgz",
      "integrity": "sha512-L2oMz8N+BYgOHACSc4RsqXd0NTszeS9BYwwhYG7CFnVL9XX8D2DYIzSS/30as0E8puPzwhNg4uoo2KU0+wfCWw==",
      "dev": true,
      "license": "MIT"
    }
  }
}
